
Microsoft Visual Studio Solution File, Format Version 12.00
# Visual Studio 2012
Project("{2150E333-8FDC-42A3-9474-1A3956D46DE8}") = "Plugins", "Plugins", "{CEFDE603-6CC3-4506-ADED-88AD1325A088}"
EndProject
Project("{2150E333-8FDC-42A3-9474-1A3956D46DE8}") = "Rest", "Rest", "{71B37A9A-3C9B-4F4D-917F-99AF105A1EC0}"
EndProject
Project("{FAE04EC0-301F-11D3-BF4B-00C04F79EFBC}") = "MvvmCrossUtilities.Plugins.Rest", "Plugins\Rest\MvvmCrossUtilities.Plugins.Rest\MvvmCrossUtilities.Plugins.Rest.csproj", "{CB330EF1-A43A-4626-9B96-21A8BEC63D6A}"
EndProject
Project("{FAE04EC0-301F-11D3-BF4B-00C04F79EFBC}") = "MvvmCrossUtilities.Plugins.Rest.Droid", "Plugins\Rest\MvvmCrossUtilities.Plugins.Rest.Droid\MvvmCrossUtilities.Plugins.Rest.Droid.csproj", "{4E78FF50-22D5-4FF5-8484-763738A26DC6}"
EndProject
Project("{FAE04EC0-301F-11D3-BF4B-00C04F79EFBC}") = "MvvmCrossUtilities.Plugins.Rest.Touch", "Plugins\Rest\MvvmCrossUtilities.Plugins.Rest.Touch\MvvmCrossUtilities.Plugins.Rest.Touch.csproj", "{A982F528-17D8-4ACD-8685-23E416D65C8E}"
EndProject
Project("{FAE04EC0-301F-11D3-BF4B-00C04F79EFBC}") = "MvvmCrossUtilities.Plugins.Rest.WindowsPhone", "Plugins\Rest\MvvmCrossUtilities.Plugins.Rest.WindowsPhone\MvvmCrossUtilities.Plugins.Rest.WindowsPhone.csproj", "{FC3008D3-456A-428B-91BE-729F0A538AF7}"
EndProject
Project("{2150E333-8FDC-42A3-9474-1A3956D46DE8}") = "ThirdParty", "ThirdParty", "{5433AA07-89FA-4305-8FE3-EE519BEB04BF}"
EndProject
Project("{2150E333-8FDC-42A3-9474-1A3956D46DE8}") = "NLog", "NLog", "{D0741119-9120-4C19-86C1-2FE9596FD411}"
EndProject
Project("{FAE04EC0-301F-11D3-BF4B-00C04F79EFBC}") = "NLog.Droid", "ThirdParty\NLog\NLog.Droid\NLog.Droid.csproj", "{B261A65B-E9E2-48E0-9527-350AE7A7C127}"
EndProject
Project("{2150E333-8FDC-42A3-9474-1A3956D46DE8}") = "Samples", "Samples", "{DC87D36C-D045-492F-B6D3-D1EA733E5F82}"
EndProject
Project("{2150E333-8FDC-42A3-9474-1A3956D46DE8}") = "AllAround", "AllAround", "{5EC8B9FE-E430-4E37-97C1-B2E17983D885}"
EndProject
Project("{FAE04EC0-301F-11D3-BF4B-00C04F79EFBC}") = "MvvmCrossUtilities.Samples.AllAround.Droid", "Samples\AllAround\MvvmCrossUtilities.Samples.AllAround.Droid\MvvmCrossUtilities.Samples.AllAround.Droid.csproj", "{C8DECC40-4079-4B79-BA6D-D42A6BFAE00C}"
EndProject
Project("{FAE04EC0-301F-11D3-BF4B-00C04F79EFBC}") = "MvvmCrossUtilities.Samples.AllAround.Core", "Samples\AllAround\MvvmCrossUtilities.Samples.AllAround.Core\MvvmCrossUtilities.Samples.AllAround.Core.csproj", "{F24089DE-30F2-456B-89AF-E8316D37B5C7}"
EndProject
Project("{2150E333-8FDC-42A3-9474-1A3956D46DE8}") = "ProjectLibraries", "ProjectLibraries", "{22CB7616-1FFB-47E8-999C-15B6123114E3}"
EndProject
Project("{FAE04EC0-301F-11D3-BF4B-00C04F79EFBC}") = "MvvmCrossUtilities.Libraries.Portable", "ProjectLibraries\MvvmCrossUtilities.Libraries.Portable\MvvmCrossUtilities.Libraries.Portable.csproj", "{BF7D3A63-CBCA-4283-BBC2-01B2D97E3A6E}"
EndProject
Project("{2150E333-8FDC-42A3-9474-1A3956D46DE8}") = "Storage", "Storage", "{5787EEB3-B2C9-48C3-A6DA-40031FC7AC39}"
EndProject
Project("{FAE04EC0-301F-11D3-BF4B-00C04F79EFBC}") = "MvvmCrossUtilities.Plugins.Storage", "Plugins\Storage\MvvmCrossUtilities.Plugins.Storage\MvvmCrossUtilities.Plugins.Storage.csproj", "{E4226E5B-ACC4-4CDF-A31D-7C403C21280F}"
EndProject
Project("{FAE04EC0-301F-11D3-BF4B-00C04F79EFBC}") = "MvvmCrossUtilities.Plugins.Storage.Droid", "Plugins\Storage\MvvmCrossUtilities.Plugins.Storage.Droid\MvvmCrossUtilities.Plugins.Storage.Droid.csproj", "{1233042A-2456-4636-B4F4-14F4E5963CAE}"
EndProject
Project("{2150E333-8FDC-42A3-9474-1A3956D46DE8}") = "Notification", "Notification", "{F3F357BD-C546-4659-9EF0-E2A655C7CF3F}"
EndProject
Project("{FAE04EC0-301F-11D3-BF4B-00C04F79EFBC}") = "MvvmCrossUtilities.Plugins.Notification", "Plugins\Notification\MvvmCrossUtilities.Plugins.Notification\MvvmCrossUtilities.Plugins.Notification.csproj", "{5986D2AE-6250-4B51-B3D4-5649A85F5631}"
EndProject
Project("{2150E333-8FDC-42A3-9474-1A3956D46DE8}") = "Device", "Device", "{A8DF10D6-43EE-4BE8-92A8-1C33BBEAA406}"
EndProject
Project("{FAE04EC0-301F-11D3-BF4B-00C04F79EFBC}") = "MvvmCrossUtilities.Libraries.Droid", "ProjectLibraries\MvvmCrossUtilities.Libraries.Droid\MvvmCrossUtilities.Libraries.Droid.csproj", "{DF915498-CF1E-48C4-A757-634EBF506AEB}"
EndProject
Project("{FAE04EC0-301F-11D3-BF4B-00C04F79EFBC}") = "MvvmCrossUtilities.Plugins.Device", "Plugins\Device\MvvmCrossUtilities.Plugins.Device\MvvmCrossUtilities.Plugins.Device.csproj", "{E76D06C8-F243-488C-9273-E0C159D3D21A}"
EndProject
Project("{FAE04EC0-301F-11D3-BF4B-00C04F79EFBC}") = "MvvmCrossUtilities.Plugins.Device.Droid", "Plugins\Device\MvvmCrossUtilities.Plugins.Device.Droid\MvvmCrossUtilities.Plugins.Device.Droid.csproj", "{F129BA15-6C52-4503-96CA-E4CCD50F8516}"
EndProject
Project("{FAE04EC0-301F-11D3-BF4B-00C04F79EFBC}") = "RestSharp.MonoDroid", "..\RestSharp\RestSharp.MonoDroid\RestSharp.MonoDroid.csproj", "{1B662C38-984F-4B6A-89B5-AFF7FCBE43A2}"
EndProject
Project("{2150E333-8FDC-42A3-9474-1A3956D46DE8}") = "Logger", "Logger", "{84652856-F9D1-4128-8215-3F0A536DD4E3}"
EndProject
Project("{FAE04EC0-301F-11D3-BF4B-00C04F79EFBC}") = "MvvmCrossUtilities.Plugins.Logger", "Plugins\Logger\MvvmCrossUtilities.Plugins.Logger\MvvmCrossUtilities.Plugins.Logger.csproj", "{5D08E3EE-4B34-457E-BECF-55362A4DAE42}"
EndProject
Project("{FAE04EC0-301F-11D3-BF4B-00C04F79EFBC}") = "MvvmCrossUtilities.Plugins.Logger.Droid", "Plugins\Logger\MvvmCrossUtilities.Plugins.Logger.Droid\MvvmCrossUtilities.Plugins.Logger.Droid.csproj", "{3FFA069C-A791-4C34-A964-33566F2ECF82}"
EndProject
Global
	GlobalSection(SolutionConfigurationPlatforms) = preSolution
		Ad-Hoc|Any CPU = Ad-Hoc|Any CPU
		Ad-Hoc|ARM = Ad-Hoc|ARM
		Ad-Hoc|iPhone = Ad-Hoc|iPhone
		Ad-Hoc|iPhoneSimulator = Ad-Hoc|iPhoneSimulator
		Ad-Hoc|Mixed Platforms = Ad-Hoc|Mixed Platforms
		Ad-Hoc|x86 = Ad-Hoc|x86
		AppStore|Any CPU = AppStore|Any CPU
		AppStore|ARM = AppStore|ARM
		AppStore|iPhone = AppStore|iPhone
		AppStore|iPhoneSimulator = AppStore|iPhoneSimulator
		AppStore|Mixed Platforms = AppStore|Mixed Platforms
		AppStore|x86 = AppStore|x86
		Debug|Any CPU = Debug|Any CPU
		Debug|ARM = Debug|ARM
		Debug|iPhone = Debug|iPhone
		Debug|iPhoneSimulator = Debug|iPhoneSimulator
		Debug|Mixed Platforms = Debug|Mixed Platforms
		Debug|x86 = Debug|x86
		Release|Any CPU = Release|Any CPU
		Release|ARM = Release|ARM
		Release|iPhone = Release|iPhone
		Release|iPhoneSimulator = Release|iPhoneSimulator
		Release|Mixed Platforms = Release|Mixed Platforms
		Release|x86 = Release|x86
	EndGlobalSection
	GlobalSection(ProjectConfigurationPlatforms) = postSolution
		{CB330EF1-A43A-4626-9B96-21A8BEC63D6A}.Ad-Hoc|Any CPU.ActiveCfg = Release|Any CPU
		{CB330EF1-A43A-4626-9B96-21A8BEC63D6A}.Ad-Hoc|Any CPU.Build.0 = Release|Any CPU
		{CB330EF1-A43A-4626-9B96-21A8BEC63D6A}.Ad-Hoc|ARM.ActiveCfg = Release|Any CPU
		{CB330EF1-A43A-4626-9B96-21A8BEC63D6A}.Ad-Hoc|iPhone.ActiveCfg = Release|Any CPU
		{CB330EF1-A43A-4626-9B96-21A8BEC63D6A}.Ad-Hoc|iPhoneSimulator.ActiveCfg = Release|Any CPU
		{CB330EF1-A43A-4626-9B96-21A8BEC63D6A}.Ad-Hoc|Mixed Platforms.ActiveCfg = Release|Any CPU
		{CB330EF1-A43A-4626-9B96-21A8BEC63D6A}.Ad-Hoc|Mixed Platforms.Build.0 = Release|Any CPU
		{CB330EF1-A43A-4626-9B96-21A8BEC63D6A}.Ad-Hoc|x86.ActiveCfg = Release|Any CPU
		{CB330EF1-A43A-4626-9B96-21A8BEC63D6A}.AppStore|Any CPU.ActiveCfg = Release|Any CPU
		{CB330EF1-A43A-4626-9B96-21A8BEC63D6A}.AppStore|Any CPU.Build.0 = Release|Any CPU
		{CB330EF1-A43A-4626-9B96-21A8BEC63D6A}.AppStore|ARM.ActiveCfg = Release|Any CPU
		{CB330EF1-A43A-4626-9B96-21A8BEC63D6A}.AppStore|iPhone.ActiveCfg = Release|Any CPU
		{CB330EF1-A43A-4626-9B96-21A8BEC63D6A}.AppStore|iPhoneSimulator.ActiveCfg = Release|Any CPU
		{CB330EF1-A43A-4626-9B96-21A8BEC63D6A}.AppStore|Mixed Platforms.ActiveCfg = Release|Any CPU
		{CB330EF1-A43A-4626-9B96-21A8BEC63D6A}.AppStore|Mixed Platforms.Build.0 = Release|Any CPU
		{CB330EF1-A43A-4626-9B96-21A8BEC63D6A}.AppStore|x86.ActiveCfg = Release|Any CPU
		{CB330EF1-A43A-4626-9B96-21A8BEC63D6A}.Debug|Any CPU.ActiveCfg = Debug|Any CPU
		{CB330EF1-A43A-4626-9B96-21A8BEC63D6A}.Debug|Any CPU.Build.0 = Debug|Any CPU
		{CB330EF1-A43A-4626-9B96-21A8BEC63D6A}.Debug|ARM.ActiveCfg = Debug|Any CPU
		{CB330EF1-A43A-4626-9B96-21A8BEC63D6A}.Debug|iPhone.ActiveCfg = Debug|Any CPU
		{CB330EF1-A43A-4626-9B96-21A8BEC63D6A}.Debug|iPhoneSimulator.ActiveCfg = Debug|Any CPU
		{CB330EF1-A43A-4626-9B96-21A8BEC63D6A}.Debug|Mixed Platforms.ActiveCfg = Debug|Any CPU
		{CB330EF1-A43A-4626-9B96-21A8BEC63D6A}.Debug|Mixed Platforms.Build.0 = Debug|Any CPU
		{CB330EF1-A43A-4626-9B96-21A8BEC63D6A}.Debug|x86.ActiveCfg = Debug|Any CPU
		{CB330EF1-A43A-4626-9B96-21A8BEC63D6A}.Release|Any CPU.ActiveCfg = Release|Any CPU
		{CB330EF1-A43A-4626-9B96-21A8BEC63D6A}.Release|Any CPU.Build.0 = Release|Any CPU
		{CB330EF1-A43A-4626-9B96-21A8BEC63D6A}.Release|ARM.ActiveCfg = Release|Any CPU
		{CB330EF1-A43A-4626-9B96-21A8BEC63D6A}.Release|iPhone.ActiveCfg = Release|Any CPU
		{CB330EF1-A43A-4626-9B96-21A8BEC63D6A}.Release|iPhoneSimulator.ActiveCfg = Release|Any CPU
		{CB330EF1-A43A-4626-9B96-21A8BEC63D6A}.Release|Mixed Platforms.ActiveCfg = Release|Any CPU
		{CB330EF1-A43A-4626-9B96-21A8BEC63D6A}.Release|Mixed Platforms.Build.0 = Release|Any CPU
		{CB330EF1-A43A-4626-9B96-21A8BEC63D6A}.Release|x86.ActiveCfg = Release|Any CPU
		{4E78FF50-22D5-4FF5-8484-763738A26DC6}.Ad-Hoc|Any CPU.ActiveCfg = Release|Any CPU
		{4E78FF50-22D5-4FF5-8484-763738A26DC6}.Ad-Hoc|Any CPU.Build.0 = Release|Any CPU
		{4E78FF50-22D5-4FF5-8484-763738A26DC6}.Ad-Hoc|ARM.ActiveCfg = Release|Any CPU
		{4E78FF50-22D5-4FF5-8484-763738A26DC6}.Ad-Hoc|iPhone.ActiveCfg = Release|Any CPU
		{4E78FF50-22D5-4FF5-8484-763738A26DC6}.Ad-Hoc|iPhoneSimulator.ActiveCfg = Release|Any CPU
		{4E78FF50-22D5-4FF5-8484-763738A26DC6}.Ad-Hoc|Mixed Platforms.ActiveCfg = Release|Any CPU
		{4E78FF50-22D5-4FF5-8484-763738A26DC6}.Ad-Hoc|Mixed Platforms.Build.0 = Release|Any CPU
		{4E78FF50-22D5-4FF5-8484-763738A26DC6}.Ad-Hoc|x86.ActiveCfg = Release|Any CPU
		{4E78FF50-22D5-4FF5-8484-763738A26DC6}.AppStore|Any CPU.ActiveCfg = Release|Any CPU
		{4E78FF50-22D5-4FF5-8484-763738A26DC6}.AppStore|Any CPU.Build.0 = Release|Any CPU
		{4E78FF50-22D5-4FF5-8484-763738A26DC6}.AppStore|ARM.ActiveCfg = Release|Any CPU
		{4E78FF50-22D5-4FF5-8484-763738A26DC6}.AppStore|iPhone.ActiveCfg = Release|Any CPU
		{4E78FF50-22D5-4FF5-8484-763738A26DC6}.AppStore|iPhoneSimulator.ActiveCfg = Release|Any CPU
		{4E78FF50-22D5-4FF5-8484-763738A26DC6}.AppStore|Mixed Platforms.ActiveCfg = Release|Any CPU
		{4E78FF50-22D5-4FF5-8484-763738A26DC6}.AppStore|Mixed Platforms.Build.0 = Release|Any CPU
		{4E78FF50-22D5-4FF5-8484-763738A26DC6}.AppStore|x86.ActiveCfg = Release|Any CPU
		{4E78FF50-22D5-4FF5-8484-763738A26DC6}.Debug|Any CPU.ActiveCfg = Debug|Any CPU
		{4E78FF50-22D5-4FF5-8484-763738A26DC6}.Debug|Any CPU.Build.0 = Debug|Any CPU
		{4E78FF50-22D5-4FF5-8484-763738A26DC6}.Debug|ARM.ActiveCfg = Debug|Any CPU
		{4E78FF50-22D5-4FF5-8484-763738A26DC6}.Debug|iPhone.ActiveCfg = Debug|Any CPU
		{4E78FF50-22D5-4FF5-8484-763738A26DC6}.Debug|iPhoneSimulator.ActiveCfg = Debug|Any CPU
		{4E78FF50-22D5-4FF5-8484-763738A26DC6}.Debug|Mixed Platforms.ActiveCfg = Debug|Any CPU
		{4E78FF50-22D5-4FF5-8484-763738A26DC6}.Debug|Mixed Platforms.Build.0 = Debug|Any CPU
		{4E78FF50-22D5-4FF5-8484-763738A26DC6}.Debug|x86.ActiveCfg = Debug|Any CPU
		{4E78FF50-22D5-4FF5-8484-763738A26DC6}.Release|Any CPU.ActiveCfg = Release|Any CPU
		{4E78FF50-22D5-4FF5-8484-763738A26DC6}.Release|Any CPU.Build.0 = Release|Any CPU
		{4E78FF50-22D5-4FF5-8484-763738A26DC6}.Release|ARM.ActiveCfg = Release|Any CPU
		{4E78FF50-22D5-4FF5-8484-763738A26DC6}.Release|iPhone.ActiveCfg = Release|Any CPU
		{4E78FF50-22D5-4FF5-8484-763738A26DC6}.Release|iPhoneSimulator.ActiveCfg = Release|Any CPU
		{4E78FF50-22D5-4FF5-8484-763738A26DC6}.Release|Mixed Platforms.ActiveCfg = Release|Any CPU
		{4E78FF50-22D5-4FF5-8484-763738A26DC6}.Release|Mixed Platforms.Build.0 = Release|Any CPU
		{4E78FF50-22D5-4FF5-8484-763738A26DC6}.Release|x86.ActiveCfg = Release|Any CPU
		{A982F528-17D8-4ACD-8685-23E416D65C8E}.Ad-Hoc|Any CPU.ActiveCfg = Ad-Hoc|iPhone
		{A982F528-17D8-4ACD-8685-23E416D65C8E}.Ad-Hoc|ARM.ActiveCfg = Ad-Hoc|iPhone
		{A982F528-17D8-4ACD-8685-23E416D65C8E}.Ad-Hoc|iPhone.ActiveCfg = Ad-Hoc|iPhone
		{A982F528-17D8-4ACD-8685-23E416D65C8E}.Ad-Hoc|iPhone.Build.0 = Ad-Hoc|iPhone
		{A982F528-17D8-4ACD-8685-23E416D65C8E}.Ad-Hoc|iPhoneSimulator.ActiveCfg = Ad-Hoc|iPhoneSimulator
		{A982F528-17D8-4ACD-8685-23E416D65C8E}.Ad-Hoc|iPhoneSimulator.Build.0 = Ad-Hoc|iPhoneSimulator
		{A982F528-17D8-4ACD-8685-23E416D65C8E}.Ad-Hoc|Mixed Platforms.ActiveCfg = Ad-Hoc|iPhone
		{A982F528-17D8-4ACD-8685-23E416D65C8E}.Ad-Hoc|Mixed Platforms.Build.0 = Ad-Hoc|iPhone
		{A982F528-17D8-4ACD-8685-23E416D65C8E}.Ad-Hoc|x86.ActiveCfg = Ad-Hoc|iPhone
		{A982F528-17D8-4ACD-8685-23E416D65C8E}.AppStore|Any CPU.ActiveCfg = AppStore|iPhone
		{A982F528-17D8-4ACD-8685-23E416D65C8E}.AppStore|ARM.ActiveCfg = AppStore|iPhone
		{A982F528-17D8-4ACD-8685-23E416D65C8E}.AppStore|iPhone.ActiveCfg = AppStore|iPhone
		{A982F528-17D8-4ACD-8685-23E416D65C8E}.AppStore|iPhone.Build.0 = AppStore|iPhone
		{A982F528-17D8-4ACD-8685-23E416D65C8E}.AppStore|iPhoneSimulator.ActiveCfg = AppStore|iPhoneSimulator
		{A982F528-17D8-4ACD-8685-23E416D65C8E}.AppStore|iPhoneSimulator.Build.0 = AppStore|iPhoneSimulator
		{A982F528-17D8-4ACD-8685-23E416D65C8E}.AppStore|Mixed Platforms.ActiveCfg = AppStore|iPhone
		{A982F528-17D8-4ACD-8685-23E416D65C8E}.AppStore|Mixed Platforms.Build.0 = AppStore|iPhone
		{A982F528-17D8-4ACD-8685-23E416D65C8E}.AppStore|x86.ActiveCfg = AppStore|iPhone
		{A982F528-17D8-4ACD-8685-23E416D65C8E}.Debug|Any CPU.ActiveCfg = Debug|iPhone
		{A982F528-17D8-4ACD-8685-23E416D65C8E}.Debug|ARM.ActiveCfg = Debug|iPhone
		{A982F528-17D8-4ACD-8685-23E416D65C8E}.Debug|iPhone.ActiveCfg = Debug|iPhone
		{A982F528-17D8-4ACD-8685-23E416D65C8E}.Debug|iPhone.Build.0 = Debug|iPhone
		{A982F528-17D8-4ACD-8685-23E416D65C8E}.Debug|iPhoneSimulator.ActiveCfg = Debug|iPhoneSimulator
		{A982F528-17D8-4ACD-8685-23E416D65C8E}.Debug|iPhoneSimulator.Build.0 = Debug|iPhoneSimulator
		{A982F528-17D8-4ACD-8685-23E416D65C8E}.Debug|Mixed Platforms.ActiveCfg = Debug|iPhone
		{A982F528-17D8-4ACD-8685-23E416D65C8E}.Debug|Mixed Platforms.Build.0 = Debug|iPhone
		{A982F528-17D8-4ACD-8685-23E416D65C8E}.Debug|x86.ActiveCfg = Debug|iPhone
		{A982F528-17D8-4ACD-8685-23E416D65C8E}.Release|Any CPU.ActiveCfg = Release|iPhone
		{A982F528-17D8-4ACD-8685-23E416D65C8E}.Release|ARM.ActiveCfg = Release|iPhone
		{A982F528-17D8-4ACD-8685-23E416D65C8E}.Release|iPhone.ActiveCfg = Release|iPhone
		{A982F528-17D8-4ACD-8685-23E416D65C8E}.Release|iPhone.Build.0 = Release|iPhone
		{A982F528-17D8-4ACD-8685-23E416D65C8E}.Release|iPhoneSimulator.ActiveCfg = Release|iPhoneSimulator
		{A982F528-17D8-4ACD-8685-23E416D65C8E}.Release|iPhoneSimulator.Build.0 = Release|iPhoneSimulator
		{A982F528-17D8-4ACD-8685-23E416D65C8E}.Release|Mixed Platforms.ActiveCfg = Release|iPhone
		{A982F528-17D8-4ACD-8685-23E416D65C8E}.Release|Mixed Platforms.Build.0 = Release|iPhone
		{A982F528-17D8-4ACD-8685-23E416D65C8E}.Release|x86.ActiveCfg = Release|iPhone
		{FC3008D3-456A-428B-91BE-729F0A538AF7}.Ad-Hoc|Any CPU.ActiveCfg = Release|Any CPU
		{FC3008D3-456A-428B-91BE-729F0A538AF7}.Ad-Hoc|Any CPU.Build.0 = Release|Any CPU
		{FC3008D3-456A-428B-91BE-729F0A538AF7}.Ad-Hoc|ARM.ActiveCfg = Release|ARM
		{FC3008D3-456A-428B-91BE-729F0A538AF7}.Ad-Hoc|ARM.Build.0 = Release|ARM
		{FC3008D3-456A-428B-91BE-729F0A538AF7}.Ad-Hoc|iPhone.ActiveCfg = Release|Any CPU
		{FC3008D3-456A-428B-91BE-729F0A538AF7}.Ad-Hoc|iPhoneSimulator.ActiveCfg = Release|Any CPU
		{FC3008D3-456A-428B-91BE-729F0A538AF7}.Ad-Hoc|Mixed Platforms.ActiveCfg = Release|x86
		{FC3008D3-456A-428B-91BE-729F0A538AF7}.Ad-Hoc|Mixed Platforms.Build.0 = Release|x86
		{FC3008D3-456A-428B-91BE-729F0A538AF7}.Ad-Hoc|x86.ActiveCfg = Release|x86
		{FC3008D3-456A-428B-91BE-729F0A538AF7}.Ad-Hoc|x86.Build.0 = Release|x86
		{FC3008D3-456A-428B-91BE-729F0A538AF7}.AppStore|Any CPU.ActiveCfg = Release|Any CPU
		{FC3008D3-456A-428B-91BE-729F0A538AF7}.AppStore|Any CPU.Build.0 = Release|Any CPU
		{FC3008D3-456A-428B-91BE-729F0A538AF7}.AppStore|ARM.ActiveCfg = Release|ARM
		{FC3008D3-456A-428B-91BE-729F0A538AF7}.AppStore|ARM.Build.0 = Release|ARM
		{FC3008D3-456A-428B-91BE-729F0A538AF7}.AppStore|iPhone.ActiveCfg = Release|Any CPU
		{FC3008D3-456A-428B-91BE-729F0A538AF7}.AppStore|iPhoneSimulator.ActiveCfg = Release|Any CPU
		{FC3008D3-456A-428B-91BE-729F0A538AF7}.AppStore|Mixed Platforms.ActiveCfg = Release|x86
		{FC3008D3-456A-428B-91BE-729F0A538AF7}.AppStore|Mixed Platforms.Build.0 = Release|x86
		{FC3008D3-456A-428B-91BE-729F0A538AF7}.AppStore|x86.ActiveCfg = Release|x86
		{FC3008D3-456A-428B-91BE-729F0A538AF7}.AppStore|x86.Build.0 = Release|x86
		{FC3008D3-456A-428B-91BE-729F0A538AF7}.Debug|Any CPU.ActiveCfg = Debug|Any CPU
		{FC3008D3-456A-428B-91BE-729F0A538AF7}.Debug|Any CPU.Build.0 = Debug|Any CPU
		{FC3008D3-456A-428B-91BE-729F0A538AF7}.Debug|ARM.ActiveCfg = Debug|ARM
		{FC3008D3-456A-428B-91BE-729F0A538AF7}.Debug|ARM.Build.0 = Debug|ARM
		{FC3008D3-456A-428B-91BE-729F0A538AF7}.Debug|iPhone.ActiveCfg = Debug|Any CPU
		{FC3008D3-456A-428B-91BE-729F0A538AF7}.Debug|iPhoneSimulator.ActiveCfg = Debug|Any CPU
		{FC3008D3-456A-428B-91BE-729F0A538AF7}.Debug|Mixed Platforms.ActiveCfg = Debug|x86
		{FC3008D3-456A-428B-91BE-729F0A538AF7}.Debug|Mixed Platforms.Build.0 = Debug|x86
		{FC3008D3-456A-428B-91BE-729F0A538AF7}.Debug|x86.ActiveCfg = Debug|x86
		{FC3008D3-456A-428B-91BE-729F0A538AF7}.Debug|x86.Build.0 = Debug|x86
		{FC3008D3-456A-428B-91BE-729F0A538AF7}.Release|Any CPU.ActiveCfg = Release|Any CPU
		{FC3008D3-456A-428B-91BE-729F0A538AF7}.Release|Any CPU.Build.0 = Release|Any CPU
		{FC3008D3-456A-428B-91BE-729F0A538AF7}.Release|ARM.ActiveCfg = Release|ARM
		{FC3008D3-456A-428B-91BE-729F0A538AF7}.Release|ARM.Build.0 = Release|ARM
		{FC3008D3-456A-428B-91BE-729F0A538AF7}.Release|iPhone.ActiveCfg = Release|Any CPU
		{FC3008D3-456A-428B-91BE-729F0A538AF7}.Release|iPhoneSimulator.ActiveCfg = Release|Any CPU
		{FC3008D3-456A-428B-91BE-729F0A538AF7}.Release|Mixed Platforms.ActiveCfg = Release|x86
		{FC3008D3-456A-428B-91BE-729F0A538AF7}.Release|Mixed Platforms.Build.0 = Release|x86
		{FC3008D3-456A-428B-91BE-729F0A538AF7}.Release|x86.ActiveCfg = Release|x86
		{FC3008D3-456A-428B-91BE-729F0A538AF7}.Release|x86.Build.0 = Release|x86
		{B261A65B-E9E2-48E0-9527-350AE7A7C127}.Ad-Hoc|Any CPU.ActiveCfg = Release|Any CPU
		{B261A65B-E9E2-48E0-9527-350AE7A7C127}.Ad-Hoc|Any CPU.Build.0 = Release|Any CPU
		{B261A65B-E9E2-48E0-9527-350AE7A7C127}.Ad-Hoc|ARM.ActiveCfg = Release|Any CPU
		{B261A65B-E9E2-48E0-9527-350AE7A7C127}.Ad-Hoc|iPhone.ActiveCfg = Release|Any CPU
		{B261A65B-E9E2-48E0-9527-350AE7A7C127}.Ad-Hoc|iPhoneSimulator.ActiveCfg = Release|Any CPU
		{B261A65B-E9E2-48E0-9527-350AE7A7C127}.Ad-Hoc|Mixed Platforms.ActiveCfg = Release|Any CPU
		{B261A65B-E9E2-48E0-9527-350AE7A7C127}.Ad-Hoc|Mixed Platforms.Build.0 = Release|Any CPU
		{B261A65B-E9E2-48E0-9527-350AE7A7C127}.Ad-Hoc|x86.ActiveCfg = Release|Any CPU
		{B261A65B-E9E2-48E0-9527-350AE7A7C127}.AppStore|Any CPU.ActiveCfg = Release|Any CPU
		{B261A65B-E9E2-48E0-9527-350AE7A7C127}.AppStore|Any CPU.Build.0 = Release|Any CPU
		{B261A65B-E9E2-48E0-9527-350AE7A7C127}.AppStore|ARM.ActiveCfg = Release|Any CPU
		{B261A65B-E9E2-48E0-9527-350AE7A7C127}.AppStore|iPhone.ActiveCfg = Release|Any CPU
		{B261A65B-E9E2-48E0-9527-350AE7A7C127}.AppStore|iPhoneSimulator.ActiveCfg = Release|Any CPU
		{B261A65B-E9E2-48E0-9527-350AE7A7C127}.AppStore|Mixed Platforms.ActiveCfg = Release|Any CPU
		{B261A65B-E9E2-48E0-9527-350AE7A7C127}.AppStore|Mixed Platforms.Build.0 = Release|Any CPU
		{B261A65B-E9E2-48E0-9527-350AE7A7C127}.AppStore|x86.ActiveCfg = Release|Any CPU
		{B261A65B-E9E2-48E0-9527-350AE7A7C127}.Debug|Any CPU.ActiveCfg = Debug|Any CPU
		{B261A65B-E9E2-48E0-9527-350AE7A7C127}.Debug|Any CPU.Build.0 = Debug|Any CPU
		{B261A65B-E9E2-48E0-9527-350AE7A7C127}.Debug|ARM.ActiveCfg = Debug|Any CPU
		{B261A65B-E9E2-48E0-9527-350AE7A7C127}.Debug|iPhone.ActiveCfg = Debug|Any CPU
		{B261A65B-E9E2-48E0-9527-350AE7A7C127}.Debug|iPhoneSimulator.ActiveCfg = Debug|Any CPU
		{B261A65B-E9E2-48E0-9527-350AE7A7C127}.Debug|Mixed Platforms.ActiveCfg = Debug|Any CPU
		{B261A65B-E9E2-48E0-9527-350AE7A7C127}.Debug|Mixed Platforms.Build.0 = Debug|Any CPU
		{B261A65B-E9E2-48E0-9527-350AE7A7C127}.Debug|x86.ActiveCfg = Debug|Any CPU
		{B261A65B-E9E2-48E0-9527-350AE7A7C127}.Release|Any CPU.ActiveCfg = Release|Any CPU
		{B261A65B-E9E2-48E0-9527-350AE7A7C127}.Release|Any CPU.Build.0 = Release|Any CPU
		{B261A65B-E9E2-48E0-9527-350AE7A7C127}.Release|ARM.ActiveCfg = Release|Any CPU
		{B261A65B-E9E2-48E0-9527-350AE7A7C127}.Release|iPhone.ActiveCfg = Release|Any CPU
		{B261A65B-E9E2-48E0-9527-350AE7A7C127}.Release|iPhoneSimulator.ActiveCfg = Release|Any CPU
		{B261A65B-E9E2-48E0-9527-350AE7A7C127}.Release|Mixed Platforms.ActiveCfg = Release|Any CPU
		{B261A65B-E9E2-48E0-9527-350AE7A7C127}.Release|Mixed Platforms.Build.0 = Release|Any CPU
		{B261A65B-E9E2-48E0-9527-350AE7A7C127}.Release|x86.ActiveCfg = Release|Any CPU
		{C8DECC40-4079-4B79-BA6D-D42A6BFAE00C}.Ad-Hoc|Any CPU.ActiveCfg = Release|Any CPU
		{C8DECC40-4079-4B79-BA6D-D42A6BFAE00C}.Ad-Hoc|Any CPU.Build.0 = Release|Any CPU
		{C8DECC40-4079-4B79-BA6D-D42A6BFAE00C}.Ad-Hoc|Any CPU.Deploy.0 = Release|Any CPU
		{C8DECC40-4079-4B79-BA6D-D42A6BFAE00C}.Ad-Hoc|ARM.ActiveCfg = Release|Any CPU
		{C8DECC40-4079-4B79-BA6D-D42A6BFAE00C}.Ad-Hoc|iPhone.ActiveCfg = Release|Any CPU
		{C8DECC40-4079-4B79-BA6D-D42A6BFAE00C}.Ad-Hoc|iPhoneSimulator.ActiveCfg = Release|Any CPU
		{C8DECC40-4079-4B79-BA6D-D42A6BFAE00C}.Ad-Hoc|Mixed Platforms.ActiveCfg = Release|Any CPU
		{C8DECC40-4079-4B79-BA6D-D42A6BFAE00C}.Ad-Hoc|Mixed Platforms.Build.0 = Release|Any CPU
		{C8DECC40-4079-4B79-BA6D-D42A6BFAE00C}.Ad-Hoc|Mixed Platforms.Deploy.0 = Release|Any CPU
		{C8DECC40-4079-4B79-BA6D-D42A6BFAE00C}.Ad-Hoc|x86.ActiveCfg = Release|Any CPU
		{C8DECC40-4079-4B79-BA6D-D42A6BFAE00C}.AppStore|Any CPU.ActiveCfg = Release|Any CPU
		{C8DECC40-4079-4B79-BA6D-D42A6BFAE00C}.AppStore|Any CPU.Build.0 = Release|Any CPU
		{C8DECC40-4079-4B79-BA6D-D42A6BFAE00C}.AppStore|Any CPU.Deploy.0 = Release|Any CPU
		{C8DECC40-4079-4B79-BA6D-D42A6BFAE00C}.AppStore|ARM.ActiveCfg = Release|Any CPU
		{C8DECC40-4079-4B79-BA6D-D42A6BFAE00C}.AppStore|iPhone.ActiveCfg = Release|Any CPU
		{C8DECC40-4079-4B79-BA6D-D42A6BFAE00C}.AppStore|iPhoneSimulator.ActiveCfg = Release|Any CPU
		{C8DECC40-4079-4B79-BA6D-D42A6BFAE00C}.AppStore|Mixed Platforms.ActiveCfg = Release|Any CPU
		{C8DECC40-4079-4B79-BA6D-D42A6BFAE00C}.AppStore|Mixed Platforms.Build.0 = Release|Any CPU
		{C8DECC40-4079-4B79-BA6D-D42A6BFAE00C}.AppStore|Mixed Platforms.Deploy.0 = Release|Any CPU
		{C8DECC40-4079-4B79-BA6D-D42A6BFAE00C}.AppStore|x86.ActiveCfg = Release|Any CPU
		{C8DECC40-4079-4B79-BA6D-D42A6BFAE00C}.Debug|Any CPU.ActiveCfg = Debug|Any CPU
		{C8DECC40-4079-4B79-BA6D-D42A6BFAE00C}.Debug|Any CPU.Build.0 = Debug|Any CPU
		{C8DECC40-4079-4B79-BA6D-D42A6BFAE00C}.Debug|Any CPU.Deploy.0 = Debug|Any CPU
		{C8DECC40-4079-4B79-BA6D-D42A6BFAE00C}.Debug|ARM.ActiveCfg = Debug|Any CPU
		{C8DECC40-4079-4B79-BA6D-D42A6BFAE00C}.Debug|iPhone.ActiveCfg = Debug|Any CPU
		{C8DECC40-4079-4B79-BA6D-D42A6BFAE00C}.Debug|iPhoneSimulator.ActiveCfg = Debug|Any CPU
		{C8DECC40-4079-4B79-BA6D-D42A6BFAE00C}.Debug|Mixed Platforms.ActiveCfg = Debug|Any CPU
		{C8DECC40-4079-4B79-BA6D-D42A6BFAE00C}.Debug|Mixed Platforms.Build.0 = Debug|Any CPU
		{C8DECC40-4079-4B79-BA6D-D42A6BFAE00C}.Debug|Mixed Platforms.Deploy.0 = Debug|Any CPU
		{C8DECC40-4079-4B79-BA6D-D42A6BFAE00C}.Debug|x86.ActiveCfg = Debug|Any CPU
		{C8DECC40-4079-4B79-BA6D-D42A6BFAE00C}.Release|Any CPU.ActiveCfg = Release|Any CPU
		{C8DECC40-4079-4B79-BA6D-D42A6BFAE00C}.Release|Any CPU.Build.0 = Release|Any CPU
		{C8DECC40-4079-4B79-BA6D-D42A6BFAE00C}.Release|Any CPU.Deploy.0 = Release|Any CPU
		{C8DECC40-4079-4B79-BA6D-D42A6BFAE00C}.Release|ARM.ActiveCfg = Release|Any CPU
		{C8DECC40-4079-4B79-BA6D-D42A6BFAE00C}.Release|iPhone.ActiveCfg = Release|Any CPU
		{C8DECC40-4079-4B79-BA6D-D42A6BFAE00C}.Release|iPhoneSimulator.ActiveCfg = Release|Any CPU
		{C8DECC40-4079-4B79-BA6D-D42A6BFAE00C}.Release|Mixed Platforms.ActiveCfg = Release|Any CPU
		{C8DECC40-4079-4B79-BA6D-D42A6BFAE00C}.Release|Mixed Platforms.Build.0 = Release|Any CPU
		{C8DECC40-4079-4B79-BA6D-D42A6BFAE00C}.Release|Mixed Platforms.Deploy.0 = Release|Any CPU
		{C8DECC40-4079-4B79-BA6D-D42A6BFAE00C}.Release|x86.ActiveCfg = Release|Any CPU
		{F24089DE-30F2-456B-89AF-E8316D37B5C7}.Ad-Hoc|Any CPU.ActiveCfg = Release|Any CPU
		{F24089DE-30F2-456B-89AF-E8316D37B5C7}.Ad-Hoc|Any CPU.Build.0 = Release|Any CPU
		{F24089DE-30F2-456B-89AF-E8316D37B5C7}.Ad-Hoc|ARM.ActiveCfg = Release|Any CPU
		{F24089DE-30F2-456B-89AF-E8316D37B5C7}.Ad-Hoc|iPhone.ActiveCfg = Release|Any CPU
		{F24089DE-30F2-456B-89AF-E8316D37B5C7}.Ad-Hoc|iPhoneSimulator.ActiveCfg = Release|Any CPU
		{F24089DE-30F2-456B-89AF-E8316D37B5C7}.Ad-Hoc|Mixed Platforms.ActiveCfg = Release|Any CPU
		{F24089DE-30F2-456B-89AF-E8316D37B5C7}.Ad-Hoc|Mixed Platforms.Build.0 = Release|Any CPU
		{F24089DE-30F2-456B-89AF-E8316D37B5C7}.Ad-Hoc|x86.ActiveCfg = Release|Any CPU
		{F24089DE-30F2-456B-89AF-E8316D37B5C7}.AppStore|Any CPU.ActiveCfg = Release|Any CPU
		{F24089DE-30F2-456B-89AF-E8316D37B5C7}.AppStore|Any CPU.Build.0 = Release|Any CPU
		{F24089DE-30F2-456B-89AF-E8316D37B5C7}.AppStore|ARM.ActiveCfg = Release|Any CPU
		{F24089DE-30F2-456B-89AF-E8316D37B5C7}.AppStore|iPhone.ActiveCfg = Release|Any CPU
		{F24089DE-30F2-456B-89AF-E8316D37B5C7}.AppStore|iPhoneSimulator.ActiveCfg = Release|Any CPU
		{F24089DE-30F2-456B-89AF-E8316D37B5C7}.AppStore|Mixed Platforms.ActiveCfg = Release|Any CPU
		{F24089DE-30F2-456B-89AF-E8316D37B5C7}.AppStore|Mixed Platforms.Build.0 = Release|Any CPU
		{F24089DE-30F2-456B-89AF-E8316D37B5C7}.AppStore|x86.ActiveCfg = Release|Any CPU
		{F24089DE-30F2-456B-89AF-E8316D37B5C7}.Debug|Any CPU.ActiveCfg = Debug|Any CPU
		{F24089DE-30F2-456B-89AF-E8316D37B5C7}.Debug|Any CPU.Build.0 = Debug|Any CPU
		{F24089DE-30F2-456B-89AF-E8316D37B5C7}.Debug|ARM.ActiveCfg = Debug|Any CPU
		{F24089DE-30F2-456B-89AF-E8316D37B5C7}.Debug|iPhone.ActiveCfg = Debug|Any CPU
		{F24089DE-30F2-456B-89AF-E8316D37B5C7}.Debug|iPhoneSimulator.ActiveCfg = Debug|Any CPU
		{F24089DE-30F2-456B-89AF-E8316D37B5C7}.Debug|Mixed Platforms.ActiveCfg = Debug|Any CPU
		{F24089DE-30F2-456B-89AF-E8316D37B5C7}.Debug|Mixed Platforms.Build.0 = Debug|Any CPU
		{F24089DE-30F2-456B-89AF-E8316D37B5C7}.Debug|x86.ActiveCfg = Debug|Any CPU
		{F24089DE-30F2-456B-89AF-E8316D37B5C7}.Release|Any CPU.ActiveCfg = Release|Any CPU
		{F24089DE-30F2-456B-89AF-E8316D37B5C7}.Release|Any CPU.Build.0 = Release|Any CPU
		{F24089DE-30F2-456B-89AF-E8316D37B5C7}.Release|ARM.ActiveCfg = Release|Any CPU
		{F24089DE-30F2-456B-89AF-E8316D37B5C7}.Release|iPhone.ActiveCfg = Release|Any CPU
		{F24089DE-30F2-456B-89AF-E8316D37B5C7}.Release|iPhoneSimulator.ActiveCfg = Release|Any CPU
		{F24089DE-30F2-456B-89AF-E8316D37B5C7}.Release|Mixed Platforms.ActiveCfg = Release|Any CPU
		{F24089DE-30F2-456B-89AF-E8316D37B5C7}.Release|Mixed Platforms.Build.0 = Release|Any CPU
		{F24089DE-30F2-456B-89AF-E8316D37B5C7}.Release|x86.ActiveCfg = Release|Any CPU
		{BF7D3A63-CBCA-4283-BBC2-01B2D97E3A6E}.Ad-Hoc|Any CPU.ActiveCfg = Release|Any CPU
		{BF7D3A63-CBCA-4283-BBC2-01B2D97E3A6E}.Ad-Hoc|Any CPU.Build.0 = Release|Any CPU
		{BF7D3A63-CBCA-4283-BBC2-01B2D97E3A6E}.Ad-Hoc|ARM.ActiveCfg = Release|Any CPU
		{BF7D3A63-CBCA-4283-BBC2-01B2D97E3A6E}.Ad-Hoc|iPhone.ActiveCfg = Release|Any CPU
		{BF7D3A63-CBCA-4283-BBC2-01B2D97E3A6E}.Ad-Hoc|iPhoneSimulator.ActiveCfg = Release|Any CPU
		{BF7D3A63-CBCA-4283-BBC2-01B2D97E3A6E}.Ad-Hoc|Mixed Platforms.ActiveCfg = Release|Any CPU
		{BF7D3A63-CBCA-4283-BBC2-01B2D97E3A6E}.Ad-Hoc|Mixed Platforms.Build.0 = Release|Any CPU
		{BF7D3A63-CBCA-4283-BBC2-01B2D97E3A6E}.Ad-Hoc|x86.ActiveCfg = Release|Any CPU
		{BF7D3A63-CBCA-4283-BBC2-01B2D97E3A6E}.AppStore|Any CPU.ActiveCfg = Release|Any CPU
		{BF7D3A63-CBCA-4283-BBC2-01B2D97E3A6E}.AppStore|Any CPU.Build.0 = Release|Any CPU
		{BF7D3A63-CBCA-4283-BBC2-01B2D97E3A6E}.AppStore|ARM.ActiveCfg = Release|Any CPU
		{BF7D3A63-CBCA-4283-BBC2-01B2D97E3A6E}.AppStore|iPhone.ActiveCfg = Release|Any CPU
		{BF7D3A63-CBCA-4283-BBC2-01B2D97E3A6E}.AppStore|iPhoneSimulator.ActiveCfg = Release|Any CPU
		{BF7D3A63-CBCA-4283-BBC2-01B2D97E3A6E}.AppStore|Mixed Platforms.ActiveCfg = Release|Any CPU
		{BF7D3A63-CBCA-4283-BBC2-01B2D97E3A6E}.AppStore|Mixed Platforms.Build.0 = Release|Any CPU
		{BF7D3A63-CBCA-4283-BBC2-01B2D97E3A6E}.AppStore|x86.ActiveCfg = Release|Any CPU
		{BF7D3A63-CBCA-4283-BBC2-01B2D97E3A6E}.Debug|Any CPU.ActiveCfg = Debug|Any CPU
		{BF7D3A63-CBCA-4283-BBC2-01B2D97E3A6E}.Debug|Any CPU.Build.0 = Debug|Any CPU
		{BF7D3A63-CBCA-4283-BBC2-01B2D97E3A6E}.Debug|ARM.ActiveCfg = Debug|Any CPU
		{BF7D3A63-CBCA-4283-BBC2-01B2D97E3A6E}.Debug|iPhone.ActiveCfg = Debug|Any CPU
		{BF7D3A63-CBCA-4283-BBC2-01B2D97E3A6E}.Debug|iPhoneSimulator.ActiveCfg = Debug|Any CPU
		{BF7D3A63-CBCA-4283-BBC2-01B2D97E3A6E}.Debug|Mixed Platforms.ActiveCfg = Debug|Any CPU
		{BF7D3A63-CBCA-4283-BBC2-01B2D97E3A6E}.Debug|Mixed Platforms.Build.0 = Debug|Any CPU
		{BF7D3A63-CBCA-4283-BBC2-01B2D97E3A6E}.Debug|x86.ActiveCfg = Debug|Any CPU
		{BF7D3A63-CBCA-4283-BBC2-01B2D97E3A6E}.Release|Any CPU.ActiveCfg = Release|Any CPU
		{BF7D3A63-CBCA-4283-BBC2-01B2D97E3A6E}.Release|Any CPU.Build.0 = Release|Any CPU
		{BF7D3A63-CBCA-4283-BBC2-01B2D97E3A6E}.Release|ARM.ActiveCfg = Release|Any CPU
		{BF7D3A63-CBCA-4283-BBC2-01B2D97E3A6E}.Release|iPhone.ActiveCfg = Release|Any CPU
		{BF7D3A63-CBCA-4283-BBC2-01B2D97E3A6E}.Release|iPhoneSimulator.ActiveCfg = Release|Any CPU
		{BF7D3A63-CBCA-4283-BBC2-01B2D97E3A6E}.Release|Mixed Platforms.ActiveCfg = Release|Any CPU
		{BF7D3A63-CBCA-4283-BBC2-01B2D97E3A6E}.Release|Mixed Platforms.Build.0 = Release|Any CPU
		{BF7D3A63-CBCA-4283-BBC2-01B2D97E3A6E}.Release|x86.ActiveCfg = Release|Any CPU
		{E4226E5B-ACC4-4CDF-A31D-7C403C21280F}.Ad-Hoc|Any CPU.ActiveCfg = Release|Any CPU
		{E4226E5B-ACC4-4CDF-A31D-7C403C21280F}.Ad-Hoc|Any CPU.Build.0 = Release|Any CPU
		{E4226E5B-ACC4-4CDF-A31D-7C403C21280F}.Ad-Hoc|ARM.ActiveCfg = Release|Any CPU
		{E4226E5B-ACC4-4CDF-A31D-7C403C21280F}.Ad-Hoc|iPhone.ActiveCfg = Release|Any CPU
		{E4226E5B-ACC4-4CDF-A31D-7C403C21280F}.Ad-Hoc|iPhoneSimulator.ActiveCfg = Release|Any CPU
		{E4226E5B-ACC4-4CDF-A31D-7C403C21280F}.Ad-Hoc|Mixed Platforms.ActiveCfg = Release|Any CPU
		{E4226E5B-ACC4-4CDF-A31D-7C403C21280F}.Ad-Hoc|Mixed Platforms.Build.0 = Release|Any CPU
		{E4226E5B-ACC4-4CDF-A31D-7C403C21280F}.Ad-Hoc|x86.ActiveCfg = Release|Any CPU
		{E4226E5B-ACC4-4CDF-A31D-7C403C21280F}.AppStore|Any CPU.ActiveCfg = Release|Any CPU
		{E4226E5B-ACC4-4CDF-A31D-7C403C21280F}.AppStore|Any CPU.Build.0 = Release|Any CPU
		{E4226E5B-ACC4-4CDF-A31D-7C403C21280F}.AppStore|ARM.ActiveCfg = Release|Any CPU
		{E4226E5B-ACC4-4CDF-A31D-7C403C21280F}.AppStore|iPhone.ActiveCfg = Release|Any CPU
		{E4226E5B-ACC4-4CDF-A31D-7C403C21280F}.AppStore|iPhoneSimulator.ActiveCfg = Release|Any CPU
		{E4226E5B-ACC4-4CDF-A31D-7C403C21280F}.AppStore|Mixed Platforms.ActiveCfg = Release|Any CPU
		{E4226E5B-ACC4-4CDF-A31D-7C403C21280F}.AppStore|Mixed Platforms.Build.0 = Release|Any CPU
		{E4226E5B-ACC4-4CDF-A31D-7C403C21280F}.AppStore|x86.ActiveCfg = Release|Any CPU
		{E4226E5B-ACC4-4CDF-A31D-7C403C21280F}.Debug|Any CPU.ActiveCfg = Debug|Any CPU
		{E4226E5B-ACC4-4CDF-A31D-7C403C21280F}.Debug|Any CPU.Build.0 = Debug|Any CPU
		{E4226E5B-ACC4-4CDF-A31D-7C403C21280F}.Debug|ARM.ActiveCfg = Debug|Any CPU
		{E4226E5B-ACC4-4CDF-A31D-7C403C21280F}.Debug|iPhone.ActiveCfg = Debug|Any CPU
		{E4226E5B-ACC4-4CDF-A31D-7C403C21280F}.Debug|iPhoneSimulator.ActiveCfg = Debug|Any CPU
		{E4226E5B-ACC4-4CDF-A31D-7C403C21280F}.Debug|Mixed Platforms.ActiveCfg = Debug|Any CPU
		{E4226E5B-ACC4-4CDF-A31D-7C403C21280F}.Debug|Mixed Platforms.Build.0 = Debug|Any CPU
		{E4226E5B-ACC4-4CDF-A31D-7C403C21280F}.Debug|x86.ActiveCfg = Debug|Any CPU
		{E4226E5B-ACC4-4CDF-A31D-7C403C21280F}.Release|Any CPU.ActiveCfg = Release|Any CPU
		{E4226E5B-ACC4-4CDF-A31D-7C403C21280F}.Release|Any CPU.Build.0 = Release|Any CPU
		{E4226E5B-ACC4-4CDF-A31D-7C403C21280F}.Release|ARM.ActiveCfg = Release|Any CPU
		{E4226E5B-ACC4-4CDF-A31D-7C403C21280F}.Release|iPhone.ActiveCfg = Release|Any CPU
		{E4226E5B-ACC4-4CDF-A31D-7C403C21280F}.Release|iPhoneSimulator.ActiveCfg = Release|Any CPU
		{E4226E5B-ACC4-4CDF-A31D-7C403C21280F}.Release|Mixed Platforms.ActiveCfg = Release|Any CPU
		{E4226E5B-ACC4-4CDF-A31D-7C403C21280F}.Release|Mixed Platforms.Build.0 = Release|Any CPU
		{E4226E5B-ACC4-4CDF-A31D-7C403C21280F}.Release|x86.ActiveCfg = Release|Any CPU
		{1233042A-2456-4636-B4F4-14F4E5963CAE}.Ad-Hoc|Any CPU.ActiveCfg = Release|Any CPU
		{1233042A-2456-4636-B4F4-14F4E5963CAE}.Ad-Hoc|Any CPU.Build.0 = Release|Any CPU
		{1233042A-2456-4636-B4F4-14F4E5963CAE}.Ad-Hoc|ARM.ActiveCfg = Release|Any CPU
		{1233042A-2456-4636-B4F4-14F4E5963CAE}.Ad-Hoc|iPhone.ActiveCfg = Release|Any CPU
		{1233042A-2456-4636-B4F4-14F4E5963CAE}.Ad-Hoc|iPhoneSimulator.ActiveCfg = Release|Any CPU
		{1233042A-2456-4636-B4F4-14F4E5963CAE}.Ad-Hoc|Mixed Platforms.ActiveCfg = Release|Any CPU
		{1233042A-2456-4636-B4F4-14F4E5963CAE}.Ad-Hoc|Mixed Platforms.Build.0 = Release|Any CPU
		{1233042A-2456-4636-B4F4-14F4E5963CAE}.Ad-Hoc|x86.ActiveCfg = Release|Any CPU
		{1233042A-2456-4636-B4F4-14F4E5963CAE}.AppStore|Any CPU.ActiveCfg = Release|Any CPU
		{1233042A-2456-4636-B4F4-14F4E5963CAE}.AppStore|Any CPU.Build.0 = Release|Any CPU
		{1233042A-2456-4636-B4F4-14F4E5963CAE}.AppStore|ARM.ActiveCfg = Release|Any CPU
		{1233042A-2456-4636-B4F4-14F4E5963CAE}.AppStore|iPhone.ActiveCfg = Release|Any CPU
		{1233042A-2456-4636-B4F4-14F4E5963CAE}.AppStore|iPhoneSimulator.ActiveCfg = Release|Any CPU
		{1233042A-2456-4636-B4F4-14F4E5963CAE}.AppStore|Mixed Platforms.ActiveCfg = Release|Any CPU
		{1233042A-2456-4636-B4F4-14F4E5963CAE}.AppStore|Mixed Platforms.Build.0 = Release|Any CPU
		{1233042A-2456-4636-B4F4-14F4E5963CAE}.AppStore|x86.ActiveCfg = Release|Any CPU
		{1233042A-2456-4636-B4F4-14F4E5963CAE}.Debug|Any CPU.ActiveCfg = Debug|Any CPU
		{1233042A-2456-4636-B4F4-14F4E5963CAE}.Debug|Any CPU.Build.0 = Debug|Any CPU
		{1233042A-2456-4636-B4F4-14F4E5963CAE}.Debug|ARM.ActiveCfg = Debug|Any CPU
		{1233042A-2456-4636-B4F4-14F4E5963CAE}.Debug|iPhone.ActiveCfg = Debug|Any CPU
		{1233042A-2456-4636-B4F4-14F4E5963CAE}.Debug|iPhoneSimulator.ActiveCfg = Debug|Any CPU
		{1233042A-2456-4636-B4F4-14F4E5963CAE}.Debug|Mixed Platforms.ActiveCfg = Debug|Any CPU
		{1233042A-2456-4636-B4F4-14F4E5963CAE}.Debug|Mixed Platforms.Build.0 = Debug|Any CPU
		{1233042A-2456-4636-B4F4-14F4E5963CAE}.Debug|x86.ActiveCfg = Debug|Any CPU
		{1233042A-2456-4636-B4F4-14F4E5963CAE}.Release|Any CPU.ActiveCfg = Release|Any CPU
		{1233042A-2456-4636-B4F4-14F4E5963CAE}.Release|Any CPU.Build.0 = Release|Any CPU
		{1233042A-2456-4636-B4F4-14F4E5963CAE}.Release|ARM.ActiveCfg = Release|Any CPU
		{1233042A-2456-4636-B4F4-14F4E5963CAE}.Release|iPhone.ActiveCfg = Release|Any CPU
		{1233042A-2456-4636-B4F4-14F4E5963CAE}.Release|iPhoneSimulator.ActiveCfg = Release|Any CPU
		{1233042A-2456-4636-B4F4-14F4E5963CAE}.Release|Mixed Platforms.ActiveCfg = Release|Any CPU
		{1233042A-2456-4636-B4F4-14F4E5963CAE}.Release|Mixed Platforms.Build.0 = Release|Any CPU
		{1233042A-2456-4636-B4F4-14F4E5963CAE}.Release|x86.ActiveCfg = Release|Any CPU
		{5986D2AE-6250-4B51-B3D4-5649A85F5631}.Ad-Hoc|Any CPU.ActiveCfg = Release|Any CPU
		{5986D2AE-6250-4B51-B3D4-5649A85F5631}.Ad-Hoc|Any CPU.Build.0 = Release|Any CPU
		{5986D2AE-6250-4B51-B3D4-5649A85F5631}.Ad-Hoc|ARM.ActiveCfg = Release|Any CPU
		{5986D2AE-6250-4B51-B3D4-5649A85F5631}.Ad-Hoc|iPhone.ActiveCfg = Release|Any CPU
		{5986D2AE-6250-4B51-B3D4-5649A85F5631}.Ad-Hoc|iPhoneSimulator.ActiveCfg = Release|Any CPU
		{5986D2AE-6250-4B51-B3D4-5649A85F5631}.Ad-Hoc|Mixed Platforms.ActiveCfg = Release|Any CPU
		{5986D2AE-6250-4B51-B3D4-5649A85F5631}.Ad-Hoc|Mixed Platforms.Build.0 = Release|Any CPU
		{5986D2AE-6250-4B51-B3D4-5649A85F5631}.Ad-Hoc|x86.ActiveCfg = Release|Any CPU
		{5986D2AE-6250-4B51-B3D4-5649A85F5631}.AppStore|Any CPU.ActiveCfg = Release|Any CPU
		{5986D2AE-6250-4B51-B3D4-5649A85F5631}.AppStore|Any CPU.Build.0 = Release|Any CPU
		{5986D2AE-6250-4B51-B3D4-5649A85F5631}.AppStore|ARM.ActiveCfg = Release|Any CPU
		{5986D2AE-6250-4B51-B3D4-5649A85F5631}.AppStore|iPhone.ActiveCfg = Release|Any CPU
		{5986D2AE-6250-4B51-B3D4-5649A85F5631}.AppStore|iPhoneSimulator.ActiveCfg = Release|Any CPU
		{5986D2AE-6250-4B51-B3D4-5649A85F5631}.AppStore|Mixed Platforms.ActiveCfg = Release|Any CPU
		{5986D2AE-6250-4B51-B3D4-5649A85F5631}.AppStore|Mixed Platforms.Build.0 = Release|Any CPU
		{5986D2AE-6250-4B51-B3D4-5649A85F5631}.AppStore|x86.ActiveCfg = Release|Any CPU
		{5986D2AE-6250-4B51-B3D4-5649A85F5631}.Debug|Any CPU.ActiveCfg = Debug|Any CPU
		{5986D2AE-6250-4B51-B3D4-5649A85F5631}.Debug|Any CPU.Build.0 = Debug|Any CPU
		{5986D2AE-6250-4B51-B3D4-5649A85F5631}.Debug|ARM.ActiveCfg = Debug|Any CPU
		{5986D2AE-6250-4B51-B3D4-5649A85F5631}.Debug|iPhone.ActiveCfg = Debug|Any CPU
		{5986D2AE-6250-4B51-B3D4-5649A85F5631}.Debug|iPhoneSimulator.ActiveCfg = Debug|Any CPU
		{5986D2AE-6250-4B51-B3D4-5649A85F5631}.Debug|Mixed Platforms.ActiveCfg = Debug|Any CPU
		{5986D2AE-6250-4B51-B3D4-5649A85F5631}.Debug|Mixed Platforms.Build.0 = Debug|Any CPU
		{5986D2AE-6250-4B51-B3D4-5649A85F5631}.Debug|x86.ActiveCfg = Debug|Any CPU
		{5986D2AE-6250-4B51-B3D4-5649A85F5631}.Release|Any CPU.ActiveCfg = Release|Any CPU
		{5986D2AE-6250-4B51-B3D4-5649A85F5631}.Release|Any CPU.Build.0 = Release|Any CPU
		{5986D2AE-6250-4B51-B3D4-5649A85F5631}.Release|ARM.ActiveCfg = Release|Any CPU
		{5986D2AE-6250-4B51-B3D4-5649A85F5631}.Release|iPhone.ActiveCfg = Release|Any CPU
		{5986D2AE-6250-4B51-B3D4-5649A85F5631}.Release|iPhoneSimulator.ActiveCfg = Release|Any CPU
		{5986D2AE-6250-4B51-B3D4-5649A85F5631}.Release|Mixed Platforms.ActiveCfg = Release|Any CPU
		{5986D2AE-6250-4B51-B3D4-5649A85F5631}.Release|Mixed Platforms.Build.0 = Release|Any CPU
		{5986D2AE-6250-4B51-B3D4-5649A85F5631}.Release|x86.ActiveCfg = Release|Any CPU
		{DF915498-CF1E-48C4-A757-634EBF506AEB}.Ad-Hoc|Any CPU.ActiveCfg = Release|Any CPU
		{DF915498-CF1E-48C4-A757-634EBF506AEB}.Ad-Hoc|Any CPU.Build.0 = Release|Any CPU
		{DF915498-CF1E-48C4-A757-634EBF506AEB}.Ad-Hoc|ARM.ActiveCfg = Release|Any CPU
		{DF915498-CF1E-48C4-A757-634EBF506AEB}.Ad-Hoc|iPhone.ActiveCfg = Release|Any CPU
		{DF915498-CF1E-48C4-A757-634EBF506AEB}.Ad-Hoc|iPhoneSimulator.ActiveCfg = Release|Any CPU
		{DF915498-CF1E-48C4-A757-634EBF506AEB}.Ad-Hoc|Mixed Platforms.ActiveCfg = Release|Any CPU
		{DF915498-CF1E-48C4-A757-634EBF506AEB}.Ad-Hoc|Mixed Platforms.Build.0 = Release|Any CPU
		{DF915498-CF1E-48C4-A757-634EBF506AEB}.Ad-Hoc|x86.ActiveCfg = Release|Any CPU
		{DF915498-CF1E-48C4-A757-634EBF506AEB}.AppStore|Any CPU.ActiveCfg = Release|Any CPU
		{DF915498-CF1E-48C4-A757-634EBF506AEB}.AppStore|Any CPU.Build.0 = Release|Any CPU
		{DF915498-CF1E-48C4-A757-634EBF506AEB}.AppStore|ARM.ActiveCfg = Release|Any CPU
		{DF915498-CF1E-48C4-A757-634EBF506AEB}.AppStore|iPhone.ActiveCfg = Release|Any CPU
		{DF915498-CF1E-48C4-A757-634EBF506AEB}.AppStore|iPhoneSimulator.ActiveCfg = Release|Any CPU
		{DF915498-CF1E-48C4-A757-634EBF506AEB}.AppStore|Mixed Platforms.ActiveCfg = Release|Any CPU
		{DF915498-CF1E-48C4-A757-634EBF506AEB}.AppStore|Mixed Platforms.Build.0 = Release|Any CPU
		{DF915498-CF1E-48C4-A757-634EBF506AEB}.AppStore|x86.ActiveCfg = Release|Any CPU
		{DF915498-CF1E-48C4-A757-634EBF506AEB}.Debug|Any CPU.ActiveCfg = Debug|Any CPU
		{DF915498-CF1E-48C4-A757-634EBF506AEB}.Debug|Any CPU.Build.0 = Debug|Any CPU
		{DF915498-CF1E-48C4-A757-634EBF506AEB}.Debug|ARM.ActiveCfg = Debug|Any CPU
		{DF915498-CF1E-48C4-A757-634EBF506AEB}.Debug|iPhone.ActiveCfg = Debug|Any CPU
		{DF915498-CF1E-48C4-A757-634EBF506AEB}.Debug|iPhoneSimulator.ActiveCfg = Debug|Any CPU
		{DF915498-CF1E-48C4-A757-634EBF506AEB}.Debug|Mixed Platforms.ActiveCfg = Debug|Any CPU
		{DF915498-CF1E-48C4-A757-634EBF506AEB}.Debug|Mixed Platforms.Build.0 = Debug|Any CPU
		{DF915498-CF1E-48C4-A757-634EBF506AEB}.Debug|x86.ActiveCfg = Debug|Any CPU
		{DF915498-CF1E-48C4-A757-634EBF506AEB}.Release|Any CPU.ActiveCfg = Release|Any CPU
		{DF915498-CF1E-48C4-A757-634EBF506AEB}.Release|Any CPU.Build.0 = Release|Any CPU
		{DF915498-CF1E-48C4-A757-634EBF506AEB}.Release|ARM.ActiveCfg = Release|Any CPU
		{DF915498-CF1E-48C4-A757-634EBF506AEB}.Release|iPhone.ActiveCfg = Release|Any CPU
		{DF915498-CF1E-48C4-A757-634EBF506AEB}.Release|iPhoneSimulator.ActiveCfg = Release|Any CPU
		{DF915498-CF1E-48C4-A757-634EBF506AEB}.Release|Mixed Platforms.ActiveCfg = Release|Any CPU
		{DF915498-CF1E-48C4-A757-634EBF506AEB}.Release|Mixed Platforms.Build.0 = Release|Any CPU
		{DF915498-CF1E-48C4-A757-634EBF506AEB}.Release|x86.ActiveCfg = Release|Any CPU
		{E76D06C8-F243-488C-9273-E0C159D3D21A}.Ad-Hoc|Any CPU.ActiveCfg = Release|Any CPU
		{E76D06C8-F243-488C-9273-E0C159D3D21A}.Ad-Hoc|Any CPU.Build.0 = Release|Any CPU
		{E76D06C8-F243-488C-9273-E0C159D3D21A}.Ad-Hoc|ARM.ActiveCfg = Release|Any CPU
		{E76D06C8-F243-488C-9273-E0C159D3D21A}.Ad-Hoc|iPhone.ActiveCfg = Release|Any CPU
		{E76D06C8-F243-488C-9273-E0C159D3D21A}.Ad-Hoc|iPhoneSimulator.ActiveCfg = Release|Any CPU
		{E76D06C8-F243-488C-9273-E0C159D3D21A}.Ad-Hoc|Mixed Platforms.ActiveCfg = Release|Any CPU
		{E76D06C8-F243-488C-9273-E0C159D3D21A}.Ad-Hoc|Mixed Platforms.Build.0 = Release|Any CPU
		{E76D06C8-F243-488C-9273-E0C159D3D21A}.Ad-Hoc|x86.ActiveCfg = Release|Any CPU
		{E76D06C8-F243-488C-9273-E0C159D3D21A}.AppStore|Any CPU.ActiveCfg = Release|Any CPU
		{E76D06C8-F243-488C-9273-E0C159D3D21A}.AppStore|Any CPU.Build.0 = Release|Any CPU
		{E76D06C8-F243-488C-9273-E0C159D3D21A}.AppStore|ARM.ActiveCfg = Release|Any CPU
		{E76D06C8-F243-488C-9273-E0C159D3D21A}.AppStore|iPhone.ActiveCfg = Release|Any CPU
		{E76D06C8-F243-488C-9273-E0C159D3D21A}.AppStore|iPhoneSimulator.ActiveCfg = Release|Any CPU
		{E76D06C8-F243-488C-9273-E0C159D3D21A}.AppStore|Mixed Platforms.ActiveCfg = Release|Any CPU
		{E76D06C8-F243-488C-9273-E0C159D3D21A}.AppStore|Mixed Platforms.Build.0 = Release|Any CPU
		{E76D06C8-F243-488C-9273-E0C159D3D21A}.AppStore|x86.ActiveCfg = Release|Any CPU
		{E76D06C8-F243-488C-9273-E0C159D3D21A}.Debug|Any CPU.ActiveCfg = Debug|Any CPU
		{E76D06C8-F243-488C-9273-E0C159D3D21A}.Debug|Any CPU.Build.0 = Debug|Any CPU
		{E76D06C8-F243-488C-9273-E0C159D3D21A}.Debug|ARM.ActiveCfg = Debug|Any CPU
		{E76D06C8-F243-488C-9273-E0C159D3D21A}.Debug|iPhone.ActiveCfg = Debug|Any CPU
		{E76D06C8-F243-488C-9273-E0C159D3D21A}.Debug|iPhoneSimulator.ActiveCfg = Debug|Any CPU
		{E76D06C8-F243-488C-9273-E0C159D3D21A}.Debug|Mixed Platforms.ActiveCfg = Debug|Any CPU
		{E76D06C8-F243-488C-9273-E0C159D3D21A}.Debug|Mixed Platforms.Build.0 = Debug|Any CPU
		{E76D06C8-F243-488C-9273-E0C159D3D21A}.Debug|x86.ActiveCfg = Debug|Any CPU
		{E76D06C8-F243-488C-9273-E0C159D3D21A}.Release|Any CPU.ActiveCfg = Release|Any CPU
		{E76D06C8-F243-488C-9273-E0C159D3D21A}.Release|Any CPU.Build.0 = Release|Any CPU
		{E76D06C8-F243-488C-9273-E0C159D3D21A}.Release|ARM.ActiveCfg = Release|Any CPU
		{E76D06C8-F243-488C-9273-E0C159D3D21A}.Release|iPhone.ActiveCfg = Release|Any CPU
		{E76D06C8-F243-488C-9273-E0C159D3D21A}.Release|iPhoneSimulator.ActiveCfg = Release|Any CPU
		{E76D06C8-F243-488C-9273-E0C159D3D21A}.Release|Mixed Platforms.ActiveCfg = Release|Any CPU
		{E76D06C8-F243-488C-9273-E0C159D3D21A}.Release|Mixed Platforms.Build.0 = Release|Any CPU
		{E76D06C8-F243-488C-9273-E0C159D3D21A}.Release|x86.ActiveCfg = Release|Any CPU
		{F129BA15-6C52-4503-96CA-E4CCD50F8516}.Ad-Hoc|Any CPU.ActiveCfg = Release|Any CPU
		{F129BA15-6C52-4503-96CA-E4CCD50F8516}.Ad-Hoc|Any CPU.Build.0 = Release|Any CPU
		{F129BA15-6C52-4503-96CA-E4CCD50F8516}.Ad-Hoc|ARM.ActiveCfg = Release|Any CPU
		{F129BA15-6C52-4503-96CA-E4CCD50F8516}.Ad-Hoc|iPhone.ActiveCfg = Release|Any CPU
		{F129BA15-6C52-4503-96CA-E4CCD50F8516}.Ad-Hoc|iPhoneSimulator.ActiveCfg = Release|Any CPU
		{F129BA15-6C52-4503-96CA-E4CCD50F8516}.Ad-Hoc|Mixed Platforms.ActiveCfg = Release|Any CPU
		{F129BA15-6C52-4503-96CA-E4CCD50F8516}.Ad-Hoc|Mixed Platforms.Build.0 = Release|Any CPU
		{F129BA15-6C52-4503-96CA-E4CCD50F8516}.Ad-Hoc|x86.ActiveCfg = Release|Any CPU
		{F129BA15-6C52-4503-96CA-E4CCD50F8516}.AppStore|Any CPU.ActiveCfg = Release|Any CPU
		{F129BA15-6C52-4503-96CA-E4CCD50F8516}.AppStore|Any CPU.Build.0 = Release|Any CPU
		{F129BA15-6C52-4503-96CA-E4CCD50F8516}.AppStore|ARM.ActiveCfg = Release|Any CPU
		{F129BA15-6C52-4503-96CA-E4CCD50F8516}.AppStore|iPhone.ActiveCfg = Release|Any CPU
		{F129BA15-6C52-4503-96CA-E4CCD50F8516}.AppStore|iPhoneSimulator.ActiveCfg = Release|Any CPU
		{F129BA15-6C52-4503-96CA-E4CCD50F8516}.AppStore|Mixed Platforms.ActiveCfg = Release|Any CPU
		{F129BA15-6C52-4503-96CA-E4CCD50F8516}.AppStore|Mixed Platforms.Build.0 = Release|Any CPU
		{F129BA15-6C52-4503-96CA-E4CCD50F8516}.AppStore|x86.ActiveCfg = Release|Any CPU
		{F129BA15-6C52-4503-96CA-E4CCD50F8516}.Debug|Any CPU.ActiveCfg = Debug|Any CPU
		{F129BA15-6C52-4503-96CA-E4CCD50F8516}.Debug|Any CPU.Build.0 = Debug|Any CPU
		{F129BA15-6C52-4503-96CA-E4CCD50F8516}.Debug|ARM.ActiveCfg = Debug|Any CPU
		{F129BA15-6C52-4503-96CA-E4CCD50F8516}.Debug|iPhone.ActiveCfg = Debug|Any CPU
		{F129BA15-6C52-4503-96CA-E4CCD50F8516}.Debug|iPhoneSimulator.ActiveCfg = Debug|Any CPU
		{F129BA15-6C52-4503-96CA-E4CCD50F8516}.Debug|Mixed Platforms.ActiveCfg = Debug|Any CPU
		{F129BA15-6C52-4503-96CA-E4CCD50F8516}.Debug|Mixed Platforms.Build.0 = Debug|Any CPU
		{F129BA15-6C52-4503-96CA-E4CCD50F8516}.Debug|x86.ActiveCfg = Debug|Any CPU
		{F129BA15-6C52-4503-96CA-E4CCD50F8516}.Release|Any CPU.ActiveCfg = Release|Any CPU
		{F129BA15-6C52-4503-96CA-E4CCD50F8516}.Release|Any CPU.Build.0 = Release|Any CPU
		{F129BA15-6C52-4503-96CA-E4CCD50F8516}.Release|ARM.ActiveCfg = Release|Any CPU
		{F129BA15-6C52-4503-96CA-E4CCD50F8516}.Release|iPhone.ActiveCfg = Release|Any CPU
		{F129BA15-6C52-4503-96CA-E4CCD50F8516}.Release|iPhoneSimulator.ActiveCfg = Release|Any CPU
		{F129BA15-6C52-4503-96CA-E4CCD50F8516}.Release|Mixed Platforms.ActiveCfg = Release|Any CPU
		{F129BA15-6C52-4503-96CA-E4CCD50F8516}.Release|Mixed Platforms.Build.0 = Release|Any CPU
		{F129BA15-6C52-4503-96CA-E4CCD50F8516}.Release|x86.ActiveCfg = Release|Any CPU
		{1B662C38-984F-4B6A-89B5-AFF7FCBE43A2}.Ad-Hoc|Any CPU.ActiveCfg = Release|Any CPU
		{1B662C38-984F-4B6A-89B5-AFF7FCBE43A2}.Ad-Hoc|Any CPU.Build.0 = Release|Any CPU
		{1B662C38-984F-4B6A-89B5-AFF7FCBE43A2}.Ad-Hoc|ARM.ActiveCfg = Release|Any CPU
		{1B662C38-984F-4B6A-89B5-AFF7FCBE43A2}.Ad-Hoc|iPhone.ActiveCfg = Release|Any CPU
		{1B662C38-984F-4B6A-89B5-AFF7FCBE43A2}.Ad-Hoc|iPhoneSimulator.ActiveCfg = Release|Any CPU
		{1B662C38-984F-4B6A-89B5-AFF7FCBE43A2}.Ad-Hoc|Mixed Platforms.ActiveCfg = Release|Any CPU
		{1B662C38-984F-4B6A-89B5-AFF7FCBE43A2}.Ad-Hoc|Mixed Platforms.Build.0 = Release|Any CPU
		{1B662C38-984F-4B6A-89B5-AFF7FCBE43A2}.Ad-Hoc|x86.ActiveCfg = Release|Any CPU
		{1B662C38-984F-4B6A-89B5-AFF7FCBE43A2}.AppStore|Any CPU.ActiveCfg = Release|Any CPU
		{1B662C38-984F-4B6A-89B5-AFF7FCBE43A2}.AppStore|Any CPU.Build.0 = Release|Any CPU
		{1B662C38-984F-4B6A-89B5-AFF7FCBE43A2}.AppStore|ARM.ActiveCfg = Release|Any CPU
		{1B662C38-984F-4B6A-89B5-AFF7FCBE43A2}.AppStore|iPhone.ActiveCfg = Release|Any CPU
		{1B662C38-984F-4B6A-89B5-AFF7FCBE43A2}.AppStore|iPhoneSimulator.ActiveCfg = Release|Any CPU
		{1B662C38-984F-4B6A-89B5-AFF7FCBE43A2}.AppStore|Mixed Platforms.ActiveCfg = Release|Any CPU
		{1B662C38-984F-4B6A-89B5-AFF7FCBE43A2}.AppStore|Mixed Platforms.Build.0 = Release|Any CPU
		{1B662C38-984F-4B6A-89B5-AFF7FCBE43A2}.AppStore|x86.ActiveCfg = Release|Any CPU
		{1B662C38-984F-4B6A-89B5-AFF7FCBE43A2}.Debug|Any CPU.ActiveCfg = Debug|Any CPU
		{1B662C38-984F-4B6A-89B5-AFF7FCBE43A2}.Debug|Any CPU.Build.0 = Debug|Any CPU
		{1B662C38-984F-4B6A-89B5-AFF7FCBE43A2}.Debug|ARM.ActiveCfg = Debug|Any CPU
		{1B662C38-984F-4B6A-89B5-AFF7FCBE43A2}.Debug|iPhone.ActiveCfg = Debug|Any CPU
		{1B662C38-984F-4B6A-89B5-AFF7FCBE43A2}.Debug|iPhoneSimulator.ActiveCfg = Debug|Any CPU
		{1B662C38-984F-4B6A-89B5-AFF7FCBE43A2}.Debug|Mixed Platforms.ActiveCfg = Debug|Any CPU
		{1B662C38-984F-4B6A-89B5-AFF7FCBE43A2}.Debug|Mixed Platforms.Build.0 = Debug|Any CPU
		{1B662C38-984F-4B6A-89B5-AFF7FCBE43A2}.Debug|x86.ActiveCfg = Debug|Any CPU
		{1B662C38-984F-4B6A-89B5-AFF7FCBE43A2}.Release|Any CPU.ActiveCfg = Release|Any CPU
		{1B662C38-984F-4B6A-89B5-AFF7FCBE43A2}.Release|Any CPU.Build.0 = Release|Any CPU
		{1B662C38-984F-4B6A-89B5-AFF7FCBE43A2}.Release|ARM.ActiveCfg = Release|Any CPU
		{1B662C38-984F-4B6A-89B5-AFF7FCBE43A2}.Release|iPhone.ActiveCfg = Release|Any CPU
		{1B662C38-984F-4B6A-89B5-AFF7FCBE43A2}.Release|iPhoneSimulator.ActiveCfg = Release|Any CPU
		{1B662C38-984F-4B6A-89B5-AFF7FCBE43A2}.Release|Mixed Platforms.ActiveCfg = Release|Any CPU
		{1B662C38-984F-4B6A-89B5-AFF7FCBE43A2}.Release|Mixed Platforms.Build.0 = Release|Any CPU
		{1B662C38-984F-4B6A-89B5-AFF7FCBE43A2}.Release|x86.ActiveCfg = Release|Any CPU
		{5D08E3EE-4B34-457E-BECF-55362A4DAE42}.Ad-Hoc|Any CPU.ActiveCfg = Release|Any CPU
		{5D08E3EE-4B34-457E-BECF-55362A4DAE42}.Ad-Hoc|Any CPU.Build.0 = Release|Any CPU
		{5D08E3EE-4B34-457E-BECF-55362A4DAE42}.Ad-Hoc|ARM.ActiveCfg = Release|Any CPU
		{5D08E3EE-4B34-457E-BECF-55362A4DAE42}.Ad-Hoc|iPhone.ActiveCfg = Release|Any CPU
		{5D08E3EE-4B34-457E-BECF-55362A4DAE42}.Ad-Hoc|iPhoneSimulator.ActiveCfg = Release|Any CPU
		{5D08E3EE-4B34-457E-BECF-55362A4DAE42}.Ad-Hoc|Mixed Platforms.ActiveCfg = Release|Any CPU
		{5D08E3EE-4B34-457E-BECF-55362A4DAE42}.Ad-Hoc|Mixed Platforms.Build.0 = Release|Any CPU
		{5D08E3EE-4B34-457E-BECF-55362A4DAE42}.Ad-Hoc|x86.ActiveCfg = Release|Any CPU
		{5D08E3EE-4B34-457E-BECF-55362A4DAE42}.AppStore|Any CPU.ActiveCfg = Release|Any CPU
		{5D08E3EE-4B34-457E-BECF-55362A4DAE42}.AppStore|Any CPU.Build.0 = Release|Any CPU
		{5D08E3EE-4B34-457E-BECF-55362A4DAE42}.AppStore|ARM.ActiveCfg = Release|Any CPU
		{5D08E3EE-4B34-457E-BECF-55362A4DAE42}.AppStore|iPhone.ActiveCfg = Release|Any CPU
		{5D08E3EE-4B34-457E-BECF-55362A4DAE42}.AppStore|iPhoneSimulator.ActiveCfg = Release|Any CPU
		{5D08E3EE-4B34-457E-BECF-55362A4DAE42}.AppStore|Mixed Platforms.ActiveCfg = Release|Any CPU
		{5D08E3EE-4B34-457E-BECF-55362A4DAE42}.AppStore|Mixed Platforms.Build.0 = Release|Any CPU
		{5D08E3EE-4B34-457E-BECF-55362A4DAE42}.AppStore|x86.ActiveCfg = Release|Any CPU
		{5D08E3EE-4B34-457E-BECF-55362A4DAE42}.Debug|Any CPU.ActiveCfg = Debug|Any CPU
		{5D08E3EE-4B34-457E-BECF-55362A4DAE42}.Debug|Any CPU.Build.0 = Debug|Any CPU
		{5D08E3EE-4B34-457E-BECF-55362A4DAE42}.Debug|ARM.ActiveCfg = Debug|Any CPU
		{5D08E3EE-4B34-457E-BECF-55362A4DAE42}.Debug|iPhone.ActiveCfg = Debug|Any CPU
		{5D08E3EE-4B34-457E-BECF-55362A4DAE42}.Debug|iPhoneSimulator.ActiveCfg = Debug|Any CPU
		{5D08E3EE-4B34-457E-BECF-55362A4DAE42}.Debug|Mixed Platforms.ActiveCfg = Debug|Any CPU
		{5D08E3EE-4B34-457E-BECF-55362A4DAE42}.Debug|Mixed Platforms.Build.0 = Debug|Any CPU
		{5D08E3EE-4B34-457E-BECF-55362A4DAE42}.Debug|x86.ActiveCfg = Debug|Any CPU
		{5D08E3EE-4B34-457E-BECF-55362A4DAE42}.Release|Any CPU.ActiveCfg = Release|Any CPU
		{5D08E3EE-4B34-457E-BECF-55362A4DAE42}.Release|Any CPU.Build.0 = Release|Any CPU
		{5D08E3EE-4B34-457E-BECF-55362A4DAE42}.Release|ARM.ActiveCfg = Release|Any CPU
		{5D08E3EE-4B34-457E-BECF-55362A4DAE42}.Release|iPhone.ActiveCfg = Release|Any CPU
		{5D08E3EE-4B34-457E-BECF-55362A4DAE42}.Release|iPhoneSimulator.ActiveCfg = Release|Any CPU
		{5D08E3EE-4B34-457E-BECF-55362A4DAE42}.Release|Mixed Platforms.ActiveCfg = Release|Any CPU
		{5D08E3EE-4B34-457E-BECF-55362A4DAE42}.Release|Mixed Platforms.Build.0 = Release|Any CPU
		{5D08E3EE-4B34-457E-BECF-55362A4DAE42}.Release|x86.ActiveCfg = Release|Any CPU
		{3FFA069C-A791-4C34-A964-33566F2ECF82}.Ad-Hoc|Any CPU.ActiveCfg = Release|Any CPU
		{3FFA069C-A791-4C34-A964-33566F2ECF82}.Ad-Hoc|Any CPU.Build.0 = Release|Any CPU
		{3FFA069C-A791-4C34-A964-33566F2ECF82}.Ad-Hoc|ARM.ActiveCfg = Release|Any CPU
		{3FFA069C-A791-4C34-A964-33566F2ECF82}.Ad-Hoc|iPhone.ActiveCfg = Release|Any CPU
		{3FFA069C-A791-4C34-A964-33566F2ECF82}.Ad-Hoc|iPhoneSimulator.ActiveCfg = Release|Any CPU
		{3FFA069C-A791-4C34-A964-33566F2ECF82}.Ad-Hoc|Mixed Platforms.ActiveCfg = Release|Any CPU
		{3FFA069C-A791-4C34-A964-33566F2ECF82}.Ad-Hoc|Mixed Platforms.Build.0 = Release|Any CPU
		{3FFA069C-A791-4C34-A964-33566F2ECF82}.Ad-Hoc|x86.ActiveCfg = Release|Any CPU
		{3FFA069C-A791-4C34-A964-33566F2ECF82}.AppStore|Any CPU.ActiveCfg = Release|Any CPU
		{3FFA069C-A791-4C34-A964-33566F2ECF82}.AppStore|Any CPU.Build.0 = Release|Any CPU
		{3FFA069C-A791-4C34-A964-33566F2ECF82}.AppStore|ARM.ActiveCfg = Release|Any CPU
		{3FFA069C-A791-4C34-A964-33566F2ECF82}.AppStore|iPhone.ActiveCfg = Release|Any CPU
		{3FFA069C-A791-4C34-A964-33566F2ECF82}.AppStore|iPhoneSimulator.ActiveCfg = Release|Any CPU
		{3FFA069C-A791-4C34-A964-33566F2ECF82}.AppStore|Mixed Platforms.ActiveCfg = Release|Any CPU
		{3FFA069C-A791-4C34-A964-33566F2ECF82}.AppStore|Mixed Platforms.Build.0 = Release|Any CPU
		{3FFA069C-A791-4C34-A964-33566F2ECF82}.AppStore|x86.ActiveCfg = Release|Any CPU
		{3FFA069C-A791-4C34-A964-33566F2ECF82}.Debug|Any CPU.ActiveCfg = Debug|Any CPU
		{3FFA069C-A791-4C34-A964-33566F2ECF82}.Debug|Any CPU.Build.0 = Debug|Any CPU
		{3FFA069C-A791-4C34-A964-33566F2ECF82}.Debug|ARM.ActiveCfg = Debug|Any CPU
		{3FFA069C-A791-4C34-A964-33566F2ECF82}.Debug|iPhone.ActiveCfg = Debug|Any CPU
		{3FFA069C-A791-4C34-A964-33566F2ECF82}.Debug|iPhoneSimulator.ActiveCfg = Debug|Any CPU
		{3FFA069C-A791-4C34-A964-33566F2ECF82}.Debug|Mixed Platforms.ActiveCfg = Debug|Any CPU
		{3FFA069C-A791-4C34-A964-33566F2ECF82}.Debug|Mixed Platforms.Build.0 = Debug|Any CPU
		{3FFA069C-A791-4C34-A964-33566F2ECF82}.Debug|x86.ActiveCfg = Debug|Any CPU
		{3FFA069C-A791-4C34-A964-33566F2ECF82}.Release|Any CPU.ActiveCfg = Release|Any CPU
		{3FFA069C-A791-4C34-A964-33566F2ECF82}.Release|Any CPU.Build.0 = Release|Any CPU
		{3FFA069C-A791-4C34-A964-33566F2ECF82}.Release|ARM.ActiveCfg = Release|Any CPU
		{3FFA069C-A791-4C34-A964-33566F2ECF82}.Release|iPhone.ActiveCfg = Release|Any CPU
		{3FFA069C-A791-4C34-A964-33566F2ECF82}.Release|iPhoneSimulator.ActiveCfg = Release|Any CPU
		{3FFA069C-A791-4C34-A964-33566F2ECF82}.Release|Mixed Platforms.ActiveCfg = Release|Any CPU
		{3FFA069C-A791-4C34-A964-33566F2ECF82}.Release|Mixed Platforms.Build.0 = Release|Any CPU
		{3FFA069C-A791-4C34-A964-33566F2ECF82}.Release|x86.ActiveCfg = Release|Any CPU
	EndGlobalSection
	GlobalSection(SolutionProperties) = preSolution
		HideSolutionNode = FALSE
	EndGlobalSection
	GlobalSection(NestedProjects) = preSolution
		{71B37A9A-3C9B-4F4D-917F-99AF105A1EC0} = {CEFDE603-6CC3-4506-ADED-88AD1325A088}
		{5787EEB3-B2C9-48C3-A6DA-40031FC7AC39} = {CEFDE603-6CC3-4506-ADED-88AD1325A088}
		{F3F357BD-C546-4659-9EF0-E2A655C7CF3F} = {CEFDE603-6CC3-4506-ADED-88AD1325A088}
		{A8DF10D6-43EE-4BE8-92A8-1C33BBEAA406} = {CEFDE603-6CC3-4506-ADED-88AD1325A088}
		{84652856-F9D1-4128-8215-3F0A536DD4E3} = {CEFDE603-6CC3-4506-ADED-88AD1325A088}
		{CB330EF1-A43A-4626-9B96-21A8BEC63D6A} = {71B37A9A-3C9B-4F4D-917F-99AF105A1EC0}
		{4E78FF50-22D5-4FF5-8484-763738A26DC6} = {71B37A9A-3C9B-4F4D-917F-99AF105A1EC0}
		{A982F528-17D8-4ACD-8685-23E416D65C8E} = {71B37A9A-3C9B-4F4D-917F-99AF105A1EC0}
		{FC3008D3-456A-428B-91BE-729F0A538AF7} = {71B37A9A-3C9B-4F4D-917F-99AF105A1EC0}
		{D0741119-9120-4C19-86C1-2FE9596FD411} = {5433AA07-89FA-4305-8FE3-EE519BEB04BF}
		{B261A65B-E9E2-48E0-9527-350AE7A7C127} = {D0741119-9120-4C19-86C1-2FE9596FD411}
		{5EC8B9FE-E430-4E37-97C1-B2E17983D885} = {DC87D36C-D045-492F-B6D3-D1EA733E5F82}
		{C8DECC40-4079-4B79-BA6D-D42A6BFAE00C} = {5EC8B9FE-E430-4E37-97C1-B2E17983D885}
		{F24089DE-30F2-456B-89AF-E8316D37B5C7} = {5EC8B9FE-E430-4E37-97C1-B2E17983D885}
		{BF7D3A63-CBCA-4283-BBC2-01B2D97E3A6E} = {22CB7616-1FFB-47E8-999C-15B6123114E3}
		{DF915498-CF1E-48C4-A757-634EBF506AEB} = {22CB7616-1FFB-47E8-999C-15B6123114E3}
		{E4226E5B-ACC4-4CDF-A31D-7C403C21280F} = {5787EEB3-B2C9-48C3-A6DA-40031FC7AC39}
		{1233042A-2456-4636-B4F4-14F4E5963CAE} = {5787EEB3-B2C9-48C3-A6DA-40031FC7AC39}
		{5986D2AE-6250-4B51-B3D4-5649A85F5631} = {F3F357BD-C546-4659-9EF0-E2A655C7CF3F}
		{E76D06C8-F243-488C-9273-E0C159D3D21A} = {A8DF10D6-43EE-4BE8-92A8-1C33BBEAA406}
		{F129BA15-6C52-4503-96CA-E4CCD50F8516} = {A8DF10D6-43EE-4BE8-92A8-1C33BBEAA406}
		{5D08E3EE-4B34-457E-BECF-55362A4DAE42} = {84652856-F9D1-4128-8215-3F0A536DD4E3}
		{3FFA069C-A791-4C34-A964-33566F2ECF82} = {84652856-F9D1-4128-8215-3F0A536DD4E3}
	EndGlobalSection
EndGlobal
