
Microsoft Visual Studio Solution File, Format Version 12.00
# Visual Studio Version 16
VisualStudioVersion = 16.0.30002.166
MinimumVisualStudioVersion = 10.0.40219.1
Project("{2150E333-8FDC-42A3-9474-1A3956D46DE8}") = "Plugins", "Plugins", "{CEFDE603-6CC3-4506-ADED-88AD1325A088}"
EndProject
Project("{2150E333-8FDC-42A3-9474-1A3956D46DE8}") = "Solution Items", "Solution Items", "{4529C4FB-A4A2-4B4C-AE6F-200738060FA7}"
	ProjectSection(SolutionItems) = preProject
		Directory.build.props = Directory.build.props
		Directory.build.targets = Directory.build.targets
		global.json = global.json
	EndProjectSection
EndProject
Project("{2150E333-8FDC-42A3-9474-1A3956D46DE8}") = "Samples", "Samples", "{1A6967EE-07BE-4B36-8605-81D8CCDA86D0}"
	ProjectSection(SolutionItems) = preProject
		Samples\Directory.build.props = Samples\Directory.build.props
		Samples\Directory.build.targets = Samples\Directory.build.targets
	EndProjectSection
EndProject
Project("{2150E333-8FDC-42A3-9474-1A3956D46DE8}") = "Playground", "Playground", "{61983902-1DA2-4557-9DD9-4E116011548F}"
EndProject
Project("{9A19103F-16F7-4668-BE54-9A1E7A4F7556}") = "MvxExtensions.Plugins.Storage", "Plugins\Storage\MvxExtensions.Plugins.Storage.csproj", "{25B95456-71C8-43AB-91CA-FFE4702A5C24}"
EndProject
Project("{9A19103F-16F7-4668-BE54-9A1E7A4F7556}") = "MvxExtensions", "Libraries\MvxExtensions\MvxExtensions.csproj", "{BED5F20A-CACF-437C-8A32-2A76D66A91C0}"
EndProject
Project("{9A19103F-16F7-4668-BE54-9A1E7A4F7556}") = "MvxExtensions.Plugins.Notification", "Plugins\Notification\MvxExtensions.Plugins.Notification.csproj", "{8829789F-08F2-4E88-AE5A-58F3952F778E}"
EndProject
Project("{9A19103F-16F7-4668-BE54-9A1E7A4F7556}") = "MvxExtensions.Plugins.Logger", "Plugins\Logger\MvxExtensions.Plugins.Logger.csproj", "{684D8862-9F1A-40DB-ABFA-4B4513F74CB4}"
EndProject
Project("{9A19103F-16F7-4668-BE54-9A1E7A4F7556}") = "Playground.Core", "Samples\Playground\Playground.Core\Playground.Core.csproj", "{45AF8427-DB12-4724-B883-00821DB40F48}"
EndProject
Project("{FAE04EC0-301F-11D3-BF4B-00C04F79EFBC}") = "Playground.Droid", "Samples\Playground\Playground.Droid\Playground.Droid.csproj", "{C4D88E6F-E805-4BE9-8583-A2FB5D082A51}"
EndProject
Project("{FAE04EC0-301F-11D3-BF4B-00C04F79EFBC}") = "Playground.iOS", "Samples\Playground\Playground.iOS\Playground.iOS.csproj", "{101E3060-8799-4119-8A7A-4F86A01C0C84}"
EndProject
Project("{9A19103F-16F7-4668-BE54-9A1E7A4F7556}") = "MvxExtensions.Droid.Support", "Libraries\MvxExtensions.Droid.Support\MvxExtensions.Droid.Support.csproj", "{A973DF64-1677-4072-AC28-E63A7AE7617E}"
EndProject
Global
	GlobalSection(SolutionConfigurationPlatforms) = preSolution
		Ad-Hoc|Any CPU = Ad-Hoc|Any CPU
		Ad-Hoc|ARM = Ad-Hoc|ARM
		Ad-Hoc|iPhone = Ad-Hoc|iPhone
		Ad-Hoc|iPhoneSimulator = Ad-Hoc|iPhoneSimulator
		Ad-Hoc|Mixed Platforms = Ad-Hoc|Mixed Platforms
		Ad-Hoc|x64 = Ad-Hoc|x64
		Ad-Hoc|x86 = Ad-Hoc|x86
		AppStore|Any CPU = AppStore|Any CPU
		AppStore|ARM = AppStore|ARM
		AppStore|iPhone = AppStore|iPhone
		AppStore|iPhoneSimulator = AppStore|iPhoneSimulator
		AppStore|Mixed Platforms = AppStore|Mixed Platforms
		AppStore|x64 = AppStore|x64
		AppStore|x86 = AppStore|x86
		Debug|Any CPU = Debug|Any CPU
		Debug|ARM = Debug|ARM
		Debug|iPhone = Debug|iPhone
		Debug|iPhoneSimulator = Debug|iPhoneSimulator
		Debug|Mixed Platforms = Debug|Mixed Platforms
		Debug|x64 = Debug|x64
		Debug|x86 = Debug|x86
		Release|Any CPU = Release|Any CPU
		Release|ARM = Release|ARM
		Release|iPhone = Release|iPhone
		Release|iPhoneSimulator = Release|iPhoneSimulator
		Release|Mixed Platforms = Release|Mixed Platforms
		Release|x64 = Release|x64
		Release|x86 = Release|x86
	EndGlobalSection
	GlobalSection(ProjectConfigurationPlatforms) = postSolution
		{25B95456-71C8-43AB-91CA-FFE4702A5C24}.Ad-Hoc|Any CPU.ActiveCfg = Debug|Any CPU
		{25B95456-71C8-43AB-91CA-FFE4702A5C24}.Ad-Hoc|Any CPU.Build.0 = Debug|Any CPU
		{25B95456-71C8-43AB-91CA-FFE4702A5C24}.Ad-Hoc|ARM.ActiveCfg = Debug|Any CPU
		{25B95456-71C8-43AB-91CA-FFE4702A5C24}.Ad-Hoc|ARM.Build.0 = Debug|Any CPU
		{25B95456-71C8-43AB-91CA-FFE4702A5C24}.Ad-Hoc|iPhone.ActiveCfg = Debug|Any CPU
		{25B95456-71C8-43AB-91CA-FFE4702A5C24}.Ad-Hoc|iPhone.Build.0 = Debug|Any CPU
		{25B95456-71C8-43AB-91CA-FFE4702A5C24}.Ad-Hoc|iPhoneSimulator.ActiveCfg = Debug|Any CPU
		{25B95456-71C8-43AB-91CA-FFE4702A5C24}.Ad-Hoc|iPhoneSimulator.Build.0 = Debug|Any CPU
		{25B95456-71C8-43AB-91CA-FFE4702A5C24}.Ad-Hoc|Mixed Platforms.ActiveCfg = Debug|Any CPU
		{25B95456-71C8-43AB-91CA-FFE4702A5C24}.Ad-Hoc|Mixed Platforms.Build.0 = Debug|Any CPU
		{25B95456-71C8-43AB-91CA-FFE4702A5C24}.Ad-Hoc|x64.ActiveCfg = Release|Any CPU
		{25B95456-71C8-43AB-91CA-FFE4702A5C24}.Ad-Hoc|x64.Build.0 = Release|Any CPU
		{25B95456-71C8-43AB-91CA-FFE4702A5C24}.Ad-Hoc|x86.ActiveCfg = Debug|Any CPU
		{25B95456-71C8-43AB-91CA-FFE4702A5C24}.Ad-Hoc|x86.Build.0 = Debug|Any CPU
		{25B95456-71C8-43AB-91CA-FFE4702A5C24}.AppStore|Any CPU.ActiveCfg = Debug|Any CPU
		{25B95456-71C8-43AB-91CA-FFE4702A5C24}.AppStore|Any CPU.Build.0 = Debug|Any CPU
		{25B95456-71C8-43AB-91CA-FFE4702A5C24}.AppStore|ARM.ActiveCfg = Debug|Any CPU
		{25B95456-71C8-43AB-91CA-FFE4702A5C24}.AppStore|ARM.Build.0 = Debug|Any CPU
		{25B95456-71C8-43AB-91CA-FFE4702A5C24}.AppStore|iPhone.ActiveCfg = Debug|Any CPU
		{25B95456-71C8-43AB-91CA-FFE4702A5C24}.AppStore|iPhone.Build.0 = Debug|Any CPU
		{25B95456-71C8-43AB-91CA-FFE4702A5C24}.AppStore|iPhoneSimulator.ActiveCfg = Debug|Any CPU
		{25B95456-71C8-43AB-91CA-FFE4702A5C24}.AppStore|iPhoneSimulator.Build.0 = Debug|Any CPU
		{25B95456-71C8-43AB-91CA-FFE4702A5C24}.AppStore|Mixed Platforms.ActiveCfg = Debug|Any CPU
		{25B95456-71C8-43AB-91CA-FFE4702A5C24}.AppStore|Mixed Platforms.Build.0 = Debug|Any CPU
		{25B95456-71C8-43AB-91CA-FFE4702A5C24}.AppStore|x64.ActiveCfg = Release|Any CPU
		{25B95456-71C8-43AB-91CA-FFE4702A5C24}.AppStore|x64.Build.0 = Release|Any CPU
		{25B95456-71C8-43AB-91CA-FFE4702A5C24}.AppStore|x86.ActiveCfg = Debug|Any CPU
		{25B95456-71C8-43AB-91CA-FFE4702A5C24}.AppStore|x86.Build.0 = Debug|Any CPU
		{25B95456-71C8-43AB-91CA-FFE4702A5C24}.Debug|Any CPU.ActiveCfg = Debug|Any CPU
		{25B95456-71C8-43AB-91CA-FFE4702A5C24}.Debug|Any CPU.Build.0 = Debug|Any CPU
		{25B95456-71C8-43AB-91CA-FFE4702A5C24}.Debug|ARM.ActiveCfg = Debug|Any CPU
		{25B95456-71C8-43AB-91CA-FFE4702A5C24}.Debug|ARM.Build.0 = Debug|Any CPU
		{25B95456-71C8-43AB-91CA-FFE4702A5C24}.Debug|iPhone.ActiveCfg = Debug|Any CPU
		{25B95456-71C8-43AB-91CA-FFE4702A5C24}.Debug|iPhone.Build.0 = Debug|Any CPU
		{25B95456-71C8-43AB-91CA-FFE4702A5C24}.Debug|iPhoneSimulator.ActiveCfg = Debug|Any CPU
		{25B95456-71C8-43AB-91CA-FFE4702A5C24}.Debug|iPhoneSimulator.Build.0 = Debug|Any CPU
		{25B95456-71C8-43AB-91CA-FFE4702A5C24}.Debug|Mixed Platforms.ActiveCfg = Debug|Any CPU
		{25B95456-71C8-43AB-91CA-FFE4702A5C24}.Debug|Mixed Platforms.Build.0 = Debug|Any CPU
		{25B95456-71C8-43AB-91CA-FFE4702A5C24}.Debug|x64.ActiveCfg = Debug|Any CPU
		{25B95456-71C8-43AB-91CA-FFE4702A5C24}.Debug|x64.Build.0 = Debug|Any CPU
		{25B95456-71C8-43AB-91CA-FFE4702A5C24}.Debug|x86.ActiveCfg = Debug|Any CPU
		{25B95456-71C8-43AB-91CA-FFE4702A5C24}.Debug|x86.Build.0 = Debug|Any CPU
		{25B95456-71C8-43AB-91CA-FFE4702A5C24}.Release|Any CPU.ActiveCfg = Release|Any CPU
		{25B95456-71C8-43AB-91CA-FFE4702A5C24}.Release|Any CPU.Build.0 = Release|Any CPU
		{25B95456-71C8-43AB-91CA-FFE4702A5C24}.Release|ARM.ActiveCfg = Release|Any CPU
		{25B95456-71C8-43AB-91CA-FFE4702A5C24}.Release|ARM.Build.0 = Release|Any CPU
		{25B95456-71C8-43AB-91CA-FFE4702A5C24}.Release|iPhone.ActiveCfg = Release|Any CPU
		{25B95456-71C8-43AB-91CA-FFE4702A5C24}.Release|iPhone.Build.0 = Release|Any CPU
		{25B95456-71C8-43AB-91CA-FFE4702A5C24}.Release|iPhoneSimulator.ActiveCfg = Release|Any CPU
		{25B95456-71C8-43AB-91CA-FFE4702A5C24}.Release|iPhoneSimulator.Build.0 = Release|Any CPU
		{25B95456-71C8-43AB-91CA-FFE4702A5C24}.Release|Mixed Platforms.ActiveCfg = Release|Any CPU
		{25B95456-71C8-43AB-91CA-FFE4702A5C24}.Release|Mixed Platforms.Build.0 = Release|Any CPU
		{25B95456-71C8-43AB-91CA-FFE4702A5C24}.Release|x64.ActiveCfg = Release|Any CPU
		{25B95456-71C8-43AB-91CA-FFE4702A5C24}.Release|x64.Build.0 = Release|Any CPU
		{25B95456-71C8-43AB-91CA-FFE4702A5C24}.Release|x86.ActiveCfg = Release|Any CPU
		{25B95456-71C8-43AB-91CA-FFE4702A5C24}.Release|x86.Build.0 = Release|Any CPU
		{BED5F20A-CACF-437C-8A32-2A76D66A91C0}.Ad-Hoc|Any CPU.ActiveCfg = Debug|Any CPU
		{BED5F20A-CACF-437C-8A32-2A76D66A91C0}.Ad-Hoc|Any CPU.Build.0 = Debug|Any CPU
		{BED5F20A-CACF-437C-8A32-2A76D66A91C0}.Ad-Hoc|ARM.ActiveCfg = Debug|Any CPU
		{BED5F20A-CACF-437C-8A32-2A76D66A91C0}.Ad-Hoc|ARM.Build.0 = Debug|Any CPU
		{BED5F20A-CACF-437C-8A32-2A76D66A91C0}.Ad-Hoc|iPhone.ActiveCfg = Debug|Any CPU
		{BED5F20A-CACF-437C-8A32-2A76D66A91C0}.Ad-Hoc|iPhone.Build.0 = Debug|Any CPU
		{BED5F20A-CACF-437C-8A32-2A76D66A91C0}.Ad-Hoc|iPhoneSimulator.ActiveCfg = Debug|Any CPU
		{BED5F20A-CACF-437C-8A32-2A76D66A91C0}.Ad-Hoc|iPhoneSimulator.Build.0 = Debug|Any CPU
		{BED5F20A-CACF-437C-8A32-2A76D66A91C0}.Ad-Hoc|Mixed Platforms.ActiveCfg = Debug|Any CPU
		{BED5F20A-CACF-437C-8A32-2A76D66A91C0}.Ad-Hoc|Mixed Platforms.Build.0 = Debug|Any CPU
		{BED5F20A-CACF-437C-8A32-2A76D66A91C0}.Ad-Hoc|x64.ActiveCfg = Release|Any CPU
		{BED5F20A-CACF-437C-8A32-2A76D66A91C0}.Ad-Hoc|x86.ActiveCfg = Debug|Any CPU
		{BED5F20A-CACF-437C-8A32-2A76D66A91C0}.Ad-Hoc|x86.Build.0 = Debug|Any CPU
		{BED5F20A-CACF-437C-8A32-2A76D66A91C0}.AppStore|Any CPU.ActiveCfg = Debug|Any CPU
		{BED5F20A-CACF-437C-8A32-2A76D66A91C0}.AppStore|Any CPU.Build.0 = Debug|Any CPU
		{BED5F20A-CACF-437C-8A32-2A76D66A91C0}.AppStore|ARM.ActiveCfg = Debug|Any CPU
		{BED5F20A-CACF-437C-8A32-2A76D66A91C0}.AppStore|ARM.Build.0 = Debug|Any CPU
		{BED5F20A-CACF-437C-8A32-2A76D66A91C0}.AppStore|iPhone.ActiveCfg = Debug|Any CPU
		{BED5F20A-CACF-437C-8A32-2A76D66A91C0}.AppStore|iPhone.Build.0 = Debug|Any CPU
		{BED5F20A-CACF-437C-8A32-2A76D66A91C0}.AppStore|iPhoneSimulator.ActiveCfg = Debug|Any CPU
		{BED5F20A-CACF-437C-8A32-2A76D66A91C0}.AppStore|iPhoneSimulator.Build.0 = Debug|Any CPU
		{BED5F20A-CACF-437C-8A32-2A76D66A91C0}.AppStore|Mixed Platforms.ActiveCfg = Debug|Any CPU
		{BED5F20A-CACF-437C-8A32-2A76D66A91C0}.AppStore|Mixed Platforms.Build.0 = Debug|Any CPU
		{BED5F20A-CACF-437C-8A32-2A76D66A91C0}.AppStore|x64.ActiveCfg = Release|Any CPU
		{BED5F20A-CACF-437C-8A32-2A76D66A91C0}.AppStore|x86.ActiveCfg = Debug|Any CPU
		{BED5F20A-CACF-437C-8A32-2A76D66A91C0}.AppStore|x86.Build.0 = Debug|Any CPU
		{BED5F20A-CACF-437C-8A32-2A76D66A91C0}.Debug|Any CPU.ActiveCfg = Debug|Any CPU
		{BED5F20A-CACF-437C-8A32-2A76D66A91C0}.Debug|Any CPU.Build.0 = Debug|Any CPU
		{BED5F20A-CACF-437C-8A32-2A76D66A91C0}.Debug|ARM.ActiveCfg = Debug|Any CPU
		{BED5F20A-CACF-437C-8A32-2A76D66A91C0}.Debug|ARM.Build.0 = Debug|Any CPU
		{BED5F20A-CACF-437C-8A32-2A76D66A91C0}.Debug|iPhone.ActiveCfg = Debug|Any CPU
		{BED5F20A-CACF-437C-8A32-2A76D66A91C0}.Debug|iPhone.Build.0 = Debug|Any CPU
		{BED5F20A-CACF-437C-8A32-2A76D66A91C0}.Debug|iPhoneSimulator.ActiveCfg = Debug|Any CPU
		{BED5F20A-CACF-437C-8A32-2A76D66A91C0}.Debug|iPhoneSimulator.Build.0 = Debug|Any CPU
		{BED5F20A-CACF-437C-8A32-2A76D66A91C0}.Debug|Mixed Platforms.ActiveCfg = Debug|Any CPU
		{BED5F20A-CACF-437C-8A32-2A76D66A91C0}.Debug|Mixed Platforms.Build.0 = Debug|Any CPU
		{BED5F20A-CACF-437C-8A32-2A76D66A91C0}.Debug|x64.ActiveCfg = Debug|Any CPU
		{BED5F20A-CACF-437C-8A32-2A76D66A91C0}.Debug|x86.ActiveCfg = Debug|Any CPU
		{BED5F20A-CACF-437C-8A32-2A76D66A91C0}.Debug|x86.Build.0 = Debug|Any CPU
		{BED5F20A-CACF-437C-8A32-2A76D66A91C0}.Release|Any CPU.ActiveCfg = Release|Any CPU
		{BED5F20A-CACF-437C-8A32-2A76D66A91C0}.Release|Any CPU.Build.0 = Release|Any CPU
		{BED5F20A-CACF-437C-8A32-2A76D66A91C0}.Release|ARM.ActiveCfg = Release|Any CPU
		{BED5F20A-CACF-437C-8A32-2A76D66A91C0}.Release|ARM.Build.0 = Release|Any CPU
		{BED5F20A-CACF-437C-8A32-2A76D66A91C0}.Release|iPhone.ActiveCfg = Release|Any CPU
		{BED5F20A-CACF-437C-8A32-2A76D66A91C0}.Release|iPhone.Build.0 = Release|Any CPU
		{BED5F20A-CACF-437C-8A32-2A76D66A91C0}.Release|iPhoneSimulator.ActiveCfg = Release|Any CPU
		{BED5F20A-CACF-437C-8A32-2A76D66A91C0}.Release|iPhoneSimulator.Build.0 = Release|Any CPU
		{BED5F20A-CACF-437C-8A32-2A76D66A91C0}.Release|Mixed Platforms.ActiveCfg = Release|Any CPU
		{BED5F20A-CACF-437C-8A32-2A76D66A91C0}.Release|Mixed Platforms.Build.0 = Release|Any CPU
		{BED5F20A-CACF-437C-8A32-2A76D66A91C0}.Release|x64.ActiveCfg = Release|Any CPU
		{BED5F20A-CACF-437C-8A32-2A76D66A91C0}.Release|x86.ActiveCfg = Release|Any CPU
		{BED5F20A-CACF-437C-8A32-2A76D66A91C0}.Release|x86.Build.0 = Release|Any CPU
		{8829789F-08F2-4E88-AE5A-58F3952F778E}.Ad-Hoc|Any CPU.ActiveCfg = Debug|Any CPU
		{8829789F-08F2-4E88-AE5A-58F3952F778E}.Ad-Hoc|Any CPU.Build.0 = Debug|Any CPU
		{8829789F-08F2-4E88-AE5A-58F3952F778E}.Ad-Hoc|ARM.ActiveCfg = Debug|Any CPU
		{8829789F-08F2-4E88-AE5A-58F3952F778E}.Ad-Hoc|ARM.Build.0 = Debug|Any CPU
		{8829789F-08F2-4E88-AE5A-58F3952F778E}.Ad-Hoc|iPhone.ActiveCfg = Debug|Any CPU
		{8829789F-08F2-4E88-AE5A-58F3952F778E}.Ad-Hoc|iPhone.Build.0 = Debug|Any CPU
		{8829789F-08F2-4E88-AE5A-58F3952F778E}.Ad-Hoc|iPhoneSimulator.ActiveCfg = Debug|Any CPU
		{8829789F-08F2-4E88-AE5A-58F3952F778E}.Ad-Hoc|iPhoneSimulator.Build.0 = Debug|Any CPU
		{8829789F-08F2-4E88-AE5A-58F3952F778E}.Ad-Hoc|Mixed Platforms.ActiveCfg = Debug|Any CPU
		{8829789F-08F2-4E88-AE5A-58F3952F778E}.Ad-Hoc|Mixed Platforms.Build.0 = Debug|Any CPU
		{8829789F-08F2-4E88-AE5A-58F3952F778E}.Ad-Hoc|x64.ActiveCfg = Release|Any CPU
		{8829789F-08F2-4E88-AE5A-58F3952F778E}.Ad-Hoc|x64.Build.0 = Release|Any CPU
		{8829789F-08F2-4E88-AE5A-58F3952F778E}.Ad-Hoc|x86.ActiveCfg = Debug|Any CPU
		{8829789F-08F2-4E88-AE5A-58F3952F778E}.Ad-Hoc|x86.Build.0 = Debug|Any CPU
		{8829789F-08F2-4E88-AE5A-58F3952F778E}.AppStore|Any CPU.ActiveCfg = Debug|Any CPU
		{8829789F-08F2-4E88-AE5A-58F3952F778E}.AppStore|Any CPU.Build.0 = Debug|Any CPU
		{8829789F-08F2-4E88-AE5A-58F3952F778E}.AppStore|ARM.ActiveCfg = Debug|Any CPU
		{8829789F-08F2-4E88-AE5A-58F3952F778E}.AppStore|ARM.Build.0 = Debug|Any CPU
		{8829789F-08F2-4E88-AE5A-58F3952F778E}.AppStore|iPhone.ActiveCfg = Debug|Any CPU
		{8829789F-08F2-4E88-AE5A-58F3952F778E}.AppStore|iPhone.Build.0 = Debug|Any CPU
		{8829789F-08F2-4E88-AE5A-58F3952F778E}.AppStore|iPhoneSimulator.ActiveCfg = Debug|Any CPU
		{8829789F-08F2-4E88-AE5A-58F3952F778E}.AppStore|iPhoneSimulator.Build.0 = Debug|Any CPU
		{8829789F-08F2-4E88-AE5A-58F3952F778E}.AppStore|Mixed Platforms.ActiveCfg = Debug|Any CPU
		{8829789F-08F2-4E88-AE5A-58F3952F778E}.AppStore|Mixed Platforms.Build.0 = Debug|Any CPU
		{8829789F-08F2-4E88-AE5A-58F3952F778E}.AppStore|x64.ActiveCfg = Release|Any CPU
		{8829789F-08F2-4E88-AE5A-58F3952F778E}.AppStore|x64.Build.0 = Release|Any CPU
		{8829789F-08F2-4E88-AE5A-58F3952F778E}.AppStore|x86.ActiveCfg = Debug|Any CPU
		{8829789F-08F2-4E88-AE5A-58F3952F778E}.AppStore|x86.Build.0 = Debug|Any CPU
		{8829789F-08F2-4E88-AE5A-58F3952F778E}.Debug|Any CPU.ActiveCfg = Debug|Any CPU
		{8829789F-08F2-4E88-AE5A-58F3952F778E}.Debug|Any CPU.Build.0 = Debug|Any CPU
		{8829789F-08F2-4E88-AE5A-58F3952F778E}.Debug|ARM.ActiveCfg = Debug|Any CPU
		{8829789F-08F2-4E88-AE5A-58F3952F778E}.Debug|ARM.Build.0 = Debug|Any CPU
		{8829789F-08F2-4E88-AE5A-58F3952F778E}.Debug|iPhone.ActiveCfg = Debug|Any CPU
		{8829789F-08F2-4E88-AE5A-58F3952F778E}.Debug|iPhone.Build.0 = Debug|Any CPU
		{8829789F-08F2-4E88-AE5A-58F3952F778E}.Debug|iPhoneSimulator.ActiveCfg = Debug|Any CPU
		{8829789F-08F2-4E88-AE5A-58F3952F778E}.Debug|iPhoneSimulator.Build.0 = Debug|Any CPU
		{8829789F-08F2-4E88-AE5A-58F3952F778E}.Debug|Mixed Platforms.ActiveCfg = Debug|Any CPU
		{8829789F-08F2-4E88-AE5A-58F3952F778E}.Debug|Mixed Platforms.Build.0 = Debug|Any CPU
		{8829789F-08F2-4E88-AE5A-58F3952F778E}.Debug|x64.ActiveCfg = Debug|Any CPU
		{8829789F-08F2-4E88-AE5A-58F3952F778E}.Debug|x64.Build.0 = Debug|Any CPU
		{8829789F-08F2-4E88-AE5A-58F3952F778E}.Debug|x86.ActiveCfg = Debug|Any CPU
		{8829789F-08F2-4E88-AE5A-58F3952F778E}.Debug|x86.Build.0 = Debug|Any CPU
		{8829789F-08F2-4E88-AE5A-58F3952F778E}.Release|Any CPU.ActiveCfg = Release|Any CPU
		{8829789F-08F2-4E88-AE5A-58F3952F778E}.Release|Any CPU.Build.0 = Release|Any CPU
		{8829789F-08F2-4E88-AE5A-58F3952F778E}.Release|ARM.ActiveCfg = Release|Any CPU
		{8829789F-08F2-4E88-AE5A-58F3952F778E}.Release|ARM.Build.0 = Release|Any CPU
		{8829789F-08F2-4E88-AE5A-58F3952F778E}.Release|iPhone.ActiveCfg = Release|Any CPU
		{8829789F-08F2-4E88-AE5A-58F3952F778E}.Release|iPhone.Build.0 = Release|Any CPU
		{8829789F-08F2-4E88-AE5A-58F3952F778E}.Release|iPhoneSimulator.ActiveCfg = Release|Any CPU
		{8829789F-08F2-4E88-AE5A-58F3952F778E}.Release|iPhoneSimulator.Build.0 = Release|Any CPU
		{8829789F-08F2-4E88-AE5A-58F3952F778E}.Release|Mixed Platforms.ActiveCfg = Release|Any CPU
		{8829789F-08F2-4E88-AE5A-58F3952F778E}.Release|Mixed Platforms.Build.0 = Release|Any CPU
		{8829789F-08F2-4E88-AE5A-58F3952F778E}.Release|x64.ActiveCfg = Release|Any CPU
		{8829789F-08F2-4E88-AE5A-58F3952F778E}.Release|x64.Build.0 = Release|Any CPU
		{8829789F-08F2-4E88-AE5A-58F3952F778E}.Release|x86.ActiveCfg = Release|Any CPU
		{8829789F-08F2-4E88-AE5A-58F3952F778E}.Release|x86.Build.0 = Release|Any CPU
		{684D8862-9F1A-40DB-ABFA-4B4513F74CB4}.Ad-Hoc|Any CPU.ActiveCfg = Debug|Any CPU
		{684D8862-9F1A-40DB-ABFA-4B4513F74CB4}.Ad-Hoc|Any CPU.Build.0 = Debug|Any CPU
		{684D8862-9F1A-40DB-ABFA-4B4513F74CB4}.Ad-Hoc|ARM.ActiveCfg = Debug|Any CPU
		{684D8862-9F1A-40DB-ABFA-4B4513F74CB4}.Ad-Hoc|ARM.Build.0 = Debug|Any CPU
		{684D8862-9F1A-40DB-ABFA-4B4513F74CB4}.Ad-Hoc|iPhone.ActiveCfg = Debug|Any CPU
		{684D8862-9F1A-40DB-ABFA-4B4513F74CB4}.Ad-Hoc|iPhone.Build.0 = Debug|Any CPU
		{684D8862-9F1A-40DB-ABFA-4B4513F74CB4}.Ad-Hoc|iPhoneSimulator.ActiveCfg = Debug|Any CPU
		{684D8862-9F1A-40DB-ABFA-4B4513F74CB4}.Ad-Hoc|iPhoneSimulator.Build.0 = Debug|Any CPU
		{684D8862-9F1A-40DB-ABFA-4B4513F74CB4}.Ad-Hoc|Mixed Platforms.ActiveCfg = Debug|Any CPU
		{684D8862-9F1A-40DB-ABFA-4B4513F74CB4}.Ad-Hoc|Mixed Platforms.Build.0 = Debug|Any CPU
		{684D8862-9F1A-40DB-ABFA-4B4513F74CB4}.Ad-Hoc|x64.ActiveCfg = Debug|Any CPU
		{684D8862-9F1A-40DB-ABFA-4B4513F74CB4}.Ad-Hoc|x64.Build.0 = Debug|Any CPU
		{684D8862-9F1A-40DB-ABFA-4B4513F74CB4}.Ad-Hoc|x86.ActiveCfg = Debug|Any CPU
		{684D8862-9F1A-40DB-ABFA-4B4513F74CB4}.Ad-Hoc|x86.Build.0 = Debug|Any CPU
		{684D8862-9F1A-40DB-ABFA-4B4513F74CB4}.AppStore|Any CPU.ActiveCfg = Debug|Any CPU
		{684D8862-9F1A-40DB-ABFA-4B4513F74CB4}.AppStore|Any CPU.Build.0 = Debug|Any CPU
		{684D8862-9F1A-40DB-ABFA-4B4513F74CB4}.AppStore|ARM.ActiveCfg = Debug|Any CPU
		{684D8862-9F1A-40DB-ABFA-4B4513F74CB4}.AppStore|ARM.Build.0 = Debug|Any CPU
		{684D8862-9F1A-40DB-ABFA-4B4513F74CB4}.AppStore|iPhone.ActiveCfg = Debug|Any CPU
		{684D8862-9F1A-40DB-ABFA-4B4513F74CB4}.AppStore|iPhone.Build.0 = Debug|Any CPU
		{684D8862-9F1A-40DB-ABFA-4B4513F74CB4}.AppStore|iPhoneSimulator.ActiveCfg = Debug|Any CPU
		{684D8862-9F1A-40DB-ABFA-4B4513F74CB4}.AppStore|iPhoneSimulator.Build.0 = Debug|Any CPU
		{684D8862-9F1A-40DB-ABFA-4B4513F74CB4}.AppStore|Mixed Platforms.ActiveCfg = Debug|Any CPU
		{684D8862-9F1A-40DB-ABFA-4B4513F74CB4}.AppStore|Mixed Platforms.Build.0 = Debug|Any CPU
		{684D8862-9F1A-40DB-ABFA-4B4513F74CB4}.AppStore|x64.ActiveCfg = Debug|Any CPU
		{684D8862-9F1A-40DB-ABFA-4B4513F74CB4}.AppStore|x64.Build.0 = Debug|Any CPU
		{684D8862-9F1A-40DB-ABFA-4B4513F74CB4}.AppStore|x86.ActiveCfg = Debug|Any CPU
		{684D8862-9F1A-40DB-ABFA-4B4513F74CB4}.AppStore|x86.Build.0 = Debug|Any CPU
		{684D8862-9F1A-40DB-ABFA-4B4513F74CB4}.Debug|Any CPU.ActiveCfg = Debug|Any CPU
		{684D8862-9F1A-40DB-ABFA-4B4513F74CB4}.Debug|Any CPU.Build.0 = Debug|Any CPU
		{684D8862-9F1A-40DB-ABFA-4B4513F74CB4}.Debug|ARM.ActiveCfg = Debug|Any CPU
		{684D8862-9F1A-40DB-ABFA-4B4513F74CB4}.Debug|ARM.Build.0 = Debug|Any CPU
		{684D8862-9F1A-40DB-ABFA-4B4513F74CB4}.Debug|iPhone.ActiveCfg = Debug|Any CPU
		{684D8862-9F1A-40DB-ABFA-4B4513F74CB4}.Debug|iPhone.Build.0 = Debug|Any CPU
		{684D8862-9F1A-40DB-ABFA-4B4513F74CB4}.Debug|iPhoneSimulator.ActiveCfg = Debug|Any CPU
		{684D8862-9F1A-40DB-ABFA-4B4513F74CB4}.Debug|iPhoneSimulator.Build.0 = Debug|Any CPU
		{684D8862-9F1A-40DB-ABFA-4B4513F74CB4}.Debug|Mixed Platforms.ActiveCfg = Debug|Any CPU
		{684D8862-9F1A-40DB-ABFA-4B4513F74CB4}.Debug|Mixed Platforms.Build.0 = Debug|Any CPU
		{684D8862-9F1A-40DB-ABFA-4B4513F74CB4}.Debug|x64.ActiveCfg = Debug|Any CPU
		{684D8862-9F1A-40DB-ABFA-4B4513F74CB4}.Debug|x64.Build.0 = Debug|Any CPU
		{684D8862-9F1A-40DB-ABFA-4B4513F74CB4}.Debug|x86.ActiveCfg = Debug|Any CPU
		{684D8862-9F1A-40DB-ABFA-4B4513F74CB4}.Debug|x86.Build.0 = Debug|Any CPU
		{684D8862-9F1A-40DB-ABFA-4B4513F74CB4}.Release|Any CPU.ActiveCfg = Release|Any CPU
		{684D8862-9F1A-40DB-ABFA-4B4513F74CB4}.Release|Any CPU.Build.0 = Release|Any CPU
		{684D8862-9F1A-40DB-ABFA-4B4513F74CB4}.Release|ARM.ActiveCfg = Release|Any CPU
		{684D8862-9F1A-40DB-ABFA-4B4513F74CB4}.Release|ARM.Build.0 = Release|Any CPU
		{684D8862-9F1A-40DB-ABFA-4B4513F74CB4}.Release|iPhone.ActiveCfg = Release|Any CPU
		{684D8862-9F1A-40DB-ABFA-4B4513F74CB4}.Release|iPhone.Build.0 = Release|Any CPU
		{684D8862-9F1A-40DB-ABFA-4B4513F74CB4}.Release|iPhoneSimulator.ActiveCfg = Release|Any CPU
		{684D8862-9F1A-40DB-ABFA-4B4513F74CB4}.Release|iPhoneSimulator.Build.0 = Release|Any CPU
		{684D8862-9F1A-40DB-ABFA-4B4513F74CB4}.Release|Mixed Platforms.ActiveCfg = Release|Any CPU
		{684D8862-9F1A-40DB-ABFA-4B4513F74CB4}.Release|Mixed Platforms.Build.0 = Release|Any CPU
		{684D8862-9F1A-40DB-ABFA-4B4513F74CB4}.Release|x64.ActiveCfg = Release|Any CPU
		{684D8862-9F1A-40DB-ABFA-4B4513F74CB4}.Release|x64.Build.0 = Release|Any CPU
		{684D8862-9F1A-40DB-ABFA-4B4513F74CB4}.Release|x86.ActiveCfg = Release|Any CPU
		{684D8862-9F1A-40DB-ABFA-4B4513F74CB4}.Release|x86.Build.0 = Release|Any CPU
		{45AF8427-DB12-4724-B883-00821DB40F48}.Ad-Hoc|Any CPU.ActiveCfg = Debug|Any CPU
		{45AF8427-DB12-4724-B883-00821DB40F48}.Ad-Hoc|Any CPU.Build.0 = Debug|Any CPU
		{45AF8427-DB12-4724-B883-00821DB40F48}.Ad-Hoc|ARM.ActiveCfg = Debug|Any CPU
		{45AF8427-DB12-4724-B883-00821DB40F48}.Ad-Hoc|ARM.Build.0 = Debug|Any CPU
		{45AF8427-DB12-4724-B883-00821DB40F48}.Ad-Hoc|iPhone.ActiveCfg = Debug|Any CPU
		{45AF8427-DB12-4724-B883-00821DB40F48}.Ad-Hoc|iPhone.Build.0 = Debug|Any CPU
		{45AF8427-DB12-4724-B883-00821DB40F48}.Ad-Hoc|iPhoneSimulator.ActiveCfg = Debug|Any CPU
		{45AF8427-DB12-4724-B883-00821DB40F48}.Ad-Hoc|iPhoneSimulator.Build.0 = Debug|Any CPU
		{45AF8427-DB12-4724-B883-00821DB40F48}.Ad-Hoc|Mixed Platforms.ActiveCfg = Debug|Any CPU
		{45AF8427-DB12-4724-B883-00821DB40F48}.Ad-Hoc|Mixed Platforms.Build.0 = Debug|Any CPU
		{45AF8427-DB12-4724-B883-00821DB40F48}.Ad-Hoc|x64.ActiveCfg = Debug|Any CPU
		{45AF8427-DB12-4724-B883-00821DB40F48}.Ad-Hoc|x64.Build.0 = Debug|Any CPU
		{45AF8427-DB12-4724-B883-00821DB40F48}.Ad-Hoc|x86.ActiveCfg = Debug|Any CPU
		{45AF8427-DB12-4724-B883-00821DB40F48}.Ad-Hoc|x86.Build.0 = Debug|Any CPU
		{45AF8427-DB12-4724-B883-00821DB40F48}.AppStore|Any CPU.ActiveCfg = Debug|Any CPU
		{45AF8427-DB12-4724-B883-00821DB40F48}.AppStore|Any CPU.Build.0 = Debug|Any CPU
		{45AF8427-DB12-4724-B883-00821DB40F48}.AppStore|ARM.ActiveCfg = Debug|Any CPU
		{45AF8427-DB12-4724-B883-00821DB40F48}.AppStore|ARM.Build.0 = Debug|Any CPU
		{45AF8427-DB12-4724-B883-00821DB40F48}.AppStore|iPhone.ActiveCfg = Debug|Any CPU
		{45AF8427-DB12-4724-B883-00821DB40F48}.AppStore|iPhone.Build.0 = Debug|Any CPU
		{45AF8427-DB12-4724-B883-00821DB40F48}.AppStore|iPhoneSimulator.ActiveCfg = Debug|Any CPU
		{45AF8427-DB12-4724-B883-00821DB40F48}.AppStore|iPhoneSimulator.Build.0 = Debug|Any CPU
		{45AF8427-DB12-4724-B883-00821DB40F48}.AppStore|Mixed Platforms.ActiveCfg = Debug|Any CPU
		{45AF8427-DB12-4724-B883-00821DB40F48}.AppStore|Mixed Platforms.Build.0 = Debug|Any CPU
		{45AF8427-DB12-4724-B883-00821DB40F48}.AppStore|x64.ActiveCfg = Debug|Any CPU
		{45AF8427-DB12-4724-B883-00821DB40F48}.AppStore|x64.Build.0 = Debug|Any CPU
		{45AF8427-DB12-4724-B883-00821DB40F48}.AppStore|x86.ActiveCfg = Debug|Any CPU
		{45AF8427-DB12-4724-B883-00821DB40F48}.AppStore|x86.Build.0 = Debug|Any CPU
		{45AF8427-DB12-4724-B883-00821DB40F48}.Debug|Any CPU.ActiveCfg = Debug|Any CPU
		{45AF8427-DB12-4724-B883-00821DB40F48}.Debug|Any CPU.Build.0 = Debug|Any CPU
		{45AF8427-DB12-4724-B883-00821DB40F48}.Debug|ARM.ActiveCfg = Debug|Any CPU
		{45AF8427-DB12-4724-B883-00821DB40F48}.Debug|ARM.Build.0 = Debug|Any CPU
		{45AF8427-DB12-4724-B883-00821DB40F48}.Debug|iPhone.ActiveCfg = Debug|Any CPU
		{45AF8427-DB12-4724-B883-00821DB40F48}.Debug|iPhone.Build.0 = Debug|Any CPU
		{45AF8427-DB12-4724-B883-00821DB40F48}.Debug|iPhoneSimulator.ActiveCfg = Debug|Any CPU
		{45AF8427-DB12-4724-B883-00821DB40F48}.Debug|iPhoneSimulator.Build.0 = Debug|Any CPU
		{45AF8427-DB12-4724-B883-00821DB40F48}.Debug|Mixed Platforms.ActiveCfg = Debug|Any CPU
		{45AF8427-DB12-4724-B883-00821DB40F48}.Debug|Mixed Platforms.Build.0 = Debug|Any CPU
		{45AF8427-DB12-4724-B883-00821DB40F48}.Debug|x64.ActiveCfg = Debug|Any CPU
		{45AF8427-DB12-4724-B883-00821DB40F48}.Debug|x64.Build.0 = Debug|Any CPU
		{45AF8427-DB12-4724-B883-00821DB40F48}.Debug|x86.ActiveCfg = Debug|Any CPU
		{45AF8427-DB12-4724-B883-00821DB40F48}.Debug|x86.Build.0 = Debug|Any CPU
		{45AF8427-DB12-4724-B883-00821DB40F48}.Release|Any CPU.ActiveCfg = Release|Any CPU
		{45AF8427-DB12-4724-B883-00821DB40F48}.Release|Any CPU.Build.0 = Release|Any CPU
		{45AF8427-DB12-4724-B883-00821DB40F48}.Release|ARM.ActiveCfg = Release|Any CPU
		{45AF8427-DB12-4724-B883-00821DB40F48}.Release|ARM.Build.0 = Release|Any CPU
		{45AF8427-DB12-4724-B883-00821DB40F48}.Release|iPhone.ActiveCfg = Release|Any CPU
		{45AF8427-DB12-4724-B883-00821DB40F48}.Release|iPhone.Build.0 = Release|Any CPU
		{45AF8427-DB12-4724-B883-00821DB40F48}.Release|iPhoneSimulator.ActiveCfg = Release|Any CPU
		{45AF8427-DB12-4724-B883-00821DB40F48}.Release|iPhoneSimulator.Build.0 = Release|Any CPU
		{45AF8427-DB12-4724-B883-00821DB40F48}.Release|Mixed Platforms.ActiveCfg = Release|Any CPU
		{45AF8427-DB12-4724-B883-00821DB40F48}.Release|Mixed Platforms.Build.0 = Release|Any CPU
		{45AF8427-DB12-4724-B883-00821DB40F48}.Release|x64.ActiveCfg = Release|Any CPU
		{45AF8427-DB12-4724-B883-00821DB40F48}.Release|x64.Build.0 = Release|Any CPU
		{45AF8427-DB12-4724-B883-00821DB40F48}.Release|x86.ActiveCfg = Release|Any CPU
		{45AF8427-DB12-4724-B883-00821DB40F48}.Release|x86.Build.0 = Release|Any CPU
		{C4D88E6F-E805-4BE9-8583-A2FB5D082A51}.Ad-Hoc|Any CPU.ActiveCfg = Release|Any CPU
		{C4D88E6F-E805-4BE9-8583-A2FB5D082A51}.Ad-Hoc|Any CPU.Build.0 = Release|Any CPU
		{C4D88E6F-E805-4BE9-8583-A2FB5D082A51}.Ad-Hoc|Any CPU.Deploy.0 = Release|Any CPU
		{C4D88E6F-E805-4BE9-8583-A2FB5D082A51}.Ad-Hoc|ARM.ActiveCfg = Release|Any CPU
		{C4D88E6F-E805-4BE9-8583-A2FB5D082A51}.Ad-Hoc|ARM.Build.0 = Release|Any CPU
		{C4D88E6F-E805-4BE9-8583-A2FB5D082A51}.Ad-Hoc|ARM.Deploy.0 = Release|Any CPU
		{C4D88E6F-E805-4BE9-8583-A2FB5D082A51}.Ad-Hoc|iPhone.ActiveCfg = Release|Any CPU
		{C4D88E6F-E805-4BE9-8583-A2FB5D082A51}.Ad-Hoc|iPhone.Build.0 = Release|Any CPU
		{C4D88E6F-E805-4BE9-8583-A2FB5D082A51}.Ad-Hoc|iPhone.Deploy.0 = Release|Any CPU
		{C4D88E6F-E805-4BE9-8583-A2FB5D082A51}.Ad-Hoc|iPhoneSimulator.ActiveCfg = Release|Any CPU
		{C4D88E6F-E805-4BE9-8583-A2FB5D082A51}.Ad-Hoc|iPhoneSimulator.Build.0 = Release|Any CPU
		{C4D88E6F-E805-4BE9-8583-A2FB5D082A51}.Ad-Hoc|iPhoneSimulator.Deploy.0 = Release|Any CPU
		{C4D88E6F-E805-4BE9-8583-A2FB5D082A51}.Ad-Hoc|Mixed Platforms.ActiveCfg = Release|Any CPU
		{C4D88E6F-E805-4BE9-8583-A2FB5D082A51}.Ad-Hoc|Mixed Platforms.Build.0 = Release|Any CPU
		{C4D88E6F-E805-4BE9-8583-A2FB5D082A51}.Ad-Hoc|Mixed Platforms.Deploy.0 = Release|Any CPU
		{C4D88E6F-E805-4BE9-8583-A2FB5D082A51}.Ad-Hoc|x64.ActiveCfg = Release|Any CPU
		{C4D88E6F-E805-4BE9-8583-A2FB5D082A51}.Ad-Hoc|x64.Build.0 = Release|Any CPU
		{C4D88E6F-E805-4BE9-8583-A2FB5D082A51}.Ad-Hoc|x64.Deploy.0 = Release|Any CPU
		{C4D88E6F-E805-4BE9-8583-A2FB5D082A51}.Ad-Hoc|x86.ActiveCfg = Release|Any CPU
		{C4D88E6F-E805-4BE9-8583-A2FB5D082A51}.Ad-Hoc|x86.Build.0 = Release|Any CPU
		{C4D88E6F-E805-4BE9-8583-A2FB5D082A51}.Ad-Hoc|x86.Deploy.0 = Release|Any CPU
		{C4D88E6F-E805-4BE9-8583-A2FB5D082A51}.AppStore|Any CPU.ActiveCfg = Release|Any CPU
		{C4D88E6F-E805-4BE9-8583-A2FB5D082A51}.AppStore|Any CPU.Build.0 = Release|Any CPU
		{C4D88E6F-E805-4BE9-8583-A2FB5D082A51}.AppStore|Any CPU.Deploy.0 = Release|Any CPU
		{C4D88E6F-E805-4BE9-8583-A2FB5D082A51}.AppStore|ARM.ActiveCfg = Release|Any CPU
		{C4D88E6F-E805-4BE9-8583-A2FB5D082A51}.AppStore|ARM.Build.0 = Release|Any CPU
		{C4D88E6F-E805-4BE9-8583-A2FB5D082A51}.AppStore|ARM.Deploy.0 = Release|Any CPU
		{C4D88E6F-E805-4BE9-8583-A2FB5D082A51}.AppStore|iPhone.ActiveCfg = Release|Any CPU
		{C4D88E6F-E805-4BE9-8583-A2FB5D082A51}.AppStore|iPhone.Build.0 = Release|Any CPU
		{C4D88E6F-E805-4BE9-8583-A2FB5D082A51}.AppStore|iPhone.Deploy.0 = Release|Any CPU
		{C4D88E6F-E805-4BE9-8583-A2FB5D082A51}.AppStore|iPhoneSimulator.ActiveCfg = Release|Any CPU
		{C4D88E6F-E805-4BE9-8583-A2FB5D082A51}.AppStore|iPhoneSimulator.Build.0 = Release|Any CPU
		{C4D88E6F-E805-4BE9-8583-A2FB5D082A51}.AppStore|iPhoneSimulator.Deploy.0 = Release|Any CPU
		{C4D88E6F-E805-4BE9-8583-A2FB5D082A51}.AppStore|Mixed Platforms.ActiveCfg = Release|Any CPU
		{C4D88E6F-E805-4BE9-8583-A2FB5D082A51}.AppStore|Mixed Platforms.Build.0 = Release|Any CPU
		{C4D88E6F-E805-4BE9-8583-A2FB5D082A51}.AppStore|Mixed Platforms.Deploy.0 = Release|Any CPU
		{C4D88E6F-E805-4BE9-8583-A2FB5D082A51}.AppStore|x64.ActiveCfg = Release|Any CPU
		{C4D88E6F-E805-4BE9-8583-A2FB5D082A51}.AppStore|x64.Build.0 = Release|Any CPU
		{C4D88E6F-E805-4BE9-8583-A2FB5D082A51}.AppStore|x64.Deploy.0 = Release|Any CPU
		{C4D88E6F-E805-4BE9-8583-A2FB5D082A51}.AppStore|x86.ActiveCfg = Release|Any CPU
		{C4D88E6F-E805-4BE9-8583-A2FB5D082A51}.AppStore|x86.Build.0 = Release|Any CPU
		{C4D88E6F-E805-4BE9-8583-A2FB5D082A51}.AppStore|x86.Deploy.0 = Release|Any CPU
		{C4D88E6F-E805-4BE9-8583-A2FB5D082A51}.Debug|Any CPU.ActiveCfg = Debug|Any CPU
		{C4D88E6F-E805-4BE9-8583-A2FB5D082A51}.Debug|Any CPU.Build.0 = Debug|Any CPU
		{C4D88E6F-E805-4BE9-8583-A2FB5D082A51}.Debug|Any CPU.Deploy.0 = Debug|Any CPU
		{C4D88E6F-E805-4BE9-8583-A2FB5D082A51}.Debug|ARM.ActiveCfg = Debug|Any CPU
		{C4D88E6F-E805-4BE9-8583-A2FB5D082A51}.Debug|ARM.Build.0 = Debug|Any CPU
		{C4D88E6F-E805-4BE9-8583-A2FB5D082A51}.Debug|ARM.Deploy.0 = Debug|Any CPU
		{C4D88E6F-E805-4BE9-8583-A2FB5D082A51}.Debug|iPhone.ActiveCfg = Debug|Any CPU
		{C4D88E6F-E805-4BE9-8583-A2FB5D082A51}.Debug|iPhone.Build.0 = Debug|Any CPU
		{C4D88E6F-E805-4BE9-8583-A2FB5D082A51}.Debug|iPhone.Deploy.0 = Debug|Any CPU
		{C4D88E6F-E805-4BE9-8583-A2FB5D082A51}.Debug|iPhoneSimulator.ActiveCfg = Debug|Any CPU
		{C4D88E6F-E805-4BE9-8583-A2FB5D082A51}.Debug|iPhoneSimulator.Build.0 = Debug|Any CPU
		{C4D88E6F-E805-4BE9-8583-A2FB5D082A51}.Debug|iPhoneSimulator.Deploy.0 = Debug|Any CPU
		{C4D88E6F-E805-4BE9-8583-A2FB5D082A51}.Debug|Mixed Platforms.ActiveCfg = Debug|Any CPU
		{C4D88E6F-E805-4BE9-8583-A2FB5D082A51}.Debug|Mixed Platforms.Build.0 = Debug|Any CPU
		{C4D88E6F-E805-4BE9-8583-A2FB5D082A51}.Debug|Mixed Platforms.Deploy.0 = Debug|Any CPU
		{C4D88E6F-E805-4BE9-8583-A2FB5D082A51}.Debug|x64.ActiveCfg = Debug|Any CPU
		{C4D88E6F-E805-4BE9-8583-A2FB5D082A51}.Debug|x64.Build.0 = Debug|Any CPU
		{C4D88E6F-E805-4BE9-8583-A2FB5D082A51}.Debug|x64.Deploy.0 = Debug|Any CPU
		{C4D88E6F-E805-4BE9-8583-A2FB5D082A51}.Debug|x86.ActiveCfg = Debug|Any CPU
		{C4D88E6F-E805-4BE9-8583-A2FB5D082A51}.Debug|x86.Build.0 = Debug|Any CPU
		{C4D88E6F-E805-4BE9-8583-A2FB5D082A51}.Debug|x86.Deploy.0 = Debug|Any CPU
		{C4D88E6F-E805-4BE9-8583-A2FB5D082A51}.Release|Any CPU.ActiveCfg = Release|Any CPU
		{C4D88E6F-E805-4BE9-8583-A2FB5D082A51}.Release|Any CPU.Build.0 = Release|Any CPU
		{C4D88E6F-E805-4BE9-8583-A2FB5D082A51}.Release|Any CPU.Deploy.0 = Release|Any CPU
		{C4D88E6F-E805-4BE9-8583-A2FB5D082A51}.Release|ARM.ActiveCfg = Release|Any CPU
		{C4D88E6F-E805-4BE9-8583-A2FB5D082A51}.Release|ARM.Build.0 = Release|Any CPU
		{C4D88E6F-E805-4BE9-8583-A2FB5D082A51}.Release|ARM.Deploy.0 = Release|Any CPU
		{C4D88E6F-E805-4BE9-8583-A2FB5D082A51}.Release|iPhone.ActiveCfg = Release|Any CPU
		{C4D88E6F-E805-4BE9-8583-A2FB5D082A51}.Release|iPhone.Build.0 = Release|Any CPU
		{C4D88E6F-E805-4BE9-8583-A2FB5D082A51}.Release|iPhone.Deploy.0 = Release|Any CPU
		{C4D88E6F-E805-4BE9-8583-A2FB5D082A51}.Release|iPhoneSimulator.ActiveCfg = Release|Any CPU
		{C4D88E6F-E805-4BE9-8583-A2FB5D082A51}.Release|iPhoneSimulator.Build.0 = Release|Any CPU
		{C4D88E6F-E805-4BE9-8583-A2FB5D082A51}.Release|iPhoneSimulator.Deploy.0 = Release|Any CPU
		{C4D88E6F-E805-4BE9-8583-A2FB5D082A51}.Release|Mixed Platforms.ActiveCfg = Release|Any CPU
		{C4D88E6F-E805-4BE9-8583-A2FB5D082A51}.Release|Mixed Platforms.Build.0 = Release|Any CPU
		{C4D88E6F-E805-4BE9-8583-A2FB5D082A51}.Release|Mixed Platforms.Deploy.0 = Release|Any CPU
		{C4D88E6F-E805-4BE9-8583-A2FB5D082A51}.Release|x64.ActiveCfg = Release|Any CPU
		{C4D88E6F-E805-4BE9-8583-A2FB5D082A51}.Release|x64.Build.0 = Release|Any CPU
		{C4D88E6F-E805-4BE9-8583-A2FB5D082A51}.Release|x64.Deploy.0 = Release|Any CPU
		{C4D88E6F-E805-4BE9-8583-A2FB5D082A51}.Release|x86.ActiveCfg = Release|Any CPU
		{C4D88E6F-E805-4BE9-8583-A2FB5D082A51}.Release|x86.Build.0 = Release|Any CPU
		{C4D88E6F-E805-4BE9-8583-A2FB5D082A51}.Release|x86.Deploy.0 = Release|Any CPU
		{101E3060-8799-4119-8A7A-4F86A01C0C84}.Ad-Hoc|Any CPU.ActiveCfg = Release|iPhone
		{101E3060-8799-4119-8A7A-4F86A01C0C84}.Ad-Hoc|Any CPU.Build.0 = Release|iPhone
		{101E3060-8799-4119-8A7A-4F86A01C0C84}.Ad-Hoc|ARM.ActiveCfg = Release|iPhone
		{101E3060-8799-4119-8A7A-4F86A01C0C84}.Ad-Hoc|ARM.Build.0 = Release|iPhone
		{101E3060-8799-4119-8A7A-4F86A01C0C84}.Ad-Hoc|iPhone.ActiveCfg = Release|iPhone
		{101E3060-8799-4119-8A7A-4F86A01C0C84}.Ad-Hoc|iPhone.Build.0 = Release|iPhone
		{101E3060-8799-4119-8A7A-4F86A01C0C84}.Ad-Hoc|iPhoneSimulator.ActiveCfg = Release|iPhoneSimulator
		{101E3060-8799-4119-8A7A-4F86A01C0C84}.Ad-Hoc|iPhoneSimulator.Build.0 = Release|iPhoneSimulator
		{101E3060-8799-4119-8A7A-4F86A01C0C84}.Ad-Hoc|Mixed Platforms.ActiveCfg = Release|iPhone
		{101E3060-8799-4119-8A7A-4F86A01C0C84}.Ad-Hoc|Mixed Platforms.Build.0 = Release|iPhone
		{101E3060-8799-4119-8A7A-4F86A01C0C84}.Ad-Hoc|x64.ActiveCfg = Release|iPhone
		{101E3060-8799-4119-8A7A-4F86A01C0C84}.Ad-Hoc|x64.Build.0 = Release|iPhone
		{101E3060-8799-4119-8A7A-4F86A01C0C84}.Ad-Hoc|x86.ActiveCfg = Release|iPhone
		{101E3060-8799-4119-8A7A-4F86A01C0C84}.Ad-Hoc|x86.Build.0 = Release|iPhone
		{101E3060-8799-4119-8A7A-4F86A01C0C84}.AppStore|Any CPU.ActiveCfg = Release|iPhone
		{101E3060-8799-4119-8A7A-4F86A01C0C84}.AppStore|Any CPU.Build.0 = Release|iPhone
		{101E3060-8799-4119-8A7A-4F86A01C0C84}.AppStore|ARM.ActiveCfg = Release|iPhone
		{101E3060-8799-4119-8A7A-4F86A01C0C84}.AppStore|ARM.Build.0 = Release|iPhone
		{101E3060-8799-4119-8A7A-4F86A01C0C84}.AppStore|iPhone.ActiveCfg = Release|iPhone
		{101E3060-8799-4119-8A7A-4F86A01C0C84}.AppStore|iPhone.Build.0 = Release|iPhone
		{101E3060-8799-4119-8A7A-4F86A01C0C84}.AppStore|iPhoneSimulator.ActiveCfg = Release|iPhoneSimulator
		{101E3060-8799-4119-8A7A-4F86A01C0C84}.AppStore|iPhoneSimulator.Build.0 = Release|iPhoneSimulator
		{101E3060-8799-4119-8A7A-4F86A01C0C84}.AppStore|Mixed Platforms.ActiveCfg = Release|iPhone
		{101E3060-8799-4119-8A7A-4F86A01C0C84}.AppStore|Mixed Platforms.Build.0 = Release|iPhone
		{101E3060-8799-4119-8A7A-4F86A01C0C84}.AppStore|x64.ActiveCfg = Release|iPhone
		{101E3060-8799-4119-8A7A-4F86A01C0C84}.AppStore|x64.Build.0 = Release|iPhone
		{101E3060-8799-4119-8A7A-4F86A01C0C84}.AppStore|x86.ActiveCfg = Release|iPhone
		{101E3060-8799-4119-8A7A-4F86A01C0C84}.AppStore|x86.Build.0 = Release|iPhone
		{101E3060-8799-4119-8A7A-4F86A01C0C84}.Debug|Any CPU.ActiveCfg = Debug|iPhone
		{101E3060-8799-4119-8A7A-4F86A01C0C84}.Debug|ARM.ActiveCfg = Debug|iPhone
		{101E3060-8799-4119-8A7A-4F86A01C0C84}.Debug|iPhone.ActiveCfg = Debug|iPhone
		{101E3060-8799-4119-8A7A-4F86A01C0C84}.Debug|iPhone.Build.0 = Debug|iPhone
		{101E3060-8799-4119-8A7A-4F86A01C0C84}.Debug|iPhoneSimulator.ActiveCfg = Debug|iPhoneSimulator
		{101E3060-8799-4119-8A7A-4F86A01C0C84}.Debug|iPhoneSimulator.Build.0 = Debug|iPhoneSimulator
		{101E3060-8799-4119-8A7A-4F86A01C0C84}.Debug|Mixed Platforms.ActiveCfg = Debug|iPhone
		{101E3060-8799-4119-8A7A-4F86A01C0C84}.Debug|Mixed Platforms.Build.0 = Debug|iPhone
		{101E3060-8799-4119-8A7A-4F86A01C0C84}.Debug|x64.ActiveCfg = Debug|iPhone
		{101E3060-8799-4119-8A7A-4F86A01C0C84}.Debug|x86.ActiveCfg = Debug|iPhone
		{101E3060-8799-4119-8A7A-4F86A01C0C84}.Release|Any CPU.ActiveCfg = Release|iPhone
		{101E3060-8799-4119-8A7A-4F86A01C0C84}.Release|ARM.ActiveCfg = Release|iPhone
		{101E3060-8799-4119-8A7A-4F86A01C0C84}.Release|iPhone.ActiveCfg = Release|iPhone
		{101E3060-8799-4119-8A7A-4F86A01C0C84}.Release|iPhone.Build.0 = Release|iPhone
		{101E3060-8799-4119-8A7A-4F86A01C0C84}.Release|iPhoneSimulator.ActiveCfg = Release|iPhoneSimulator
		{101E3060-8799-4119-8A7A-4F86A01C0C84}.Release|iPhoneSimulator.Build.0 = Release|iPhoneSimulator
		{101E3060-8799-4119-8A7A-4F86A01C0C84}.Release|Mixed Platforms.ActiveCfg = Release|iPhone
		{101E3060-8799-4119-8A7A-4F86A01C0C84}.Release|Mixed Platforms.Build.0 = Release|iPhone
		{101E3060-8799-4119-8A7A-4F86A01C0C84}.Release|x64.ActiveCfg = Release|iPhone
		{101E3060-8799-4119-8A7A-4F86A01C0C84}.Release|x86.ActiveCfg = Release|iPhone
		{A973DF64-1677-4072-AC28-E63A7AE7617E}.Ad-Hoc|Any CPU.ActiveCfg = Debug|Any CPU
		{A973DF64-1677-4072-AC28-E63A7AE7617E}.Ad-Hoc|Any CPU.Build.0 = Debug|Any CPU
		{A973DF64-1677-4072-AC28-E63A7AE7617E}.Ad-Hoc|ARM.ActiveCfg = Debug|Any CPU
		{A973DF64-1677-4072-AC28-E63A7AE7617E}.Ad-Hoc|ARM.Build.0 = Debug|Any CPU
		{A973DF64-1677-4072-AC28-E63A7AE7617E}.Ad-Hoc|iPhone.ActiveCfg = Debug|Any CPU
		{A973DF64-1677-4072-AC28-E63A7AE7617E}.Ad-Hoc|iPhone.Build.0 = Debug|Any CPU
		{A973DF64-1677-4072-AC28-E63A7AE7617E}.Ad-Hoc|iPhoneSimulator.ActiveCfg = Debug|Any CPU
		{A973DF64-1677-4072-AC28-E63A7AE7617E}.Ad-Hoc|iPhoneSimulator.Build.0 = Debug|Any CPU
		{A973DF64-1677-4072-AC28-E63A7AE7617E}.Ad-Hoc|Mixed Platforms.ActiveCfg = Debug|Any CPU
		{A973DF64-1677-4072-AC28-E63A7AE7617E}.Ad-Hoc|Mixed Platforms.Build.0 = Debug|Any CPU
		{A973DF64-1677-4072-AC28-E63A7AE7617E}.Ad-Hoc|x64.ActiveCfg = Debug|Any CPU
		{A973DF64-1677-4072-AC28-E63A7AE7617E}.Ad-Hoc|x64.Build.0 = Debug|Any CPU
		{A973DF64-1677-4072-AC28-E63A7AE7617E}.Ad-Hoc|x86.ActiveCfg = Debug|Any CPU
		{A973DF64-1677-4072-AC28-E63A7AE7617E}.Ad-Hoc|x86.Build.0 = Debug|Any CPU
		{A973DF64-1677-4072-AC28-E63A7AE7617E}.AppStore|Any CPU.ActiveCfg = Debug|Any CPU
		{A973DF64-1677-4072-AC28-E63A7AE7617E}.AppStore|Any CPU.Build.0 = Debug|Any CPU
		{A973DF64-1677-4072-AC28-E63A7AE7617E}.AppStore|ARM.ActiveCfg = Debug|Any CPU
		{A973DF64-1677-4072-AC28-E63A7AE7617E}.AppStore|ARM.Build.0 = Debug|Any CPU
		{A973DF64-1677-4072-AC28-E63A7AE7617E}.AppStore|iPhone.ActiveCfg = Debug|Any CPU
		{A973DF64-1677-4072-AC28-E63A7AE7617E}.AppStore|iPhone.Build.0 = Debug|Any CPU
		{A973DF64-1677-4072-AC28-E63A7AE7617E}.AppStore|iPhoneSimulator.ActiveCfg = Debug|Any CPU
		{A973DF64-1677-4072-AC28-E63A7AE7617E}.AppStore|iPhoneSimulator.Build.0 = Debug|Any CPU
		{A973DF64-1677-4072-AC28-E63A7AE7617E}.AppStore|Mixed Platforms.ActiveCfg = Debug|Any CPU
		{A973DF64-1677-4072-AC28-E63A7AE7617E}.AppStore|Mixed Platforms.Build.0 = Debug|Any CPU
		{A973DF64-1677-4072-AC28-E63A7AE7617E}.AppStore|x64.ActiveCfg = Debug|Any CPU
		{A973DF64-1677-4072-AC28-E63A7AE7617E}.AppStore|x64.Build.0 = Debug|Any CPU
		{A973DF64-1677-4072-AC28-E63A7AE7617E}.AppStore|x86.ActiveCfg = Debug|Any CPU
		{A973DF64-1677-4072-AC28-E63A7AE7617E}.AppStore|x86.Build.0 = Debug|Any CPU
		{A973DF64-1677-4072-AC28-E63A7AE7617E}.Debug|Any CPU.ActiveCfg = Debug|Any CPU
		{A973DF64-1677-4072-AC28-E63A7AE7617E}.Debug|Any CPU.Build.0 = Debug|Any CPU
		{A973DF64-1677-4072-AC28-E63A7AE7617E}.Debug|ARM.ActiveCfg = Debug|Any CPU
		{A973DF64-1677-4072-AC28-E63A7AE7617E}.Debug|ARM.Build.0 = Debug|Any CPU
		{A973DF64-1677-4072-AC28-E63A7AE7617E}.Debug|iPhone.ActiveCfg = Debug|Any CPU
		{A973DF64-1677-4072-AC28-E63A7AE7617E}.Debug|iPhone.Build.0 = Debug|Any CPU
		{A973DF64-1677-4072-AC28-E63A7AE7617E}.Debug|iPhoneSimulator.ActiveCfg = Debug|Any CPU
		{A973DF64-1677-4072-AC28-E63A7AE7617E}.Debug|iPhoneSimulator.Build.0 = Debug|Any CPU
		{A973DF64-1677-4072-AC28-E63A7AE7617E}.Debug|Mixed Platforms.ActiveCfg = Debug|Any CPU
		{A973DF64-1677-4072-AC28-E63A7AE7617E}.Debug|Mixed Platforms.Build.0 = Debug|Any CPU
		{A973DF64-1677-4072-AC28-E63A7AE7617E}.Debug|x64.ActiveCfg = Debug|Any CPU
		{A973DF64-1677-4072-AC28-E63A7AE7617E}.Debug|x64.Build.0 = Debug|Any CPU
		{A973DF64-1677-4072-AC28-E63A7AE7617E}.Debug|x86.ActiveCfg = Debug|Any CPU
		{A973DF64-1677-4072-AC28-E63A7AE7617E}.Debug|x86.Build.0 = Debug|Any CPU
		{A973DF64-1677-4072-AC28-E63A7AE7617E}.Release|Any CPU.ActiveCfg = Release|Any CPU
		{A973DF64-1677-4072-AC28-E63A7AE7617E}.Release|Any CPU.Build.0 = Release|Any CPU
		{A973DF64-1677-4072-AC28-E63A7AE7617E}.Release|ARM.ActiveCfg = Release|Any CPU
		{A973DF64-1677-4072-AC28-E63A7AE7617E}.Release|ARM.Build.0 = Release|Any CPU
		{A973DF64-1677-4072-AC28-E63A7AE7617E}.Release|iPhone.ActiveCfg = Release|Any CPU
		{A973DF64-1677-4072-AC28-E63A7AE7617E}.Release|iPhone.Build.0 = Release|Any CPU
		{A973DF64-1677-4072-AC28-E63A7AE7617E}.Release|iPhoneSimulator.ActiveCfg = Release|Any CPU
		{A973DF64-1677-4072-AC28-E63A7AE7617E}.Release|iPhoneSimulator.Build.0 = Release|Any CPU
		{A973DF64-1677-4072-AC28-E63A7AE7617E}.Release|Mixed Platforms.ActiveCfg = Release|Any CPU
		{A973DF64-1677-4072-AC28-E63A7AE7617E}.Release|Mixed Platforms.Build.0 = Release|Any CPU
		{A973DF64-1677-4072-AC28-E63A7AE7617E}.Release|x64.ActiveCfg = Release|Any CPU
		{A973DF64-1677-4072-AC28-E63A7AE7617E}.Release|x64.Build.0 = Release|Any CPU
		{A973DF64-1677-4072-AC28-E63A7AE7617E}.Release|x86.ActiveCfg = Release|Any CPU
		{A973DF64-1677-4072-AC28-E63A7AE7617E}.Release|x86.Build.0 = Release|Any CPU
	EndGlobalSection
	GlobalSection(SolutionProperties) = preSolution
		HideSolutionNode = FALSE
	EndGlobalSection
	GlobalSection(NestedProjects) = preSolution
		{61983902-1DA2-4557-9DD9-4E116011548F} = {1A6967EE-07BE-4B36-8605-81D8CCDA86D0}
		{25B95456-71C8-43AB-91CA-FFE4702A5C24} = {CEFDE603-6CC3-4506-ADED-88AD1325A088}
		{8829789F-08F2-4E88-AE5A-58F3952F778E} = {CEFDE603-6CC3-4506-ADED-88AD1325A088}
		{684D8862-9F1A-40DB-ABFA-4B4513F74CB4} = {CEFDE603-6CC3-4506-ADED-88AD1325A088}
		{45AF8427-DB12-4724-B883-00821DB40F48} = {61983902-1DA2-4557-9DD9-4E116011548F}
		{C4D88E6F-E805-4BE9-8583-A2FB5D082A51} = {61983902-1DA2-4557-9DD9-4E116011548F}
		{101E3060-8799-4119-8A7A-4F86A01C0C84} = {61983902-1DA2-4557-9DD9-4E116011548F}
	EndGlobalSection
	GlobalSection(ExtensibilityGlobals) = postSolution
		SolutionGuid = {BFAA170A-0B61-4F91-99FD-C06ACB3E79BA}
	EndGlobalSection
EndGlobal
