
Microsoft Visual Studio Solution File, Format Version 12.00
# Visual Studio 15
VisualStudioVersion = 15.0.26403.7
MinimumVisualStudioVersion = 10.0.40219.1
Project("{2150E333-8FDC-42A3-9474-1A3956D46DE8}") = "Plugins", "Plugins", "{CEFDE603-6CC3-4506-ADED-88AD1325A088}"
EndProject
Project("{2150E333-8FDC-42A3-9474-1A3956D46DE8}") = "Notification", "Notification", "{F3F357BD-C546-4659-9EF0-E2A655C7CF3F}"
EndProject
Project("{2150E333-8FDC-42A3-9474-1A3956D46DE8}") = "Logger", "Logger", "{84652856-F9D1-4128-8215-3F0A536DD4E3}"
EndProject
Project("{2150E333-8FDC-42A3-9474-1A3956D46DE8}") = "Solution Items", "Solution Items", "{4529C4FB-A4A2-4B4C-AE6F-200738060FA7}"
	ProjectSection(SolutionItems) = preProject
		Directory.build.props = Directory.build.props
		Directory.build.targets = Directory.build.targets
		Targets\MvxExtensions.Assembly.targets = Targets\MvxExtensions.Assembly.targets
		Targets\MvxExtensions.Build.targets = Targets\MvxExtensions.Build.targets
		Targets\MvxExtensions.VersionControl.targets = Targets\MvxExtensions.VersionControl.targets
	EndProjectSection
EndProject
Project("{2150E333-8FDC-42A3-9474-1A3956D46DE8}") = "Libraries", "Libraries", "{257813F3-D462-4F91-8BCF-B35AAC0BB947}"
EndProject
Project("{2150E333-8FDC-42A3-9474-1A3956D46DE8}") = "Portable", "Portable", "{7CCF7FA9-439B-49CC-9355-2D556200520F}"
EndProject
Project("{2150E333-8FDC-42A3-9474-1A3956D46DE8}") = "Droid", "Droid", "{D5C3A6FE-4CE0-4D6E-94E5-EA3544239DB8}"
EndProject
Project("{2150E333-8FDC-42A3-9474-1A3956D46DE8}") = "Samples", "Samples", "{1A6967EE-07BE-4B36-8605-81D8CCDA86D0}"
EndProject
Project("{2150E333-8FDC-42A3-9474-1A3956D46DE8}") = "AllAround", "AllAround", "{BFAC7A6C-F7A5-4ACF-B664-D6D164497612}"
EndProject
Project("{2150E333-8FDC-42A3-9474-1A3956D46DE8}") = "Playground", "Playground", "{61983902-1DA2-4557-9DD9-4E116011548F}"
EndProject
Project("{FAE04EC0-301F-11D3-BF4B-00C04F79EFBC}") = "MvxExtensions.Plugins.Logger.Droid", "Plugins\Logger\MvxExtensions.Plugins.Logger.Droid\MvxExtensions.Plugins.Logger.Droid.csproj", "{6B74C9AD-A050-41AD-8818-F8CCC53D7585}"
EndProject
Project("{FAE04EC0-301F-11D3-BF4B-00C04F79EFBC}") = "MvxExtensions.Plugins.Logger.Wpf", "Plugins\Logger\MvxExtensions.Plugins.Logger.Wpf\MvxExtensions.Plugins.Logger.Wpf.csproj", "{13444F72-6149-4FEF-9B80-63C32F554C3D}"
EndProject
Project("{FAE04EC0-301F-11D3-BF4B-00C04F79EFBC}") = "MvxExtensions.Libraries.Portable.Core", "Libraries\Portable\MvxExtensions.Libraries.Portable.Core\MvxExtensions.Libraries.Portable.Core.csproj", "{CADB50FC-5172-4B28-B9B2-1033279DC295}"
EndProject
Project("{FAE04EC0-301F-11D3-BF4B-00C04F79EFBC}") = "MvxExtensions.Plugins.Logger", "Plugins\Logger\MvxExtensions.Plugins.Logger\MvxExtensions.Plugins.Logger.csproj", "{59933087-F105-4939-8D3A-616AF3FC4E4A}"
EndProject
Project("{FAE04EC0-301F-11D3-BF4B-00C04F79EFBC}") = "MvxExtensions.Libraries.Droid.Core", "Libraries\Droid\MvxExtensions.Libraries.Droid.Core\MvxExtensions.Libraries.Droid.Core.csproj", "{EB6639CD-36EC-438C-BBFB-A540C540D49E}"
EndProject
Project("{FAE04EC0-301F-11D3-BF4B-00C04F79EFBC}") = "MvxExtensions.Samples.AllAround.Core", "Samples\AllAround\MvxExtensions.Samples.AllAround.Core\MvxExtensions.Samples.AllAround.Core.csproj", "{B705C1C2-D23C-423A-9309-A0B35FD630CE}"
EndProject
Project("{FAE04EC0-301F-11D3-BF4B-00C04F79EFBC}") = "MvxExtensions.Samples.AllAround.Droid", "Samples\AllAround\MvxExtensions.Samples.AllAround.Droid\MvxExtensions.Samples.AllAround.Droid.csproj", "{D2C0B558-4B73-4AA0-889C-6B5B5C61EB86}"
EndProject
Project("{9A19103F-16F7-4668-BE54-9A1E7A4F7556}") = "MvxExtensions.Plugins.Storage", "Plugins\Storage\MvxExtensions.Plugins.Storage.csproj", "{25B95456-71C8-43AB-91CA-FFE4702A5C24}"
EndProject
Project("{9A19103F-16F7-4668-BE54-9A1E7A4F7556}") = "Playground.Core", "Samples\Playground\Playground.Core\Playground.Core.csproj", "{BE7169E5-B80F-4C27-B80D-CE56707BD411}"
EndProject
Project("{9A19103F-16F7-4668-BE54-9A1E7A4F7556}") = "MvxExtensions", "Libraries\MvxExtensions\MvxExtensions.csproj", "{BED5F20A-CACF-437C-8A32-2A76D66A91C0}"
EndProject
Project("{9A19103F-16F7-4668-BE54-9A1E7A4F7556}") = "MvxExtensions.Plugins.Notification", "Plugins\Notification\MvxExtensions.Plugins.Notification.csproj", "{8829789F-08F2-4E88-AE5A-58F3952F778E}"
EndProject
Global
	GlobalSection(SolutionConfigurationPlatforms) = preSolution
		Ad-Hoc|Any CPU = Ad-Hoc|Any CPU
		Ad-Hoc|ARM = Ad-Hoc|ARM
		Ad-Hoc|iPhone = Ad-Hoc|iPhone
		Ad-Hoc|iPhoneSimulator = Ad-Hoc|iPhoneSimulator
		Ad-Hoc|Mixed Platforms = Ad-Hoc|Mixed Platforms
		Ad-Hoc|x86 = Ad-Hoc|x86
		AppStore|Any CPU = AppStore|Any CPU
		AppStore|ARM = AppStore|ARM
		AppStore|iPhone = AppStore|iPhone
		AppStore|iPhoneSimulator = AppStore|iPhoneSimulator
		AppStore|Mixed Platforms = AppStore|Mixed Platforms
		AppStore|x86 = AppStore|x86
		Debug|Any CPU = Debug|Any CPU
		Debug|ARM = Debug|ARM
		Debug|iPhone = Debug|iPhone
		Debug|iPhoneSimulator = Debug|iPhoneSimulator
		Debug|Mixed Platforms = Debug|Mixed Platforms
		Debug|x86 = Debug|x86
		Release|Any CPU = Release|Any CPU
		Release|ARM = Release|ARM
		Release|iPhone = Release|iPhone
		Release|iPhoneSimulator = Release|iPhoneSimulator
		Release|Mixed Platforms = Release|Mixed Platforms
		Release|x86 = Release|x86
	EndGlobalSection
	GlobalSection(ProjectConfigurationPlatforms) = postSolution
		{6B74C9AD-A050-41AD-8818-F8CCC53D7585}.Ad-Hoc|Any CPU.ActiveCfg = Release|Any CPU
		{6B74C9AD-A050-41AD-8818-F8CCC53D7585}.Ad-Hoc|Any CPU.Build.0 = Release|Any CPU
		{6B74C9AD-A050-41AD-8818-F8CCC53D7585}.Ad-Hoc|ARM.ActiveCfg = Release|Any CPU
		{6B74C9AD-A050-41AD-8818-F8CCC53D7585}.Ad-Hoc|ARM.Build.0 = Release|Any CPU
		{6B74C9AD-A050-41AD-8818-F8CCC53D7585}.Ad-Hoc|iPhone.ActiveCfg = Release|Any CPU
		{6B74C9AD-A050-41AD-8818-F8CCC53D7585}.Ad-Hoc|iPhone.Build.0 = Release|Any CPU
		{6B74C9AD-A050-41AD-8818-F8CCC53D7585}.Ad-Hoc|iPhoneSimulator.ActiveCfg = Release|Any CPU
		{6B74C9AD-A050-41AD-8818-F8CCC53D7585}.Ad-Hoc|iPhoneSimulator.Build.0 = Release|Any CPU
		{6B74C9AD-A050-41AD-8818-F8CCC53D7585}.Ad-Hoc|Mixed Platforms.ActiveCfg = Release|Any CPU
		{6B74C9AD-A050-41AD-8818-F8CCC53D7585}.Ad-Hoc|Mixed Platforms.Build.0 = Release|Any CPU
		{6B74C9AD-A050-41AD-8818-F8CCC53D7585}.Ad-Hoc|x86.ActiveCfg = Release|Any CPU
		{6B74C9AD-A050-41AD-8818-F8CCC53D7585}.Ad-Hoc|x86.Build.0 = Release|Any CPU
		{6B74C9AD-A050-41AD-8818-F8CCC53D7585}.AppStore|Any CPU.ActiveCfg = Release|Any CPU
		{6B74C9AD-A050-41AD-8818-F8CCC53D7585}.AppStore|Any CPU.Build.0 = Release|Any CPU
		{6B74C9AD-A050-41AD-8818-F8CCC53D7585}.AppStore|ARM.ActiveCfg = Release|Any CPU
		{6B74C9AD-A050-41AD-8818-F8CCC53D7585}.AppStore|ARM.Build.0 = Release|Any CPU
		{6B74C9AD-A050-41AD-8818-F8CCC53D7585}.AppStore|iPhone.ActiveCfg = Release|Any CPU
		{6B74C9AD-A050-41AD-8818-F8CCC53D7585}.AppStore|iPhone.Build.0 = Release|Any CPU
		{6B74C9AD-A050-41AD-8818-F8CCC53D7585}.AppStore|iPhoneSimulator.ActiveCfg = Release|Any CPU
		{6B74C9AD-A050-41AD-8818-F8CCC53D7585}.AppStore|iPhoneSimulator.Build.0 = Release|Any CPU
		{6B74C9AD-A050-41AD-8818-F8CCC53D7585}.AppStore|Mixed Platforms.ActiveCfg = Release|Any CPU
		{6B74C9AD-A050-41AD-8818-F8CCC53D7585}.AppStore|Mixed Platforms.Build.0 = Release|Any CPU
		{6B74C9AD-A050-41AD-8818-F8CCC53D7585}.AppStore|x86.ActiveCfg = Release|Any CPU
		{6B74C9AD-A050-41AD-8818-F8CCC53D7585}.AppStore|x86.Build.0 = Release|Any CPU
		{6B74C9AD-A050-41AD-8818-F8CCC53D7585}.Debug|Any CPU.ActiveCfg = Debug|Any CPU
		{6B74C9AD-A050-41AD-8818-F8CCC53D7585}.Debug|Any CPU.Build.0 = Debug|Any CPU
		{6B74C9AD-A050-41AD-8818-F8CCC53D7585}.Debug|ARM.ActiveCfg = Debug|Any CPU
		{6B74C9AD-A050-41AD-8818-F8CCC53D7585}.Debug|ARM.Build.0 = Debug|Any CPU
		{6B74C9AD-A050-41AD-8818-F8CCC53D7585}.Debug|iPhone.ActiveCfg = Debug|Any CPU
		{6B74C9AD-A050-41AD-8818-F8CCC53D7585}.Debug|iPhone.Build.0 = Debug|Any CPU
		{6B74C9AD-A050-41AD-8818-F8CCC53D7585}.Debug|iPhoneSimulator.ActiveCfg = Debug|Any CPU
		{6B74C9AD-A050-41AD-8818-F8CCC53D7585}.Debug|iPhoneSimulator.Build.0 = Debug|Any CPU
		{6B74C9AD-A050-41AD-8818-F8CCC53D7585}.Debug|Mixed Platforms.ActiveCfg = Debug|Any CPU
		{6B74C9AD-A050-41AD-8818-F8CCC53D7585}.Debug|Mixed Platforms.Build.0 = Debug|Any CPU
		{6B74C9AD-A050-41AD-8818-F8CCC53D7585}.Debug|x86.ActiveCfg = Debug|Any CPU
		{6B74C9AD-A050-41AD-8818-F8CCC53D7585}.Debug|x86.Build.0 = Debug|Any CPU
		{6B74C9AD-A050-41AD-8818-F8CCC53D7585}.Release|Any CPU.ActiveCfg = Release|Any CPU
		{6B74C9AD-A050-41AD-8818-F8CCC53D7585}.Release|Any CPU.Build.0 = Release|Any CPU
		{6B74C9AD-A050-41AD-8818-F8CCC53D7585}.Release|ARM.ActiveCfg = Release|Any CPU
		{6B74C9AD-A050-41AD-8818-F8CCC53D7585}.Release|ARM.Build.0 = Release|Any CPU
		{6B74C9AD-A050-41AD-8818-F8CCC53D7585}.Release|iPhone.ActiveCfg = Release|Any CPU
		{6B74C9AD-A050-41AD-8818-F8CCC53D7585}.Release|iPhone.Build.0 = Release|Any CPU
		{6B74C9AD-A050-41AD-8818-F8CCC53D7585}.Release|iPhoneSimulator.ActiveCfg = Release|Any CPU
		{6B74C9AD-A050-41AD-8818-F8CCC53D7585}.Release|iPhoneSimulator.Build.0 = Release|Any CPU
		{6B74C9AD-A050-41AD-8818-F8CCC53D7585}.Release|Mixed Platforms.ActiveCfg = Release|Any CPU
		{6B74C9AD-A050-41AD-8818-F8CCC53D7585}.Release|Mixed Platforms.Build.0 = Release|Any CPU
		{6B74C9AD-A050-41AD-8818-F8CCC53D7585}.Release|x86.ActiveCfg = Release|Any CPU
		{6B74C9AD-A050-41AD-8818-F8CCC53D7585}.Release|x86.Build.0 = Release|Any CPU
		{13444F72-6149-4FEF-9B80-63C32F554C3D}.Ad-Hoc|Any CPU.ActiveCfg = Release|Any CPU
		{13444F72-6149-4FEF-9B80-63C32F554C3D}.Ad-Hoc|Any CPU.Build.0 = Release|Any CPU
		{13444F72-6149-4FEF-9B80-63C32F554C3D}.Ad-Hoc|ARM.ActiveCfg = Release|Any CPU
		{13444F72-6149-4FEF-9B80-63C32F554C3D}.Ad-Hoc|ARM.Build.0 = Release|Any CPU
		{13444F72-6149-4FEF-9B80-63C32F554C3D}.Ad-Hoc|iPhone.ActiveCfg = Release|Any CPU
		{13444F72-6149-4FEF-9B80-63C32F554C3D}.Ad-Hoc|iPhone.Build.0 = Release|Any CPU
		{13444F72-6149-4FEF-9B80-63C32F554C3D}.Ad-Hoc|iPhoneSimulator.ActiveCfg = Release|Any CPU
		{13444F72-6149-4FEF-9B80-63C32F554C3D}.Ad-Hoc|iPhoneSimulator.Build.0 = Release|Any CPU
		{13444F72-6149-4FEF-9B80-63C32F554C3D}.Ad-Hoc|Mixed Platforms.ActiveCfg = Release|Any CPU
		{13444F72-6149-4FEF-9B80-63C32F554C3D}.Ad-Hoc|Mixed Platforms.Build.0 = Release|Any CPU
		{13444F72-6149-4FEF-9B80-63C32F554C3D}.Ad-Hoc|x86.ActiveCfg = Release|Any CPU
		{13444F72-6149-4FEF-9B80-63C32F554C3D}.Ad-Hoc|x86.Build.0 = Release|Any CPU
		{13444F72-6149-4FEF-9B80-63C32F554C3D}.AppStore|Any CPU.ActiveCfg = Release|Any CPU
		{13444F72-6149-4FEF-9B80-63C32F554C3D}.AppStore|Any CPU.Build.0 = Release|Any CPU
		{13444F72-6149-4FEF-9B80-63C32F554C3D}.AppStore|ARM.ActiveCfg = Release|Any CPU
		{13444F72-6149-4FEF-9B80-63C32F554C3D}.AppStore|ARM.Build.0 = Release|Any CPU
		{13444F72-6149-4FEF-9B80-63C32F554C3D}.AppStore|iPhone.ActiveCfg = Release|Any CPU
		{13444F72-6149-4FEF-9B80-63C32F554C3D}.AppStore|iPhone.Build.0 = Release|Any CPU
		{13444F72-6149-4FEF-9B80-63C32F554C3D}.AppStore|iPhoneSimulator.ActiveCfg = Release|Any CPU
		{13444F72-6149-4FEF-9B80-63C32F554C3D}.AppStore|iPhoneSimulator.Build.0 = Release|Any CPU
		{13444F72-6149-4FEF-9B80-63C32F554C3D}.AppStore|Mixed Platforms.ActiveCfg = Release|Any CPU
		{13444F72-6149-4FEF-9B80-63C32F554C3D}.AppStore|Mixed Platforms.Build.0 = Release|Any CPU
		{13444F72-6149-4FEF-9B80-63C32F554C3D}.AppStore|x86.ActiveCfg = Release|Any CPU
		{13444F72-6149-4FEF-9B80-63C32F554C3D}.AppStore|x86.Build.0 = Release|Any CPU
		{13444F72-6149-4FEF-9B80-63C32F554C3D}.Debug|Any CPU.ActiveCfg = Debug|Any CPU
		{13444F72-6149-4FEF-9B80-63C32F554C3D}.Debug|Any CPU.Build.0 = Debug|Any CPU
		{13444F72-6149-4FEF-9B80-63C32F554C3D}.Debug|ARM.ActiveCfg = Debug|Any CPU
		{13444F72-6149-4FEF-9B80-63C32F554C3D}.Debug|ARM.Build.0 = Debug|Any CPU
		{13444F72-6149-4FEF-9B80-63C32F554C3D}.Debug|iPhone.ActiveCfg = Debug|Any CPU
		{13444F72-6149-4FEF-9B80-63C32F554C3D}.Debug|iPhone.Build.0 = Debug|Any CPU
		{13444F72-6149-4FEF-9B80-63C32F554C3D}.Debug|iPhoneSimulator.ActiveCfg = Debug|Any CPU
		{13444F72-6149-4FEF-9B80-63C32F554C3D}.Debug|iPhoneSimulator.Build.0 = Debug|Any CPU
		{13444F72-6149-4FEF-9B80-63C32F554C3D}.Debug|Mixed Platforms.ActiveCfg = Debug|Any CPU
		{13444F72-6149-4FEF-9B80-63C32F554C3D}.Debug|Mixed Platforms.Build.0 = Debug|Any CPU
		{13444F72-6149-4FEF-9B80-63C32F554C3D}.Debug|x86.ActiveCfg = Debug|Any CPU
		{13444F72-6149-4FEF-9B80-63C32F554C3D}.Debug|x86.Build.0 = Debug|Any CPU
		{13444F72-6149-4FEF-9B80-63C32F554C3D}.Release|Any CPU.ActiveCfg = Release|Any CPU
		{13444F72-6149-4FEF-9B80-63C32F554C3D}.Release|Any CPU.Build.0 = Release|Any CPU
		{13444F72-6149-4FEF-9B80-63C32F554C3D}.Release|ARM.ActiveCfg = Release|Any CPU
		{13444F72-6149-4FEF-9B80-63C32F554C3D}.Release|ARM.Build.0 = Release|Any CPU
		{13444F72-6149-4FEF-9B80-63C32F554C3D}.Release|iPhone.ActiveCfg = Release|Any CPU
		{13444F72-6149-4FEF-9B80-63C32F554C3D}.Release|iPhone.Build.0 = Release|Any CPU
		{13444F72-6149-4FEF-9B80-63C32F554C3D}.Release|iPhoneSimulator.ActiveCfg = Release|Any CPU
		{13444F72-6149-4FEF-9B80-63C32F554C3D}.Release|iPhoneSimulator.Build.0 = Release|Any CPU
		{13444F72-6149-4FEF-9B80-63C32F554C3D}.Release|Mixed Platforms.ActiveCfg = Release|Any CPU
		{13444F72-6149-4FEF-9B80-63C32F554C3D}.Release|Mixed Platforms.Build.0 = Release|Any CPU
		{13444F72-6149-4FEF-9B80-63C32F554C3D}.Release|x86.ActiveCfg = Release|Any CPU
		{13444F72-6149-4FEF-9B80-63C32F554C3D}.Release|x86.Build.0 = Release|Any CPU
		{CADB50FC-5172-4B28-B9B2-1033279DC295}.Ad-Hoc|Any CPU.ActiveCfg = Release|Any CPU
		{CADB50FC-5172-4B28-B9B2-1033279DC295}.Ad-Hoc|Any CPU.Build.0 = Release|Any CPU
		{CADB50FC-5172-4B28-B9B2-1033279DC295}.Ad-Hoc|ARM.ActiveCfg = Release|Any CPU
		{CADB50FC-5172-4B28-B9B2-1033279DC295}.Ad-Hoc|ARM.Build.0 = Release|Any CPU
		{CADB50FC-5172-4B28-B9B2-1033279DC295}.Ad-Hoc|iPhone.ActiveCfg = Release|Any CPU
		{CADB50FC-5172-4B28-B9B2-1033279DC295}.Ad-Hoc|iPhone.Build.0 = Release|Any CPU
		{CADB50FC-5172-4B28-B9B2-1033279DC295}.Ad-Hoc|iPhoneSimulator.ActiveCfg = Release|Any CPU
		{CADB50FC-5172-4B28-B9B2-1033279DC295}.Ad-Hoc|iPhoneSimulator.Build.0 = Release|Any CPU
		{CADB50FC-5172-4B28-B9B2-1033279DC295}.Ad-Hoc|Mixed Platforms.ActiveCfg = Release|Any CPU
		{CADB50FC-5172-4B28-B9B2-1033279DC295}.Ad-Hoc|Mixed Platforms.Build.0 = Release|Any CPU
		{CADB50FC-5172-4B28-B9B2-1033279DC295}.Ad-Hoc|x86.ActiveCfg = Release|Any CPU
		{CADB50FC-5172-4B28-B9B2-1033279DC295}.Ad-Hoc|x86.Build.0 = Release|Any CPU
		{CADB50FC-5172-4B28-B9B2-1033279DC295}.AppStore|Any CPU.ActiveCfg = Release|Any CPU
		{CADB50FC-5172-4B28-B9B2-1033279DC295}.AppStore|Any CPU.Build.0 = Release|Any CPU
		{CADB50FC-5172-4B28-B9B2-1033279DC295}.AppStore|ARM.ActiveCfg = Release|Any CPU
		{CADB50FC-5172-4B28-B9B2-1033279DC295}.AppStore|ARM.Build.0 = Release|Any CPU
		{CADB50FC-5172-4B28-B9B2-1033279DC295}.AppStore|iPhone.ActiveCfg = Release|Any CPU
		{CADB50FC-5172-4B28-B9B2-1033279DC295}.AppStore|iPhone.Build.0 = Release|Any CPU
		{CADB50FC-5172-4B28-B9B2-1033279DC295}.AppStore|iPhoneSimulator.ActiveCfg = Release|Any CPU
		{CADB50FC-5172-4B28-B9B2-1033279DC295}.AppStore|iPhoneSimulator.Build.0 = Release|Any CPU
		{CADB50FC-5172-4B28-B9B2-1033279DC295}.AppStore|Mixed Platforms.ActiveCfg = Release|Any CPU
		{CADB50FC-5172-4B28-B9B2-1033279DC295}.AppStore|Mixed Platforms.Build.0 = Release|Any CPU
		{CADB50FC-5172-4B28-B9B2-1033279DC295}.AppStore|x86.ActiveCfg = Release|Any CPU
		{CADB50FC-5172-4B28-B9B2-1033279DC295}.AppStore|x86.Build.0 = Release|Any CPU
		{CADB50FC-5172-4B28-B9B2-1033279DC295}.Debug|Any CPU.ActiveCfg = Debug|Any CPU
		{CADB50FC-5172-4B28-B9B2-1033279DC295}.Debug|Any CPU.Build.0 = Debug|Any CPU
		{CADB50FC-5172-4B28-B9B2-1033279DC295}.Debug|ARM.ActiveCfg = Debug|Any CPU
		{CADB50FC-5172-4B28-B9B2-1033279DC295}.Debug|ARM.Build.0 = Debug|Any CPU
		{CADB50FC-5172-4B28-B9B2-1033279DC295}.Debug|iPhone.ActiveCfg = Debug|Any CPU
		{CADB50FC-5172-4B28-B9B2-1033279DC295}.Debug|iPhone.Build.0 = Debug|Any CPU
		{CADB50FC-5172-4B28-B9B2-1033279DC295}.Debug|iPhoneSimulator.ActiveCfg = Debug|Any CPU
		{CADB50FC-5172-4B28-B9B2-1033279DC295}.Debug|iPhoneSimulator.Build.0 = Debug|Any CPU
		{CADB50FC-5172-4B28-B9B2-1033279DC295}.Debug|Mixed Platforms.ActiveCfg = Debug|Any CPU
		{CADB50FC-5172-4B28-B9B2-1033279DC295}.Debug|Mixed Platforms.Build.0 = Debug|Any CPU
		{CADB50FC-5172-4B28-B9B2-1033279DC295}.Debug|x86.ActiveCfg = Debug|Any CPU
		{CADB50FC-5172-4B28-B9B2-1033279DC295}.Debug|x86.Build.0 = Debug|Any CPU
		{CADB50FC-5172-4B28-B9B2-1033279DC295}.Release|Any CPU.ActiveCfg = Release|Any CPU
		{CADB50FC-5172-4B28-B9B2-1033279DC295}.Release|Any CPU.Build.0 = Release|Any CPU
		{CADB50FC-5172-4B28-B9B2-1033279DC295}.Release|ARM.ActiveCfg = Release|Any CPU
		{CADB50FC-5172-4B28-B9B2-1033279DC295}.Release|ARM.Build.0 = Release|Any CPU
		{CADB50FC-5172-4B28-B9B2-1033279DC295}.Release|iPhone.ActiveCfg = Release|Any CPU
		{CADB50FC-5172-4B28-B9B2-1033279DC295}.Release|iPhone.Build.0 = Release|Any CPU
		{CADB50FC-5172-4B28-B9B2-1033279DC295}.Release|iPhoneSimulator.ActiveCfg = Release|Any CPU
		{CADB50FC-5172-4B28-B9B2-1033279DC295}.Release|iPhoneSimulator.Build.0 = Release|Any CPU
		{CADB50FC-5172-4B28-B9B2-1033279DC295}.Release|Mixed Platforms.ActiveCfg = Release|Any CPU
		{CADB50FC-5172-4B28-B9B2-1033279DC295}.Release|Mixed Platforms.Build.0 = Release|Any CPU
		{CADB50FC-5172-4B28-B9B2-1033279DC295}.Release|x86.ActiveCfg = Release|Any CPU
		{CADB50FC-5172-4B28-B9B2-1033279DC295}.Release|x86.Build.0 = Release|Any CPU
		{59933087-F105-4939-8D3A-616AF3FC4E4A}.Ad-Hoc|Any CPU.ActiveCfg = Release|Any CPU
		{59933087-F105-4939-8D3A-616AF3FC4E4A}.Ad-Hoc|Any CPU.Build.0 = Release|Any CPU
		{59933087-F105-4939-8D3A-616AF3FC4E4A}.Ad-Hoc|ARM.ActiveCfg = Release|Any CPU
		{59933087-F105-4939-8D3A-616AF3FC4E4A}.Ad-Hoc|ARM.Build.0 = Release|Any CPU
		{59933087-F105-4939-8D3A-616AF3FC4E4A}.Ad-Hoc|iPhone.ActiveCfg = Release|Any CPU
		{59933087-F105-4939-8D3A-616AF3FC4E4A}.Ad-Hoc|iPhone.Build.0 = Release|Any CPU
		{59933087-F105-4939-8D3A-616AF3FC4E4A}.Ad-Hoc|iPhoneSimulator.ActiveCfg = Release|Any CPU
		{59933087-F105-4939-8D3A-616AF3FC4E4A}.Ad-Hoc|iPhoneSimulator.Build.0 = Release|Any CPU
		{59933087-F105-4939-8D3A-616AF3FC4E4A}.Ad-Hoc|Mixed Platforms.ActiveCfg = Release|Any CPU
		{59933087-F105-4939-8D3A-616AF3FC4E4A}.Ad-Hoc|Mixed Platforms.Build.0 = Release|Any CPU
		{59933087-F105-4939-8D3A-616AF3FC4E4A}.Ad-Hoc|x86.ActiveCfg = Release|Any CPU
		{59933087-F105-4939-8D3A-616AF3FC4E4A}.Ad-Hoc|x86.Build.0 = Release|Any CPU
		{59933087-F105-4939-8D3A-616AF3FC4E4A}.AppStore|Any CPU.ActiveCfg = Release|Any CPU
		{59933087-F105-4939-8D3A-616AF3FC4E4A}.AppStore|Any CPU.Build.0 = Release|Any CPU
		{59933087-F105-4939-8D3A-616AF3FC4E4A}.AppStore|ARM.ActiveCfg = Release|Any CPU
		{59933087-F105-4939-8D3A-616AF3FC4E4A}.AppStore|ARM.Build.0 = Release|Any CPU
		{59933087-F105-4939-8D3A-616AF3FC4E4A}.AppStore|iPhone.ActiveCfg = Release|Any CPU
		{59933087-F105-4939-8D3A-616AF3FC4E4A}.AppStore|iPhone.Build.0 = Release|Any CPU
		{59933087-F105-4939-8D3A-616AF3FC4E4A}.AppStore|iPhoneSimulator.ActiveCfg = Release|Any CPU
		{59933087-F105-4939-8D3A-616AF3FC4E4A}.AppStore|iPhoneSimulator.Build.0 = Release|Any CPU
		{59933087-F105-4939-8D3A-616AF3FC4E4A}.AppStore|Mixed Platforms.ActiveCfg = Release|Any CPU
		{59933087-F105-4939-8D3A-616AF3FC4E4A}.AppStore|Mixed Platforms.Build.0 = Release|Any CPU
		{59933087-F105-4939-8D3A-616AF3FC4E4A}.AppStore|x86.ActiveCfg = Release|Any CPU
		{59933087-F105-4939-8D3A-616AF3FC4E4A}.AppStore|x86.Build.0 = Release|Any CPU
		{59933087-F105-4939-8D3A-616AF3FC4E4A}.Debug|Any CPU.ActiveCfg = Debug|Any CPU
		{59933087-F105-4939-8D3A-616AF3FC4E4A}.Debug|Any CPU.Build.0 = Debug|Any CPU
		{59933087-F105-4939-8D3A-616AF3FC4E4A}.Debug|ARM.ActiveCfg = Debug|Any CPU
		{59933087-F105-4939-8D3A-616AF3FC4E4A}.Debug|ARM.Build.0 = Debug|Any CPU
		{59933087-F105-4939-8D3A-616AF3FC4E4A}.Debug|iPhone.ActiveCfg = Debug|Any CPU
		{59933087-F105-4939-8D3A-616AF3FC4E4A}.Debug|iPhone.Build.0 = Debug|Any CPU
		{59933087-F105-4939-8D3A-616AF3FC4E4A}.Debug|iPhoneSimulator.ActiveCfg = Debug|Any CPU
		{59933087-F105-4939-8D3A-616AF3FC4E4A}.Debug|iPhoneSimulator.Build.0 = Debug|Any CPU
		{59933087-F105-4939-8D3A-616AF3FC4E4A}.Debug|Mixed Platforms.ActiveCfg = Debug|Any CPU
		{59933087-F105-4939-8D3A-616AF3FC4E4A}.Debug|Mixed Platforms.Build.0 = Debug|Any CPU
		{59933087-F105-4939-8D3A-616AF3FC4E4A}.Debug|x86.ActiveCfg = Debug|Any CPU
		{59933087-F105-4939-8D3A-616AF3FC4E4A}.Debug|x86.Build.0 = Debug|Any CPU
		{59933087-F105-4939-8D3A-616AF3FC4E4A}.Release|Any CPU.ActiveCfg = Release|Any CPU
		{59933087-F105-4939-8D3A-616AF3FC4E4A}.Release|Any CPU.Build.0 = Release|Any CPU
		{59933087-F105-4939-8D3A-616AF3FC4E4A}.Release|ARM.ActiveCfg = Release|Any CPU
		{59933087-F105-4939-8D3A-616AF3FC4E4A}.Release|ARM.Build.0 = Release|Any CPU
		{59933087-F105-4939-8D3A-616AF3FC4E4A}.Release|iPhone.ActiveCfg = Release|Any CPU
		{59933087-F105-4939-8D3A-616AF3FC4E4A}.Release|iPhone.Build.0 = Release|Any CPU
		{59933087-F105-4939-8D3A-616AF3FC4E4A}.Release|iPhoneSimulator.ActiveCfg = Release|Any CPU
		{59933087-F105-4939-8D3A-616AF3FC4E4A}.Release|iPhoneSimulator.Build.0 = Release|Any CPU
		{59933087-F105-4939-8D3A-616AF3FC4E4A}.Release|Mixed Platforms.ActiveCfg = Release|Any CPU
		{59933087-F105-4939-8D3A-616AF3FC4E4A}.Release|Mixed Platforms.Build.0 = Release|Any CPU
		{59933087-F105-4939-8D3A-616AF3FC4E4A}.Release|x86.ActiveCfg = Release|Any CPU
		{59933087-F105-4939-8D3A-616AF3FC4E4A}.Release|x86.Build.0 = Release|Any CPU
		{EB6639CD-36EC-438C-BBFB-A540C540D49E}.Ad-Hoc|Any CPU.ActiveCfg = Release|Any CPU
		{EB6639CD-36EC-438C-BBFB-A540C540D49E}.Ad-Hoc|Any CPU.Build.0 = Release|Any CPU
		{EB6639CD-36EC-438C-BBFB-A540C540D49E}.Ad-Hoc|ARM.ActiveCfg = Release|Any CPU
		{EB6639CD-36EC-438C-BBFB-A540C540D49E}.Ad-Hoc|ARM.Build.0 = Release|Any CPU
		{EB6639CD-36EC-438C-BBFB-A540C540D49E}.Ad-Hoc|iPhone.ActiveCfg = Release|Any CPU
		{EB6639CD-36EC-438C-BBFB-A540C540D49E}.Ad-Hoc|iPhone.Build.0 = Release|Any CPU
		{EB6639CD-36EC-438C-BBFB-A540C540D49E}.Ad-Hoc|iPhoneSimulator.ActiveCfg = Release|Any CPU
		{EB6639CD-36EC-438C-BBFB-A540C540D49E}.Ad-Hoc|iPhoneSimulator.Build.0 = Release|Any CPU
		{EB6639CD-36EC-438C-BBFB-A540C540D49E}.Ad-Hoc|Mixed Platforms.ActiveCfg = Release|Any CPU
		{EB6639CD-36EC-438C-BBFB-A540C540D49E}.Ad-Hoc|Mixed Platforms.Build.0 = Release|Any CPU
		{EB6639CD-36EC-438C-BBFB-A540C540D49E}.Ad-Hoc|x86.ActiveCfg = Release|Any CPU
		{EB6639CD-36EC-438C-BBFB-A540C540D49E}.Ad-Hoc|x86.Build.0 = Release|Any CPU
		{EB6639CD-36EC-438C-BBFB-A540C540D49E}.AppStore|Any CPU.ActiveCfg = Release|Any CPU
		{EB6639CD-36EC-438C-BBFB-A540C540D49E}.AppStore|Any CPU.Build.0 = Release|Any CPU
		{EB6639CD-36EC-438C-BBFB-A540C540D49E}.AppStore|ARM.ActiveCfg = Release|Any CPU
		{EB6639CD-36EC-438C-BBFB-A540C540D49E}.AppStore|ARM.Build.0 = Release|Any CPU
		{EB6639CD-36EC-438C-BBFB-A540C540D49E}.AppStore|iPhone.ActiveCfg = Release|Any CPU
		{EB6639CD-36EC-438C-BBFB-A540C540D49E}.AppStore|iPhone.Build.0 = Release|Any CPU
		{EB6639CD-36EC-438C-BBFB-A540C540D49E}.AppStore|iPhoneSimulator.ActiveCfg = Release|Any CPU
		{EB6639CD-36EC-438C-BBFB-A540C540D49E}.AppStore|iPhoneSimulator.Build.0 = Release|Any CPU
		{EB6639CD-36EC-438C-BBFB-A540C540D49E}.AppStore|Mixed Platforms.ActiveCfg = Release|Any CPU
		{EB6639CD-36EC-438C-BBFB-A540C540D49E}.AppStore|Mixed Platforms.Build.0 = Release|Any CPU
		{EB6639CD-36EC-438C-BBFB-A540C540D49E}.AppStore|x86.ActiveCfg = Release|Any CPU
		{EB6639CD-36EC-438C-BBFB-A540C540D49E}.AppStore|x86.Build.0 = Release|Any CPU
		{EB6639CD-36EC-438C-BBFB-A540C540D49E}.Debug|Any CPU.ActiveCfg = Debug|Any CPU
		{EB6639CD-36EC-438C-BBFB-A540C540D49E}.Debug|Any CPU.Build.0 = Debug|Any CPU
		{EB6639CD-36EC-438C-BBFB-A540C540D49E}.Debug|ARM.ActiveCfg = Debug|Any CPU
		{EB6639CD-36EC-438C-BBFB-A540C540D49E}.Debug|ARM.Build.0 = Debug|Any CPU
		{EB6639CD-36EC-438C-BBFB-A540C540D49E}.Debug|iPhone.ActiveCfg = Debug|Any CPU
		{EB6639CD-36EC-438C-BBFB-A540C540D49E}.Debug|iPhone.Build.0 = Debug|Any CPU
		{EB6639CD-36EC-438C-BBFB-A540C540D49E}.Debug|iPhoneSimulator.ActiveCfg = Debug|Any CPU
		{EB6639CD-36EC-438C-BBFB-A540C540D49E}.Debug|iPhoneSimulator.Build.0 = Debug|Any CPU
		{EB6639CD-36EC-438C-BBFB-A540C540D49E}.Debug|Mixed Platforms.ActiveCfg = Debug|Any CPU
		{EB6639CD-36EC-438C-BBFB-A540C540D49E}.Debug|Mixed Platforms.Build.0 = Debug|Any CPU
		{EB6639CD-36EC-438C-BBFB-A540C540D49E}.Debug|x86.ActiveCfg = Debug|Any CPU
		{EB6639CD-36EC-438C-BBFB-A540C540D49E}.Debug|x86.Build.0 = Debug|Any CPU
		{EB6639CD-36EC-438C-BBFB-A540C540D49E}.Release|Any CPU.ActiveCfg = Release|Any CPU
		{EB6639CD-36EC-438C-BBFB-A540C540D49E}.Release|Any CPU.Build.0 = Release|Any CPU
		{EB6639CD-36EC-438C-BBFB-A540C540D49E}.Release|ARM.ActiveCfg = Release|Any CPU
		{EB6639CD-36EC-438C-BBFB-A540C540D49E}.Release|ARM.Build.0 = Release|Any CPU
		{EB6639CD-36EC-438C-BBFB-A540C540D49E}.Release|iPhone.ActiveCfg = Release|Any CPU
		{EB6639CD-36EC-438C-BBFB-A540C540D49E}.Release|iPhone.Build.0 = Release|Any CPU
		{EB6639CD-36EC-438C-BBFB-A540C540D49E}.Release|iPhoneSimulator.ActiveCfg = Release|Any CPU
		{EB6639CD-36EC-438C-BBFB-A540C540D49E}.Release|iPhoneSimulator.Build.0 = Release|Any CPU
		{EB6639CD-36EC-438C-BBFB-A540C540D49E}.Release|Mixed Platforms.ActiveCfg = Release|Any CPU
		{EB6639CD-36EC-438C-BBFB-A540C540D49E}.Release|Mixed Platforms.Build.0 = Release|Any CPU
		{EB6639CD-36EC-438C-BBFB-A540C540D49E}.Release|x86.ActiveCfg = Release|Any CPU
		{EB6639CD-36EC-438C-BBFB-A540C540D49E}.Release|x86.Build.0 = Release|Any CPU
		{B705C1C2-D23C-423A-9309-A0B35FD630CE}.Ad-Hoc|Any CPU.ActiveCfg = Release|Any CPU
		{B705C1C2-D23C-423A-9309-A0B35FD630CE}.Ad-Hoc|Any CPU.Build.0 = Release|Any CPU
		{B705C1C2-D23C-423A-9309-A0B35FD630CE}.Ad-Hoc|ARM.ActiveCfg = Release|Any CPU
		{B705C1C2-D23C-423A-9309-A0B35FD630CE}.Ad-Hoc|ARM.Build.0 = Release|Any CPU
		{B705C1C2-D23C-423A-9309-A0B35FD630CE}.Ad-Hoc|iPhone.ActiveCfg = Release|Any CPU
		{B705C1C2-D23C-423A-9309-A0B35FD630CE}.Ad-Hoc|iPhone.Build.0 = Release|Any CPU
		{B705C1C2-D23C-423A-9309-A0B35FD630CE}.Ad-Hoc|iPhoneSimulator.ActiveCfg = Release|Any CPU
		{B705C1C2-D23C-423A-9309-A0B35FD630CE}.Ad-Hoc|iPhoneSimulator.Build.0 = Release|Any CPU
		{B705C1C2-D23C-423A-9309-A0B35FD630CE}.Ad-Hoc|Mixed Platforms.ActiveCfg = Release|Any CPU
		{B705C1C2-D23C-423A-9309-A0B35FD630CE}.Ad-Hoc|Mixed Platforms.Build.0 = Release|Any CPU
		{B705C1C2-D23C-423A-9309-A0B35FD630CE}.Ad-Hoc|x86.ActiveCfg = Release|Any CPU
		{B705C1C2-D23C-423A-9309-A0B35FD630CE}.Ad-Hoc|x86.Build.0 = Release|Any CPU
		{B705C1C2-D23C-423A-9309-A0B35FD630CE}.AppStore|Any CPU.ActiveCfg = Release|Any CPU
		{B705C1C2-D23C-423A-9309-A0B35FD630CE}.AppStore|Any CPU.Build.0 = Release|Any CPU
		{B705C1C2-D23C-423A-9309-A0B35FD630CE}.AppStore|ARM.ActiveCfg = Release|Any CPU
		{B705C1C2-D23C-423A-9309-A0B35FD630CE}.AppStore|ARM.Build.0 = Release|Any CPU
		{B705C1C2-D23C-423A-9309-A0B35FD630CE}.AppStore|iPhone.ActiveCfg = Release|Any CPU
		{B705C1C2-D23C-423A-9309-A0B35FD630CE}.AppStore|iPhone.Build.0 = Release|Any CPU
		{B705C1C2-D23C-423A-9309-A0B35FD630CE}.AppStore|iPhoneSimulator.ActiveCfg = Release|Any CPU
		{B705C1C2-D23C-423A-9309-A0B35FD630CE}.AppStore|iPhoneSimulator.Build.0 = Release|Any CPU
		{B705C1C2-D23C-423A-9309-A0B35FD630CE}.AppStore|Mixed Platforms.ActiveCfg = Release|Any CPU
		{B705C1C2-D23C-423A-9309-A0B35FD630CE}.AppStore|Mixed Platforms.Build.0 = Release|Any CPU
		{B705C1C2-D23C-423A-9309-A0B35FD630CE}.AppStore|x86.ActiveCfg = Release|Any CPU
		{B705C1C2-D23C-423A-9309-A0B35FD630CE}.AppStore|x86.Build.0 = Release|Any CPU
		{B705C1C2-D23C-423A-9309-A0B35FD630CE}.Debug|Any CPU.ActiveCfg = Debug|Any CPU
		{B705C1C2-D23C-423A-9309-A0B35FD630CE}.Debug|Any CPU.Build.0 = Debug|Any CPU
		{B705C1C2-D23C-423A-9309-A0B35FD630CE}.Debug|ARM.ActiveCfg = Debug|Any CPU
		{B705C1C2-D23C-423A-9309-A0B35FD630CE}.Debug|ARM.Build.0 = Debug|Any CPU
		{B705C1C2-D23C-423A-9309-A0B35FD630CE}.Debug|iPhone.ActiveCfg = Debug|Any CPU
		{B705C1C2-D23C-423A-9309-A0B35FD630CE}.Debug|iPhone.Build.0 = Debug|Any CPU
		{B705C1C2-D23C-423A-9309-A0B35FD630CE}.Debug|iPhoneSimulator.ActiveCfg = Debug|Any CPU
		{B705C1C2-D23C-423A-9309-A0B35FD630CE}.Debug|iPhoneSimulator.Build.0 = Debug|Any CPU
		{B705C1C2-D23C-423A-9309-A0B35FD630CE}.Debug|Mixed Platforms.ActiveCfg = Debug|Any CPU
		{B705C1C2-D23C-423A-9309-A0B35FD630CE}.Debug|Mixed Platforms.Build.0 = Debug|Any CPU
		{B705C1C2-D23C-423A-9309-A0B35FD630CE}.Debug|x86.ActiveCfg = Debug|Any CPU
		{B705C1C2-D23C-423A-9309-A0B35FD630CE}.Debug|x86.Build.0 = Debug|Any CPU
		{B705C1C2-D23C-423A-9309-A0B35FD630CE}.Release|Any CPU.ActiveCfg = Release|Any CPU
		{B705C1C2-D23C-423A-9309-A0B35FD630CE}.Release|Any CPU.Build.0 = Release|Any CPU
		{B705C1C2-D23C-423A-9309-A0B35FD630CE}.Release|ARM.ActiveCfg = Release|Any CPU
		{B705C1C2-D23C-423A-9309-A0B35FD630CE}.Release|ARM.Build.0 = Release|Any CPU
		{B705C1C2-D23C-423A-9309-A0B35FD630CE}.Release|iPhone.ActiveCfg = Release|Any CPU
		{B705C1C2-D23C-423A-9309-A0B35FD630CE}.Release|iPhone.Build.0 = Release|Any CPU
		{B705C1C2-D23C-423A-9309-A0B35FD630CE}.Release|iPhoneSimulator.ActiveCfg = Release|Any CPU
		{B705C1C2-D23C-423A-9309-A0B35FD630CE}.Release|iPhoneSimulator.Build.0 = Release|Any CPU
		{B705C1C2-D23C-423A-9309-A0B35FD630CE}.Release|Mixed Platforms.ActiveCfg = Release|Any CPU
		{B705C1C2-D23C-423A-9309-A0B35FD630CE}.Release|Mixed Platforms.Build.0 = Release|Any CPU
		{B705C1C2-D23C-423A-9309-A0B35FD630CE}.Release|x86.ActiveCfg = Release|Any CPU
		{B705C1C2-D23C-423A-9309-A0B35FD630CE}.Release|x86.Build.0 = Release|Any CPU
		{D2C0B558-4B73-4AA0-889C-6B5B5C61EB86}.Ad-Hoc|Any CPU.ActiveCfg = Release|Any CPU
		{D2C0B558-4B73-4AA0-889C-6B5B5C61EB86}.Ad-Hoc|Any CPU.Build.0 = Release|Any CPU
		{D2C0B558-4B73-4AA0-889C-6B5B5C61EB86}.Ad-Hoc|Any CPU.Deploy.0 = Release|Any CPU
		{D2C0B558-4B73-4AA0-889C-6B5B5C61EB86}.Ad-Hoc|ARM.ActiveCfg = Release|Any CPU
		{D2C0B558-4B73-4AA0-889C-6B5B5C61EB86}.Ad-Hoc|ARM.Build.0 = Release|Any CPU
		{D2C0B558-4B73-4AA0-889C-6B5B5C61EB86}.Ad-Hoc|ARM.Deploy.0 = Release|Any CPU
		{D2C0B558-4B73-4AA0-889C-6B5B5C61EB86}.Ad-Hoc|iPhone.ActiveCfg = Release|Any CPU
		{D2C0B558-4B73-4AA0-889C-6B5B5C61EB86}.Ad-Hoc|iPhone.Build.0 = Release|Any CPU
		{D2C0B558-4B73-4AA0-889C-6B5B5C61EB86}.Ad-Hoc|iPhone.Deploy.0 = Release|Any CPU
		{D2C0B558-4B73-4AA0-889C-6B5B5C61EB86}.Ad-Hoc|iPhoneSimulator.ActiveCfg = Release|Any CPU
		{D2C0B558-4B73-4AA0-889C-6B5B5C61EB86}.Ad-Hoc|iPhoneSimulator.Build.0 = Release|Any CPU
		{D2C0B558-4B73-4AA0-889C-6B5B5C61EB86}.Ad-Hoc|iPhoneSimulator.Deploy.0 = Release|Any CPU
		{D2C0B558-4B73-4AA0-889C-6B5B5C61EB86}.Ad-Hoc|Mixed Platforms.ActiveCfg = Release|Any CPU
		{D2C0B558-4B73-4AA0-889C-6B5B5C61EB86}.Ad-Hoc|Mixed Platforms.Build.0 = Release|Any CPU
		{D2C0B558-4B73-4AA0-889C-6B5B5C61EB86}.Ad-Hoc|Mixed Platforms.Deploy.0 = Release|Any CPU
		{D2C0B558-4B73-4AA0-889C-6B5B5C61EB86}.Ad-Hoc|x86.ActiveCfg = Release|Any CPU
		{D2C0B558-4B73-4AA0-889C-6B5B5C61EB86}.Ad-Hoc|x86.Build.0 = Release|Any CPU
		{D2C0B558-4B73-4AA0-889C-6B5B5C61EB86}.Ad-Hoc|x86.Deploy.0 = Release|Any CPU
		{D2C0B558-4B73-4AA0-889C-6B5B5C61EB86}.AppStore|Any CPU.ActiveCfg = Release|Any CPU
		{D2C0B558-4B73-4AA0-889C-6B5B5C61EB86}.AppStore|Any CPU.Build.0 = Release|Any CPU
		{D2C0B558-4B73-4AA0-889C-6B5B5C61EB86}.AppStore|Any CPU.Deploy.0 = Release|Any CPU
		{D2C0B558-4B73-4AA0-889C-6B5B5C61EB86}.AppStore|ARM.ActiveCfg = Release|Any CPU
		{D2C0B558-4B73-4AA0-889C-6B5B5C61EB86}.AppStore|ARM.Build.0 = Release|Any CPU
		{D2C0B558-4B73-4AA0-889C-6B5B5C61EB86}.AppStore|ARM.Deploy.0 = Release|Any CPU
		{D2C0B558-4B73-4AA0-889C-6B5B5C61EB86}.AppStore|iPhone.ActiveCfg = Release|Any CPU
		{D2C0B558-4B73-4AA0-889C-6B5B5C61EB86}.AppStore|iPhone.Build.0 = Release|Any CPU
		{D2C0B558-4B73-4AA0-889C-6B5B5C61EB86}.AppStore|iPhone.Deploy.0 = Release|Any CPU
		{D2C0B558-4B73-4AA0-889C-6B5B5C61EB86}.AppStore|iPhoneSimulator.ActiveCfg = Release|Any CPU
		{D2C0B558-4B73-4AA0-889C-6B5B5C61EB86}.AppStore|iPhoneSimulator.Build.0 = Release|Any CPU
		{D2C0B558-4B73-4AA0-889C-6B5B5C61EB86}.AppStore|iPhoneSimulator.Deploy.0 = Release|Any CPU
		{D2C0B558-4B73-4AA0-889C-6B5B5C61EB86}.AppStore|Mixed Platforms.ActiveCfg = Release|Any CPU
		{D2C0B558-4B73-4AA0-889C-6B5B5C61EB86}.AppStore|Mixed Platforms.Build.0 = Release|Any CPU
		{D2C0B558-4B73-4AA0-889C-6B5B5C61EB86}.AppStore|Mixed Platforms.Deploy.0 = Release|Any CPU
		{D2C0B558-4B73-4AA0-889C-6B5B5C61EB86}.AppStore|x86.ActiveCfg = Release|Any CPU
		{D2C0B558-4B73-4AA0-889C-6B5B5C61EB86}.AppStore|x86.Build.0 = Release|Any CPU
		{D2C0B558-4B73-4AA0-889C-6B5B5C61EB86}.AppStore|x86.Deploy.0 = Release|Any CPU
		{D2C0B558-4B73-4AA0-889C-6B5B5C61EB86}.Debug|Any CPU.ActiveCfg = Debug|Any CPU
		{D2C0B558-4B73-4AA0-889C-6B5B5C61EB86}.Debug|Any CPU.Build.0 = Debug|Any CPU
		{D2C0B558-4B73-4AA0-889C-6B5B5C61EB86}.Debug|Any CPU.Deploy.0 = Debug|Any CPU
		{D2C0B558-4B73-4AA0-889C-6B5B5C61EB86}.Debug|ARM.ActiveCfg = Debug|Any CPU
		{D2C0B558-4B73-4AA0-889C-6B5B5C61EB86}.Debug|ARM.Build.0 = Debug|Any CPU
		{D2C0B558-4B73-4AA0-889C-6B5B5C61EB86}.Debug|ARM.Deploy.0 = Debug|Any CPU
		{D2C0B558-4B73-4AA0-889C-6B5B5C61EB86}.Debug|iPhone.ActiveCfg = Debug|Any CPU
		{D2C0B558-4B73-4AA0-889C-6B5B5C61EB86}.Debug|iPhone.Build.0 = Debug|Any CPU
		{D2C0B558-4B73-4AA0-889C-6B5B5C61EB86}.Debug|iPhone.Deploy.0 = Debug|Any CPU
		{D2C0B558-4B73-4AA0-889C-6B5B5C61EB86}.Debug|iPhoneSimulator.ActiveCfg = Debug|Any CPU
		{D2C0B558-4B73-4AA0-889C-6B5B5C61EB86}.Debug|iPhoneSimulator.Build.0 = Debug|Any CPU
		{D2C0B558-4B73-4AA0-889C-6B5B5C61EB86}.Debug|iPhoneSimulator.Deploy.0 = Debug|Any CPU
		{D2C0B558-4B73-4AA0-889C-6B5B5C61EB86}.Debug|Mixed Platforms.ActiveCfg = Debug|Any CPU
		{D2C0B558-4B73-4AA0-889C-6B5B5C61EB86}.Debug|Mixed Platforms.Build.0 = Debug|Any CPU
		{D2C0B558-4B73-4AA0-889C-6B5B5C61EB86}.Debug|Mixed Platforms.Deploy.0 = Debug|Any CPU
		{D2C0B558-4B73-4AA0-889C-6B5B5C61EB86}.Debug|x86.ActiveCfg = Debug|Any CPU
		{D2C0B558-4B73-4AA0-889C-6B5B5C61EB86}.Debug|x86.Build.0 = Debug|Any CPU
		{D2C0B558-4B73-4AA0-889C-6B5B5C61EB86}.Debug|x86.Deploy.0 = Debug|Any CPU
		{D2C0B558-4B73-4AA0-889C-6B5B5C61EB86}.Release|Any CPU.ActiveCfg = Release|Any CPU
		{D2C0B558-4B73-4AA0-889C-6B5B5C61EB86}.Release|Any CPU.Build.0 = Release|Any CPU
		{D2C0B558-4B73-4AA0-889C-6B5B5C61EB86}.Release|Any CPU.Deploy.0 = Release|Any CPU
		{D2C0B558-4B73-4AA0-889C-6B5B5C61EB86}.Release|ARM.ActiveCfg = Release|Any CPU
		{D2C0B558-4B73-4AA0-889C-6B5B5C61EB86}.Release|ARM.Build.0 = Release|Any CPU
		{D2C0B558-4B73-4AA0-889C-6B5B5C61EB86}.Release|ARM.Deploy.0 = Release|Any CPU
		{D2C0B558-4B73-4AA0-889C-6B5B5C61EB86}.Release|iPhone.ActiveCfg = Release|Any CPU
		{D2C0B558-4B73-4AA0-889C-6B5B5C61EB86}.Release|iPhone.Build.0 = Release|Any CPU
		{D2C0B558-4B73-4AA0-889C-6B5B5C61EB86}.Release|iPhone.Deploy.0 = Release|Any CPU
		{D2C0B558-4B73-4AA0-889C-6B5B5C61EB86}.Release|iPhoneSimulator.ActiveCfg = Release|Any CPU
		{D2C0B558-4B73-4AA0-889C-6B5B5C61EB86}.Release|iPhoneSimulator.Build.0 = Release|Any CPU
		{D2C0B558-4B73-4AA0-889C-6B5B5C61EB86}.Release|iPhoneSimulator.Deploy.0 = Release|Any CPU
		{D2C0B558-4B73-4AA0-889C-6B5B5C61EB86}.Release|Mixed Platforms.ActiveCfg = Release|Any CPU
		{D2C0B558-4B73-4AA0-889C-6B5B5C61EB86}.Release|Mixed Platforms.Build.0 = Release|Any CPU
		{D2C0B558-4B73-4AA0-889C-6B5B5C61EB86}.Release|Mixed Platforms.Deploy.0 = Release|Any CPU
		{D2C0B558-4B73-4AA0-889C-6B5B5C61EB86}.Release|x86.ActiveCfg = Release|Any CPU
		{D2C0B558-4B73-4AA0-889C-6B5B5C61EB86}.Release|x86.Build.0 = Release|Any CPU
		{D2C0B558-4B73-4AA0-889C-6B5B5C61EB86}.Release|x86.Deploy.0 = Release|Any CPU
		{25B95456-71C8-43AB-91CA-FFE4702A5C24}.Ad-Hoc|Any CPU.ActiveCfg = Debug|Any CPU
		{25B95456-71C8-43AB-91CA-FFE4702A5C24}.Ad-Hoc|Any CPU.Build.0 = Debug|Any CPU
		{25B95456-71C8-43AB-91CA-FFE4702A5C24}.Ad-Hoc|ARM.ActiveCfg = Debug|Any CPU
		{25B95456-71C8-43AB-91CA-FFE4702A5C24}.Ad-Hoc|ARM.Build.0 = Debug|Any CPU
		{25B95456-71C8-43AB-91CA-FFE4702A5C24}.Ad-Hoc|iPhone.ActiveCfg = Debug|Any CPU
		{25B95456-71C8-43AB-91CA-FFE4702A5C24}.Ad-Hoc|iPhone.Build.0 = Debug|Any CPU
		{25B95456-71C8-43AB-91CA-FFE4702A5C24}.Ad-Hoc|iPhoneSimulator.ActiveCfg = Debug|Any CPU
		{25B95456-71C8-43AB-91CA-FFE4702A5C24}.Ad-Hoc|iPhoneSimulator.Build.0 = Debug|Any CPU
		{25B95456-71C8-43AB-91CA-FFE4702A5C24}.Ad-Hoc|Mixed Platforms.ActiveCfg = Debug|Any CPU
		{25B95456-71C8-43AB-91CA-FFE4702A5C24}.Ad-Hoc|Mixed Platforms.Build.0 = Debug|Any CPU
		{25B95456-71C8-43AB-91CA-FFE4702A5C24}.Ad-Hoc|x86.ActiveCfg = Debug|Any CPU
		{25B95456-71C8-43AB-91CA-FFE4702A5C24}.Ad-Hoc|x86.Build.0 = Debug|Any CPU
		{25B95456-71C8-43AB-91CA-FFE4702A5C24}.AppStore|Any CPU.ActiveCfg = Debug|Any CPU
		{25B95456-71C8-43AB-91CA-FFE4702A5C24}.AppStore|Any CPU.Build.0 = Debug|Any CPU
		{25B95456-71C8-43AB-91CA-FFE4702A5C24}.AppStore|ARM.ActiveCfg = Debug|Any CPU
		{25B95456-71C8-43AB-91CA-FFE4702A5C24}.AppStore|ARM.Build.0 = Debug|Any CPU
		{25B95456-71C8-43AB-91CA-FFE4702A5C24}.AppStore|iPhone.ActiveCfg = Debug|Any CPU
		{25B95456-71C8-43AB-91CA-FFE4702A5C24}.AppStore|iPhone.Build.0 = Debug|Any CPU
		{25B95456-71C8-43AB-91CA-FFE4702A5C24}.AppStore|iPhoneSimulator.ActiveCfg = Debug|Any CPU
		{25B95456-71C8-43AB-91CA-FFE4702A5C24}.AppStore|iPhoneSimulator.Build.0 = Debug|Any CPU
		{25B95456-71C8-43AB-91CA-FFE4702A5C24}.AppStore|Mixed Platforms.ActiveCfg = Debug|Any CPU
		{25B95456-71C8-43AB-91CA-FFE4702A5C24}.AppStore|Mixed Platforms.Build.0 = Debug|Any CPU
		{25B95456-71C8-43AB-91CA-FFE4702A5C24}.AppStore|x86.ActiveCfg = Debug|Any CPU
		{25B95456-71C8-43AB-91CA-FFE4702A5C24}.AppStore|x86.Build.0 = Debug|Any CPU
		{25B95456-71C8-43AB-91CA-FFE4702A5C24}.Debug|Any CPU.ActiveCfg = Debug|Any CPU
		{25B95456-71C8-43AB-91CA-FFE4702A5C24}.Debug|Any CPU.Build.0 = Debug|Any CPU
		{25B95456-71C8-43AB-91CA-FFE4702A5C24}.Debug|ARM.ActiveCfg = Debug|Any CPU
		{25B95456-71C8-43AB-91CA-FFE4702A5C24}.Debug|ARM.Build.0 = Debug|Any CPU
		{25B95456-71C8-43AB-91CA-FFE4702A5C24}.Debug|iPhone.ActiveCfg = Debug|Any CPU
		{25B95456-71C8-43AB-91CA-FFE4702A5C24}.Debug|iPhone.Build.0 = Debug|Any CPU
		{25B95456-71C8-43AB-91CA-FFE4702A5C24}.Debug|iPhoneSimulator.ActiveCfg = Debug|Any CPU
		{25B95456-71C8-43AB-91CA-FFE4702A5C24}.Debug|iPhoneSimulator.Build.0 = Debug|Any CPU
		{25B95456-71C8-43AB-91CA-FFE4702A5C24}.Debug|Mixed Platforms.ActiveCfg = Debug|Any CPU
		{25B95456-71C8-43AB-91CA-FFE4702A5C24}.Debug|Mixed Platforms.Build.0 = Debug|Any CPU
		{25B95456-71C8-43AB-91CA-FFE4702A5C24}.Debug|x86.ActiveCfg = Debug|Any CPU
		{25B95456-71C8-43AB-91CA-FFE4702A5C24}.Debug|x86.Build.0 = Debug|Any CPU
		{25B95456-71C8-43AB-91CA-FFE4702A5C24}.Release|Any CPU.ActiveCfg = Release|Any CPU
		{25B95456-71C8-43AB-91CA-FFE4702A5C24}.Release|Any CPU.Build.0 = Release|Any CPU
		{25B95456-71C8-43AB-91CA-FFE4702A5C24}.Release|ARM.ActiveCfg = Release|Any CPU
		{25B95456-71C8-43AB-91CA-FFE4702A5C24}.Release|ARM.Build.0 = Release|Any CPU
		{25B95456-71C8-43AB-91CA-FFE4702A5C24}.Release|iPhone.ActiveCfg = Release|Any CPU
		{25B95456-71C8-43AB-91CA-FFE4702A5C24}.Release|iPhone.Build.0 = Release|Any CPU
		{25B95456-71C8-43AB-91CA-FFE4702A5C24}.Release|iPhoneSimulator.ActiveCfg = Release|Any CPU
		{25B95456-71C8-43AB-91CA-FFE4702A5C24}.Release|iPhoneSimulator.Build.0 = Release|Any CPU
		{25B95456-71C8-43AB-91CA-FFE4702A5C24}.Release|Mixed Platforms.ActiveCfg = Release|Any CPU
		{25B95456-71C8-43AB-91CA-FFE4702A5C24}.Release|Mixed Platforms.Build.0 = Release|Any CPU
		{25B95456-71C8-43AB-91CA-FFE4702A5C24}.Release|x86.ActiveCfg = Release|Any CPU
		{25B95456-71C8-43AB-91CA-FFE4702A5C24}.Release|x86.Build.0 = Release|Any CPU
		{BE7169E5-B80F-4C27-B80D-CE56707BD411}.Ad-Hoc|Any CPU.ActiveCfg = Debug|Any CPU
		{BE7169E5-B80F-4C27-B80D-CE56707BD411}.Ad-Hoc|Any CPU.Build.0 = Debug|Any CPU
		{BE7169E5-B80F-4C27-B80D-CE56707BD411}.Ad-Hoc|ARM.ActiveCfg = Debug|Any CPU
		{BE7169E5-B80F-4C27-B80D-CE56707BD411}.Ad-Hoc|ARM.Build.0 = Debug|Any CPU
		{BE7169E5-B80F-4C27-B80D-CE56707BD411}.Ad-Hoc|iPhone.ActiveCfg = Debug|Any CPU
		{BE7169E5-B80F-4C27-B80D-CE56707BD411}.Ad-Hoc|iPhone.Build.0 = Debug|Any CPU
		{BE7169E5-B80F-4C27-B80D-CE56707BD411}.Ad-Hoc|iPhoneSimulator.ActiveCfg = Debug|Any CPU
		{BE7169E5-B80F-4C27-B80D-CE56707BD411}.Ad-Hoc|iPhoneSimulator.Build.0 = Debug|Any CPU
		{BE7169E5-B80F-4C27-B80D-CE56707BD411}.Ad-Hoc|Mixed Platforms.ActiveCfg = Debug|Any CPU
		{BE7169E5-B80F-4C27-B80D-CE56707BD411}.Ad-Hoc|Mixed Platforms.Build.0 = Debug|Any CPU
		{BE7169E5-B80F-4C27-B80D-CE56707BD411}.Ad-Hoc|x86.ActiveCfg = Debug|Any CPU
		{BE7169E5-B80F-4C27-B80D-CE56707BD411}.Ad-Hoc|x86.Build.0 = Debug|Any CPU
		{BE7169E5-B80F-4C27-B80D-CE56707BD411}.AppStore|Any CPU.ActiveCfg = Debug|Any CPU
		{BE7169E5-B80F-4C27-B80D-CE56707BD411}.AppStore|Any CPU.Build.0 = Debug|Any CPU
		{BE7169E5-B80F-4C27-B80D-CE56707BD411}.AppStore|ARM.ActiveCfg = Debug|Any CPU
		{BE7169E5-B80F-4C27-B80D-CE56707BD411}.AppStore|ARM.Build.0 = Debug|Any CPU
		{BE7169E5-B80F-4C27-B80D-CE56707BD411}.AppStore|iPhone.ActiveCfg = Debug|Any CPU
		{BE7169E5-B80F-4C27-B80D-CE56707BD411}.AppStore|iPhone.Build.0 = Debug|Any CPU
		{BE7169E5-B80F-4C27-B80D-CE56707BD411}.AppStore|iPhoneSimulator.ActiveCfg = Debug|Any CPU
		{BE7169E5-B80F-4C27-B80D-CE56707BD411}.AppStore|iPhoneSimulator.Build.0 = Debug|Any CPU
		{BE7169E5-B80F-4C27-B80D-CE56707BD411}.AppStore|Mixed Platforms.ActiveCfg = Debug|Any CPU
		{BE7169E5-B80F-4C27-B80D-CE56707BD411}.AppStore|Mixed Platforms.Build.0 = Debug|Any CPU
		{BE7169E5-B80F-4C27-B80D-CE56707BD411}.AppStore|x86.ActiveCfg = Debug|Any CPU
		{BE7169E5-B80F-4C27-B80D-CE56707BD411}.AppStore|x86.Build.0 = Debug|Any CPU
		{BE7169E5-B80F-4C27-B80D-CE56707BD411}.Debug|Any CPU.ActiveCfg = Debug|Any CPU
		{BE7169E5-B80F-4C27-B80D-CE56707BD411}.Debug|Any CPU.Build.0 = Debug|Any CPU
		{BE7169E5-B80F-4C27-B80D-CE56707BD411}.Debug|ARM.ActiveCfg = Debug|Any CPU
		{BE7169E5-B80F-4C27-B80D-CE56707BD411}.Debug|ARM.Build.0 = Debug|Any CPU
		{BE7169E5-B80F-4C27-B80D-CE56707BD411}.Debug|iPhone.ActiveCfg = Debug|Any CPU
		{BE7169E5-B80F-4C27-B80D-CE56707BD411}.Debug|iPhone.Build.0 = Debug|Any CPU
		{BE7169E5-B80F-4C27-B80D-CE56707BD411}.Debug|iPhoneSimulator.ActiveCfg = Debug|Any CPU
		{BE7169E5-B80F-4C27-B80D-CE56707BD411}.Debug|iPhoneSimulator.Build.0 = Debug|Any CPU
		{BE7169E5-B80F-4C27-B80D-CE56707BD411}.Debug|Mixed Platforms.ActiveCfg = Debug|Any CPU
		{BE7169E5-B80F-4C27-B80D-CE56707BD411}.Debug|Mixed Platforms.Build.0 = Debug|Any CPU
		{BE7169E5-B80F-4C27-B80D-CE56707BD411}.Debug|x86.ActiveCfg = Debug|Any CPU
		{BE7169E5-B80F-4C27-B80D-CE56707BD411}.Debug|x86.Build.0 = Debug|Any CPU
		{BE7169E5-B80F-4C27-B80D-CE56707BD411}.Release|Any CPU.ActiveCfg = Release|Any CPU
		{BE7169E5-B80F-4C27-B80D-CE56707BD411}.Release|Any CPU.Build.0 = Release|Any CPU
		{BE7169E5-B80F-4C27-B80D-CE56707BD411}.Release|ARM.ActiveCfg = Release|Any CPU
		{BE7169E5-B80F-4C27-B80D-CE56707BD411}.Release|ARM.Build.0 = Release|Any CPU
		{BE7169E5-B80F-4C27-B80D-CE56707BD411}.Release|iPhone.ActiveCfg = Release|Any CPU
		{BE7169E5-B80F-4C27-B80D-CE56707BD411}.Release|iPhone.Build.0 = Release|Any CPU
		{BE7169E5-B80F-4C27-B80D-CE56707BD411}.Release|iPhoneSimulator.ActiveCfg = Release|Any CPU
		{BE7169E5-B80F-4C27-B80D-CE56707BD411}.Release|iPhoneSimulator.Build.0 = Release|Any CPU
		{BE7169E5-B80F-4C27-B80D-CE56707BD411}.Release|Mixed Platforms.ActiveCfg = Release|Any CPU
		{BE7169E5-B80F-4C27-B80D-CE56707BD411}.Release|Mixed Platforms.Build.0 = Release|Any CPU
		{BE7169E5-B80F-4C27-B80D-CE56707BD411}.Release|x86.ActiveCfg = Release|Any CPU
		{BE7169E5-B80F-4C27-B80D-CE56707BD411}.Release|x86.Build.0 = Release|Any CPU
		{BED5F20A-CACF-437C-8A32-2A76D66A91C0}.Ad-Hoc|Any CPU.ActiveCfg = Debug|Any CPU
		{BED5F20A-CACF-437C-8A32-2A76D66A91C0}.Ad-Hoc|Any CPU.Build.0 = Debug|Any CPU
		{BED5F20A-CACF-437C-8A32-2A76D66A91C0}.Ad-Hoc|ARM.ActiveCfg = Debug|Any CPU
		{BED5F20A-CACF-437C-8A32-2A76D66A91C0}.Ad-Hoc|ARM.Build.0 = Debug|Any CPU
		{BED5F20A-CACF-437C-8A32-2A76D66A91C0}.Ad-Hoc|iPhone.ActiveCfg = Debug|Any CPU
		{BED5F20A-CACF-437C-8A32-2A76D66A91C0}.Ad-Hoc|iPhone.Build.0 = Debug|Any CPU
		{BED5F20A-CACF-437C-8A32-2A76D66A91C0}.Ad-Hoc|iPhoneSimulator.ActiveCfg = Debug|Any CPU
		{BED5F20A-CACF-437C-8A32-2A76D66A91C0}.Ad-Hoc|iPhoneSimulator.Build.0 = Debug|Any CPU
		{BED5F20A-CACF-437C-8A32-2A76D66A91C0}.Ad-Hoc|Mixed Platforms.ActiveCfg = Debug|Any CPU
		{BED5F20A-CACF-437C-8A32-2A76D66A91C0}.Ad-Hoc|Mixed Platforms.Build.0 = Debug|Any CPU
		{BED5F20A-CACF-437C-8A32-2A76D66A91C0}.Ad-Hoc|x86.ActiveCfg = Debug|Any CPU
		{BED5F20A-CACF-437C-8A32-2A76D66A91C0}.Ad-Hoc|x86.Build.0 = Debug|Any CPU
		{BED5F20A-CACF-437C-8A32-2A76D66A91C0}.AppStore|Any CPU.ActiveCfg = Debug|Any CPU
		{BED5F20A-CACF-437C-8A32-2A76D66A91C0}.AppStore|Any CPU.Build.0 = Debug|Any CPU
		{BED5F20A-CACF-437C-8A32-2A76D66A91C0}.AppStore|ARM.ActiveCfg = Debug|Any CPU
		{BED5F20A-CACF-437C-8A32-2A76D66A91C0}.AppStore|ARM.Build.0 = Debug|Any CPU
		{BED5F20A-CACF-437C-8A32-2A76D66A91C0}.AppStore|iPhone.ActiveCfg = Debug|Any CPU
		{BED5F20A-CACF-437C-8A32-2A76D66A91C0}.AppStore|iPhone.Build.0 = Debug|Any CPU
		{BED5F20A-CACF-437C-8A32-2A76D66A91C0}.AppStore|iPhoneSimulator.ActiveCfg = Debug|Any CPU
		{BED5F20A-CACF-437C-8A32-2A76D66A91C0}.AppStore|iPhoneSimulator.Build.0 = Debug|Any CPU
		{BED5F20A-CACF-437C-8A32-2A76D66A91C0}.AppStore|Mixed Platforms.ActiveCfg = Debug|Any CPU
		{BED5F20A-CACF-437C-8A32-2A76D66A91C0}.AppStore|Mixed Platforms.Build.0 = Debug|Any CPU
		{BED5F20A-CACF-437C-8A32-2A76D66A91C0}.AppStore|x86.ActiveCfg = Debug|Any CPU
		{BED5F20A-CACF-437C-8A32-2A76D66A91C0}.AppStore|x86.Build.0 = Debug|Any CPU
		{BED5F20A-CACF-437C-8A32-2A76D66A91C0}.Debug|Any CPU.ActiveCfg = Debug|Any CPU
		{BED5F20A-CACF-437C-8A32-2A76D66A91C0}.Debug|Any CPU.Build.0 = Debug|Any CPU
		{BED5F20A-CACF-437C-8A32-2A76D66A91C0}.Debug|ARM.ActiveCfg = Debug|Any CPU
		{BED5F20A-CACF-437C-8A32-2A76D66A91C0}.Debug|ARM.Build.0 = Debug|Any CPU
		{BED5F20A-CACF-437C-8A32-2A76D66A91C0}.Debug|iPhone.ActiveCfg = Debug|Any CPU
		{BED5F20A-CACF-437C-8A32-2A76D66A91C0}.Debug|iPhone.Build.0 = Debug|Any CPU
		{BED5F20A-CACF-437C-8A32-2A76D66A91C0}.Debug|iPhoneSimulator.ActiveCfg = Debug|Any CPU
		{BED5F20A-CACF-437C-8A32-2A76D66A91C0}.Debug|iPhoneSimulator.Build.0 = Debug|Any CPU
		{BED5F20A-CACF-437C-8A32-2A76D66A91C0}.Debug|Mixed Platforms.ActiveCfg = Debug|Any CPU
		{BED5F20A-CACF-437C-8A32-2A76D66A91C0}.Debug|Mixed Platforms.Build.0 = Debug|Any CPU
		{BED5F20A-CACF-437C-8A32-2A76D66A91C0}.Debug|x86.ActiveCfg = Debug|Any CPU
		{BED5F20A-CACF-437C-8A32-2A76D66A91C0}.Debug|x86.Build.0 = Debug|Any CPU
		{BED5F20A-CACF-437C-8A32-2A76D66A91C0}.Release|Any CPU.ActiveCfg = Release|Any CPU
		{BED5F20A-CACF-437C-8A32-2A76D66A91C0}.Release|Any CPU.Build.0 = Release|Any CPU
		{BED5F20A-CACF-437C-8A32-2A76D66A91C0}.Release|ARM.ActiveCfg = Release|Any CPU
		{BED5F20A-CACF-437C-8A32-2A76D66A91C0}.Release|ARM.Build.0 = Release|Any CPU
		{BED5F20A-CACF-437C-8A32-2A76D66A91C0}.Release|iPhone.ActiveCfg = Release|Any CPU
		{BED5F20A-CACF-437C-8A32-2A76D66A91C0}.Release|iPhone.Build.0 = Release|Any CPU
		{BED5F20A-CACF-437C-8A32-2A76D66A91C0}.Release|iPhoneSimulator.ActiveCfg = Release|Any CPU
		{BED5F20A-CACF-437C-8A32-2A76D66A91C0}.Release|iPhoneSimulator.Build.0 = Release|Any CPU
		{BED5F20A-CACF-437C-8A32-2A76D66A91C0}.Release|Mixed Platforms.ActiveCfg = Release|Any CPU
		{BED5F20A-CACF-437C-8A32-2A76D66A91C0}.Release|Mixed Platforms.Build.0 = Release|Any CPU
		{BED5F20A-CACF-437C-8A32-2A76D66A91C0}.Release|x86.ActiveCfg = Release|Any CPU
		{BED5F20A-CACF-437C-8A32-2A76D66A91C0}.Release|x86.Build.0 = Release|Any CPU
		{8829789F-08F2-4E88-AE5A-58F3952F778E}.Ad-Hoc|Any CPU.ActiveCfg = Debug|Any CPU
		{8829789F-08F2-4E88-AE5A-58F3952F778E}.Ad-Hoc|Any CPU.Build.0 = Debug|Any CPU
		{8829789F-08F2-4E88-AE5A-58F3952F778E}.Ad-Hoc|ARM.ActiveCfg = Debug|Any CPU
		{8829789F-08F2-4E88-AE5A-58F3952F778E}.Ad-Hoc|ARM.Build.0 = Debug|Any CPU
		{8829789F-08F2-4E88-AE5A-58F3952F778E}.Ad-Hoc|iPhone.ActiveCfg = Debug|Any CPU
		{8829789F-08F2-4E88-AE5A-58F3952F778E}.Ad-Hoc|iPhone.Build.0 = Debug|Any CPU
		{8829789F-08F2-4E88-AE5A-58F3952F778E}.Ad-Hoc|iPhoneSimulator.ActiveCfg = Debug|Any CPU
		{8829789F-08F2-4E88-AE5A-58F3952F778E}.Ad-Hoc|iPhoneSimulator.Build.0 = Debug|Any CPU
		{8829789F-08F2-4E88-AE5A-58F3952F778E}.Ad-Hoc|Mixed Platforms.ActiveCfg = Debug|Any CPU
		{8829789F-08F2-4E88-AE5A-58F3952F778E}.Ad-Hoc|Mixed Platforms.Build.0 = Debug|Any CPU
		{8829789F-08F2-4E88-AE5A-58F3952F778E}.Ad-Hoc|x86.ActiveCfg = Debug|Any CPU
		{8829789F-08F2-4E88-AE5A-58F3952F778E}.Ad-Hoc|x86.Build.0 = Debug|Any CPU
		{8829789F-08F2-4E88-AE5A-58F3952F778E}.AppStore|Any CPU.ActiveCfg = Debug|Any CPU
		{8829789F-08F2-4E88-AE5A-58F3952F778E}.AppStore|Any CPU.Build.0 = Debug|Any CPU
		{8829789F-08F2-4E88-AE5A-58F3952F778E}.AppStore|ARM.ActiveCfg = Debug|Any CPU
		{8829789F-08F2-4E88-AE5A-58F3952F778E}.AppStore|ARM.Build.0 = Debug|Any CPU
		{8829789F-08F2-4E88-AE5A-58F3952F778E}.AppStore|iPhone.ActiveCfg = Debug|Any CPU
		{8829789F-08F2-4E88-AE5A-58F3952F778E}.AppStore|iPhone.Build.0 = Debug|Any CPU
		{8829789F-08F2-4E88-AE5A-58F3952F778E}.AppStore|iPhoneSimulator.ActiveCfg = Debug|Any CPU
		{8829789F-08F2-4E88-AE5A-58F3952F778E}.AppStore|iPhoneSimulator.Build.0 = Debug|Any CPU
		{8829789F-08F2-4E88-AE5A-58F3952F778E}.AppStore|Mixed Platforms.ActiveCfg = Debug|Any CPU
		{8829789F-08F2-4E88-AE5A-58F3952F778E}.AppStore|Mixed Platforms.Build.0 = Debug|Any CPU
		{8829789F-08F2-4E88-AE5A-58F3952F778E}.AppStore|x86.ActiveCfg = Debug|Any CPU
		{8829789F-08F2-4E88-AE5A-58F3952F778E}.AppStore|x86.Build.0 = Debug|Any CPU
		{8829789F-08F2-4E88-AE5A-58F3952F778E}.Debug|Any CPU.ActiveCfg = Debug|Any CPU
		{8829789F-08F2-4E88-AE5A-58F3952F778E}.Debug|Any CPU.Build.0 = Debug|Any CPU
		{8829789F-08F2-4E88-AE5A-58F3952F778E}.Debug|ARM.ActiveCfg = Debug|Any CPU
		{8829789F-08F2-4E88-AE5A-58F3952F778E}.Debug|ARM.Build.0 = Debug|Any CPU
		{8829789F-08F2-4E88-AE5A-58F3952F778E}.Debug|iPhone.ActiveCfg = Debug|Any CPU
		{8829789F-08F2-4E88-AE5A-58F3952F778E}.Debug|iPhone.Build.0 = Debug|Any CPU
		{8829789F-08F2-4E88-AE5A-58F3952F778E}.Debug|iPhoneSimulator.ActiveCfg = Debug|Any CPU
		{8829789F-08F2-4E88-AE5A-58F3952F778E}.Debug|iPhoneSimulator.Build.0 = Debug|Any CPU
		{8829789F-08F2-4E88-AE5A-58F3952F778E}.Debug|Mixed Platforms.ActiveCfg = Debug|Any CPU
		{8829789F-08F2-4E88-AE5A-58F3952F778E}.Debug|Mixed Platforms.Build.0 = Debug|Any CPU
		{8829789F-08F2-4E88-AE5A-58F3952F778E}.Debug|x86.ActiveCfg = Debug|Any CPU
		{8829789F-08F2-4E88-AE5A-58F3952F778E}.Debug|x86.Build.0 = Debug|Any CPU
		{8829789F-08F2-4E88-AE5A-58F3952F778E}.Release|Any CPU.ActiveCfg = Release|Any CPU
		{8829789F-08F2-4E88-AE5A-58F3952F778E}.Release|Any CPU.Build.0 = Release|Any CPU
		{8829789F-08F2-4E88-AE5A-58F3952F778E}.Release|ARM.ActiveCfg = Release|Any CPU
		{8829789F-08F2-4E88-AE5A-58F3952F778E}.Release|ARM.Build.0 = Release|Any CPU
		{8829789F-08F2-4E88-AE5A-58F3952F778E}.Release|iPhone.ActiveCfg = Release|Any CPU
		{8829789F-08F2-4E88-AE5A-58F3952F778E}.Release|iPhone.Build.0 = Release|Any CPU
		{8829789F-08F2-4E88-AE5A-58F3952F778E}.Release|iPhoneSimulator.ActiveCfg = Release|Any CPU
		{8829789F-08F2-4E88-AE5A-58F3952F778E}.Release|iPhoneSimulator.Build.0 = Release|Any CPU
		{8829789F-08F2-4E88-AE5A-58F3952F778E}.Release|Mixed Platforms.ActiveCfg = Release|Any CPU
		{8829789F-08F2-4E88-AE5A-58F3952F778E}.Release|Mixed Platforms.Build.0 = Release|Any CPU
		{8829789F-08F2-4E88-AE5A-58F3952F778E}.Release|x86.ActiveCfg = Release|Any CPU
		{8829789F-08F2-4E88-AE5A-58F3952F778E}.Release|x86.Build.0 = Release|Any CPU
	EndGlobalSection
	GlobalSection(SolutionProperties) = preSolution
		HideSolutionNode = FALSE
	EndGlobalSection
	GlobalSection(NestedProjects) = preSolution
		{F3F357BD-C546-4659-9EF0-E2A655C7CF3F} = {CEFDE603-6CC3-4506-ADED-88AD1325A088}
		{84652856-F9D1-4128-8215-3F0A536DD4E3} = {CEFDE603-6CC3-4506-ADED-88AD1325A088}
		{7CCF7FA9-439B-49CC-9355-2D556200520F} = {257813F3-D462-4F91-8BCF-B35AAC0BB947}
		{D5C3A6FE-4CE0-4D6E-94E5-EA3544239DB8} = {257813F3-D462-4F91-8BCF-B35AAC0BB947}
		{BFAC7A6C-F7A5-4ACF-B664-D6D164497612} = {1A6967EE-07BE-4B36-8605-81D8CCDA86D0}
		{61983902-1DA2-4557-9DD9-4E116011548F} = {1A6967EE-07BE-4B36-8605-81D8CCDA86D0}
		{6B74C9AD-A050-41AD-8818-F8CCC53D7585} = {84652856-F9D1-4128-8215-3F0A536DD4E3}
		{13444F72-6149-4FEF-9B80-63C32F554C3D} = {84652856-F9D1-4128-8215-3F0A536DD4E3}
		{CADB50FC-5172-4B28-B9B2-1033279DC295} = {7CCF7FA9-439B-49CC-9355-2D556200520F}
		{59933087-F105-4939-8D3A-616AF3FC4E4A} = {84652856-F9D1-4128-8215-3F0A536DD4E3}
		{EB6639CD-36EC-438C-BBFB-A540C540D49E} = {D5C3A6FE-4CE0-4D6E-94E5-EA3544239DB8}
		{B705C1C2-D23C-423A-9309-A0B35FD630CE} = {BFAC7A6C-F7A5-4ACF-B664-D6D164497612}
		{D2C0B558-4B73-4AA0-889C-6B5B5C61EB86} = {BFAC7A6C-F7A5-4ACF-B664-D6D164497612}
		{25B95456-71C8-43AB-91CA-FFE4702A5C24} = {CEFDE603-6CC3-4506-ADED-88AD1325A088}
		{BE7169E5-B80F-4C27-B80D-CE56707BD411} = {61983902-1DA2-4557-9DD9-4E116011548F}
		{8829789F-08F2-4E88-AE5A-58F3952F778E} = {CEFDE603-6CC3-4506-ADED-88AD1325A088}
	EndGlobalSection
	GlobalSection(ExtensibilityGlobals) = postSolution
		SolutionGuid = {BFAA170A-0B61-4F91-99FD-C06ACB3E79BA}
	EndGlobalSection
EndGlobal
